// !$*UTF8*$!
{
	archiveVersion = 1;
	classes = {
	};
	objectVersion = 52;
	objects = {

/* Begin PBXBuildFile section */
		33CDD6EEF4359B1ECE3EF27D /* TestingTabConfigurator.swift in Sources */ = {isa = PBXBuildFile; fileRef = 4C5FB2D56D42AE63ECACE7BA /* TestingTabConfigurator.swift */; };
		43D5B1B704BAD9CB6A16B38C /* PushingPresenter.swift in Sources */ = {isa = PBXBuildFile; fileRef = 43F3D449EC16F46841D45E3F /* PushingPresenter.swift */; };
		454497D89935D01A09A06FBC /* SplashScreenData.swift in Sources */ = {isa = PBXBuildFile; fileRef = 90DC9551965756F9C90ACF5C /* SplashScreenData.swift */; };
		47F08D81BAB0760E08A9C632 /* PushingRouter.swift in Sources */ = {isa = PBXBuildFile; fileRef = 0D35DCADFCB5F972F4EA065C /* PushingRouter.swift */; };
		4DB7EF11479D0CFB9010CD3B /* PresentingData.swift in Sources */ = {isa = PBXBuildFile; fileRef = 88B49D20A835F9488E480EF6 /* PresentingData.swift */; };
		585A579DE12A3676D115169C /* SplashScreenRouter.swift in Sources */ = {isa = PBXBuildFile; fileRef = B9042CEBE7FEA453DDFC5ACC /* SplashScreenRouter.swift */; };
		69B17AFA204C930E84708C4F /* TestingTabRouter.swift in Sources */ = {isa = PBXBuildFile; fileRef = 4BC7A7383BEB76F1A0DDC157 /* TestingTabRouter.swift */; };
		6A0CAE158AAF6AF057202C38 /* PresentingPresenter.swift in Sources */ = {isa = PBXBuildFile; fileRef = 781392EE213215D5D2C8F236 /* PresentingPresenter.swift */; };
		713FA1EC04012AE37AB9B4F6 /* SplashScreenView.swift in Sources */ = {isa = PBXBuildFile; fileRef = 6FC4FADE8145A7CBBE4B7DD3 /* SplashScreenView.swift */; };
		7249F7FEA8AECCFC15500E08 /* TestingTabView.swift in Sources */ = {isa = PBXBuildFile; fileRef = 9EB6ED75D24A9F00113DFE30 /* TestingTabView.swift */; };
		79BC03966361B1914FF0C021 /* PresentingConfigurator.swift in Sources */ = {isa = PBXBuildFile; fileRef = BC6179B70EC5286EC16AD2DF /* PresentingConfigurator.swift */; };
		7A43142D2F7A802175715521 /* TestingTabData.swift in Sources */ = {isa = PBXBuildFile; fileRef = 782F23E198D6A7928F599AA2 /* TestingTabData.swift */; };
		917C028EF4C6B83E9D4C0C5F /* PushingView.swift in Sources */ = {isa = PBXBuildFile; fileRef = CEEDEE96E0581EA32810FCB5 /* PushingView.swift */; };
		9A08BCCE2502585D00268128 /* ListModels.swift in Sources */ = {isa = PBXBuildFile; fileRef = 9A08BCCD2502585D00268128 /* ListModels.swift */; };
		9A08BCD0250266A600268128 /* FilmDetailsView.swift in Sources */ = {isa = PBXBuildFile; fileRef = 9A08BCCF250266A600268128 /* FilmDetailsView.swift */; };
		9A08BCD2250266E800268128 /* NetworkImage.swift in Sources */ = {isa = PBXBuildFile; fileRef = 9A08BCD1250266E800268128 /* NetworkImage.swift */; };
		9A08BCD5250268CE00268128 /* KingfisherSwiftUI in Frameworks */ = {isa = PBXBuildFile; productRef = 9A08BCD4250268CE00268128 /* KingfisherSwiftUI */; };
		9A08BCE82506030E00268128 /* SpinnerView.swift in Sources */ = {isa = PBXBuildFile; fileRef = 9A08BCE72506030E00268128 /* SpinnerView.swift */; };
		9A08BCEE250621E600268128 /* View+Extensions.swift in Sources */ = {isa = PBXBuildFile; fileRef = 9A08BCED250621E600268128 /* View+Extensions.swift */; };
		9A08BD052506637100268128 /* FilmsListConfigurator.swift in Sources */ = {isa = PBXBuildFile; fileRef = 9A08BD042506637100268128 /* FilmsListConfigurator.swift */; };
		9A08BD092506688200268128 /* FilmsListPresenter.swift in Sources */ = {isa = PBXBuildFile; fileRef = 9A08BD082506688200268128 /* FilmsListPresenter.swift */; };
		9A08BD0B2506740800268128 /* ContainerView.swift in Sources */ = {isa = PBXBuildFile; fileRef = 9A08BD0A2506740800268128 /* ContainerView.swift */; };
		9A08BD0F250743E000268128 /* GetFilmsUseCase.swift in Sources */ = {isa = PBXBuildFile; fileRef = 9A08BD0E250743E000268128 /* GetFilmsUseCase.swift */; };
		9A08BD12250743F300268128 /* NetworkHelper.swift in Sources */ = {isa = PBXBuildFile; fileRef = 9A08BD10250743F300268128 /* NetworkHelper.swift */; };
		9A08BD13250743F300268128 /* FilmsRequest.swift in Sources */ = {isa = PBXBuildFile; fileRef = 9A08BD11250743F300268128 /* FilmsRequest.swift */; };
		9A08BD16250744BB00268128 /* Moya in Frameworks */ = {isa = PBXBuildFile; productRef = 9A08BD15250744BB00268128 /* Moya */; };
		9A08BD192507566F00268128 /* FilmsListData.swift in Sources */ = {isa = PBXBuildFile; fileRef = 9A08BD182507566F00268128 /* FilmsListData.swift */; };
		9A08BD1E25075D4C00268128 /* ContainerPresenter.swift in Sources */ = {isa = PBXBuildFile; fileRef = 9A08BD1D25075D4C00268128 /* ContainerPresenter.swift */; };
		9A08BD23250763DE00268128 /* FilmDetailsConfigurator.swift in Sources */ = {isa = PBXBuildFile; fileRef = 9A08BD22250763DE00268128 /* FilmDetailsConfigurator.swift */; };
		9A08BD272507644000268128 /* FilmDetailsPresenter.swift in Sources */ = {isa = PBXBuildFile; fileRef = 9A08BD262507644000268128 /* FilmDetailsPresenter.swift */; };
		9A13B1A42514B19200889884 /* FilmImageView.swift in Sources */ = {isa = PBXBuildFile; fileRef = 9A13B1A32514B19200889884 /* FilmImageView.swift */; };
		9A13B1A62514B26400889884 /* FilmInfoView.swift in Sources */ = {isa = PBXBuildFile; fileRef = 9A13B1A52514B26400889884 /* FilmInfoView.swift */; };
		9A13B1AC2514B59000889884 /* GenresView.swift in Sources */ = {isa = PBXBuildFile; fileRef = 9A13B1AB2514B59000889884 /* GenresView.swift */; };
		9A13B1AF2515E2F900889884 /* GenreView.swift in Sources */ = {isa = PBXBuildFile; fileRef = 9A13B1AE2515E2F900889884 /* GenreView.swift */; };
		9A1E42C9E851828EDD90789A /* PresentingRouter.swift in Sources */ = {isa = PBXBuildFile; fileRef = A19C8B90F47E7E0B5C428AAE /* PresentingRouter.swift */; };
		9A4AABD824F9325D009E1817 /* AppDelegate.swift in Sources */ = {isa = PBXBuildFile; fileRef = 9A4AABD724F9325D009E1817 /* AppDelegate.swift */; };
		9A4AABDA24F9325D009E1817 /* SceneDelegate.swift in Sources */ = {isa = PBXBuildFile; fileRef = 9A4AABD924F9325D009E1817 /* SceneDelegate.swift */; };
		9A4AABDE24F93261009E1817 /* Assets.xcassets in Resources */ = {isa = PBXBuildFile; fileRef = 9A4AABDD24F93261009E1817 /* Assets.xcassets */; };
		9A4AABE124F93261009E1817 /* Preview Assets.xcassets in Resources */ = {isa = PBXBuildFile; fileRef = 9A4AABE024F93261009E1817 /* Preview Assets.xcassets */; };
		9A4AABE424F93261009E1817 /* LaunchScreen.storyboard in Resources */ = {isa = PBXBuildFile; fileRef = 9A4AABE224F93261009E1817 /* LaunchScreen.storyboard */; };
		9A4AABF224F9339E009E1817 /* Text+Extensions.swift in Sources */ = {isa = PBXBuildFile; fileRef = 9A4AABF124F9339E009E1817 /* Text+Extensions.swift */; };
		9A4AABF424F9347A009E1817 /* Localizable.strings in Resources */ = {isa = PBXBuildFile; fileRef = 9A4AABF324F9347A009E1817 /* Localizable.strings */; };
		9A4AAC0324F9397D009E1817 /* Film.swift in Sources */ = {isa = PBXBuildFile; fileRef = 9A4AAC0224F9397D009E1817 /* Film.swift */; };
		9A4AAC0A24F93DD3009E1817 /* FilmsListView.swift in Sources */ = {isa = PBXBuildFile; fileRef = 9A4AAC0924F93DD3009E1817 /* FilmsListView.swift */; };
		9A4AAC0D24F93E11009E1817 /* FilmCellView.swift in Sources */ = {isa = PBXBuildFile; fileRef = 9A4AAC0C24F93E11009E1817 /* FilmCellView.swift */; };
		9A4AAC0F24F93E2F009E1817 /* YearHeaderView.swift in Sources */ = {isa = PBXBuildFile; fileRef = 9A4AAC0E24F93E2F009E1817 /* YearHeaderView.swift */; };
		9A4AAC1224F94025009E1817 /* FilmModel.swift in Sources */ = {isa = PBXBuildFile; fileRef = 9A4AAC1124F94025009E1817 /* FilmModel.swift */; };
		9A4C64602509096900D6A67A /* FilmsListRouter.swift in Sources */ = {isa = PBXBuildFile; fileRef = 9A4C645F2509096900D6A67A /* FilmsListRouter.swift */; };
		9A52663B251B9FD700C98DF6 /* FilmsTableView.swift in Sources */ = {isa = PBXBuildFile; fileRef = 9A52663A251B9FD700C98DF6 /* FilmsTableView.swift */; };
		9A5FDD36251072E8000BE3D8 /* FilmDetailsData.swift in Sources */ = {isa = PBXBuildFile; fileRef = 9A5FDD35251072E8000BE3D8 /* FilmDetailsData.swift */; };
		9A5FDD38251075E0000BE3D8 /* FilmDetailsRouter.swift in Sources */ = {isa = PBXBuildFile; fileRef = 9A5FDD37251075E0000BE3D8 /* FilmDetailsRouter.swift */; };
		9A622EEA2536DFC40056FEFB /* TestModulePresenter.swift in Sources */ = {isa = PBXBuildFile; fileRef = 9A622EE12536DFC40056FEFB /* TestModulePresenter.swift */; };
		9A622EEB2536DFC40056FEFB /* TestModuleView.swift in Sources */ = {isa = PBXBuildFile; fileRef = 9A622EE32536DFC40056FEFB /* TestModuleView.swift */; };
		9A622EEC2536DFC40056FEFB /* TestModuleConfigurator.swift in Sources */ = {isa = PBXBuildFile; fileRef = 9A622EE52536DFC40056FEFB /* TestModuleConfigurator.swift */; };
		9A622EED2536DFC40056FEFB /* TestModuleData.swift in Sources */ = {isa = PBXBuildFile; fileRef = 9A622EE72536DFC40056FEFB /* TestModuleData.swift */; };
		9A622EEE2536DFC40056FEFB /* TestModuleRouter.swift in Sources */ = {isa = PBXBuildFile; fileRef = 9A622EE92536DFC40056FEFB /* TestModuleRouter.swift */; };
		9A622F0E2538638C0056FEFB /* FillSpinnerView.swift in Sources */ = {isa = PBXBuildFile; fileRef = 9A622F0D2538638B0056FEFB /* FillSpinnerView.swift */; };
		9A622F1A25386D440056FEFB /* ErrorView.swift in Sources */ = {isa = PBXBuildFile; fileRef = 9A622F1925386D440056FEFB /* ErrorView.swift */; };
		9A68FEF725347E3600AD7B22 /* TabBarConfigurator.swift in Sources */ = {isa = PBXBuildFile; fileRef = 9A68FEF625347E3600AD7B22 /* TabBarConfigurator.swift */; };
		9A68FF112534DC6800AD7B22 /* Container.swift in Sources */ = {isa = PBXBuildFile; fileRef = 9A68FF102534DC6800AD7B22 /* Container.swift */; };
		9A741B6C252A11F600DD094E /* loading.json in Resources */ = {isa = PBXBuildFile; fileRef = 9A741B6B252A11F600DD094E /* loading.json */; };
		9A741B71252A136D00DD094E /* Array+Extensions.swift in Sources */ = {isa = PBXBuildFile; fileRef = 9A741B70252A136D00DD094E /* Array+Extensions.swift */; };
		9A91A77A252CB333001A249A /* RouterTests.swift in Sources */ = {isa = PBXBuildFile; fileRef = 9A91A779252CB333001A249A /* RouterTests.swift */; };
		9A92B2F525317FEA0018C68E /* Presentable.swift in Sources */ = {isa = PBXBuildFile; fileRef = 9A92B2F425317FEA0018C68E /* Presentable.swift */; };
		9A92B2F9253180110018C68E /* Presenter.swift in Sources */ = {isa = PBXBuildFile; fileRef = 9A92B2F8253180110018C68E /* Presenter.swift */; };
		9A92B2FD253180340018C68E /* Configurator.swift in Sources */ = {isa = PBXBuildFile; fileRef = 9A92B2FC253180340018C68E /* Configurator.swift */; };
		9A92B301253180520018C68E /* Configurable.swift in Sources */ = {isa = PBXBuildFile; fileRef = 9A92B300253180520018C68E /* Configurable.swift */; };
		9A92B3052531806A0018C68E /* Router.swift in Sources */ = {isa = PBXBuildFile; fileRef = 9A92B3042531806A0018C68E /* Router.swift */; };
		9A92B309253180850018C68E /* TabBarItem.swift in Sources */ = {isa = PBXBuildFile; fileRef = 9A92B308253180850018C68E /* TabBarItem.swift */; };
		9A92B3362531C3400018C68E /* TabBarItemImpl.swift in Sources */ = {isa = PBXBuildFile; fileRef = 9A92B3352531C3400018C68E /* TabBarItemImpl.swift */; };
		9ACDE0E0252A031700C4A7F3 /* Lottie in Frameworks */ = {isa = PBXBuildFile; productRef = 9ACDE0DF252A031700C4A7F3 /* Lottie */; };
		9ACDE0E5252A032500C4A7F3 /* LottieView.swift in Sources */ = {isa = PBXBuildFile; fileRef = 9ACDE0E4252A032500C4A7F3 /* LottieView.swift */; };
		9C87EDB2DD6885D673C9C611 /* PushingData.swift in Sources */ = {isa = PBXBuildFile; fileRef = BE30E0AA3FDBB4022A65A5D8 /* PushingData.swift */; };
		B01B3FA01F4F3B8BCE395826 /* TestingTabPresenter.swift in Sources */ = {isa = PBXBuildFile; fileRef = 14D83F3E2C4B79FCDF8EB28B /* TestingTabPresenter.swift */; };
		B98BC6C77C49FAEF705D1112 /* PresentingView.swift in Sources */ = {isa = PBXBuildFile; fileRef = 62ACE12092848B2837E6C2DA /* PresentingView.swift */; };
		BDD751362909B5494B3FA8F3 /* PushingConfigurator.swift in Sources */ = {isa = PBXBuildFile; fileRef = EAF83F35D4DFD020F85E53C7 /* PushingConfigurator.swift */; };
		D10791041151747D4FAC1934 /* SplashScreenConfigurator.swift in Sources */ = {isa = PBXBuildFile; fileRef = FAE163B4CB6CB9F7D5063D81 /* SplashScreenConfigurator.swift */; };
		E26BD22FC0353C507F92C7EF /* SplashScreenPresenter.swift in Sources */ = {isa = PBXBuildFile; fileRef = 14C8C10984D148CB925E34C3 /* SplashScreenPresenter.swift */; };
/* End PBXBuildFile section */

/* Begin PBXContainerItemProxy section */
		9AB1223E2519D46500A300D7 /* PBXContainerItemProxy */ = {
			isa = PBXContainerItemProxy;
			containerPortal = 9A4AABCC24F9325D009E1817 /* Project object */;
			proxyType = 1;
			remoteGlobalIDString = 9A4AABD324F9325D009E1817;
			remoteInfo = FilmsAppSUI;
		};
/* End PBXContainerItemProxy section */

/* Begin PBXFileReference section */
		0D35DCADFCB5F972F4EA065C /* PushingRouter.swift */ = {isa = PBXFileReference; includeInIndex = 1; lastKnownFileType = sourcecode.swift; path = PushingRouter.swift; sourceTree = "<group>"; };
		14C8C10984D148CB925E34C3 /* SplashScreenPresenter.swift */ = {isa = PBXFileReference; includeInIndex = 1; lastKnownFileType = sourcecode.swift; path = SplashScreenPresenter.swift; sourceTree = "<group>"; };
		14D83F3E2C4B79FCDF8EB28B /* TestingTabPresenter.swift */ = {isa = PBXFileReference; includeInIndex = 1; lastKnownFileType = sourcecode.swift; path = TestingTabPresenter.swift; sourceTree = "<group>"; };
		43F3D449EC16F46841D45E3F /* PushingPresenter.swift */ = {isa = PBXFileReference; includeInIndex = 1; lastKnownFileType = sourcecode.swift; path = PushingPresenter.swift; sourceTree = "<group>"; };
		4BC7A7383BEB76F1A0DDC157 /* TestingTabRouter.swift */ = {isa = PBXFileReference; includeInIndex = 1; lastKnownFileType = sourcecode.swift; path = TestingTabRouter.swift; sourceTree = "<group>"; };
		4C5FB2D56D42AE63ECACE7BA /* TestingTabConfigurator.swift */ = {isa = PBXFileReference; includeInIndex = 1; lastKnownFileType = sourcecode.swift; path = TestingTabConfigurator.swift; sourceTree = "<group>"; };
		62ACE12092848B2837E6C2DA /* PresentingView.swift */ = {isa = PBXFileReference; includeInIndex = 1; lastKnownFileType = sourcecode.swift; path = PresentingView.swift; sourceTree = "<group>"; };
		6FC4FADE8145A7CBBE4B7DD3 /* SplashScreenView.swift */ = {isa = PBXFileReference; includeInIndex = 1; lastKnownFileType = sourcecode.swift; path = SplashScreenView.swift; sourceTree = "<group>"; };
		781392EE213215D5D2C8F236 /* PresentingPresenter.swift */ = {isa = PBXFileReference; includeInIndex = 1; lastKnownFileType = sourcecode.swift; path = PresentingPresenter.swift; sourceTree = "<group>"; };
		782F23E198D6A7928F599AA2 /* TestingTabData.swift */ = {isa = PBXFileReference; includeInIndex = 1; lastKnownFileType = sourcecode.swift; path = TestingTabData.swift; sourceTree = "<group>"; };
		88B49D20A835F9488E480EF6 /* PresentingData.swift */ = {isa = PBXFileReference; includeInIndex = 1; lastKnownFileType = sourcecode.swift; path = PresentingData.swift; sourceTree = "<group>"; };
		90DC9551965756F9C90ACF5C /* SplashScreenData.swift */ = {isa = PBXFileReference; includeInIndex = 1; lastKnownFileType = sourcecode.swift; path = SplashScreenData.swift; sourceTree = "<group>"; };
		9A08BCCD2502585D00268128 /* ListModels.swift */ = {isa = PBXFileReference; lastKnownFileType = sourcecode.swift; path = ListModels.swift; sourceTree = "<group>"; };
		9A08BCCF250266A600268128 /* FilmDetailsView.swift */ = {isa = PBXFileReference; lastKnownFileType = sourcecode.swift; path = FilmDetailsView.swift; sourceTree = "<group>"; };
		9A08BCD1250266E800268128 /* NetworkImage.swift */ = {isa = PBXFileReference; lastKnownFileType = sourcecode.swift; path = NetworkImage.swift; sourceTree = "<group>"; };
		9A08BCE72506030E00268128 /* SpinnerView.swift */ = {isa = PBXFileReference; fileEncoding = 4; lastKnownFileType = sourcecode.swift; path = SpinnerView.swift; sourceTree = "<group>"; };
		9A08BCED250621E600268128 /* View+Extensions.swift */ = {isa = PBXFileReference; lastKnownFileType = sourcecode.swift; path = "View+Extensions.swift"; sourceTree = "<group>"; };
		9A08BD042506637100268128 /* FilmsListConfigurator.swift */ = {isa = PBXFileReference; lastKnownFileType = sourcecode.swift; path = FilmsListConfigurator.swift; sourceTree = "<group>"; };
		9A08BD082506688200268128 /* FilmsListPresenter.swift */ = {isa = PBXFileReference; lastKnownFileType = sourcecode.swift; path = FilmsListPresenter.swift; sourceTree = "<group>"; };
		9A08BD0A2506740800268128 /* ContainerView.swift */ = {isa = PBXFileReference; lastKnownFileType = sourcecode.swift; path = ContainerView.swift; sourceTree = "<group>"; };
		9A08BD0E250743E000268128 /* GetFilmsUseCase.swift */ = {isa = PBXFileReference; fileEncoding = 4; lastKnownFileType = sourcecode.swift; path = GetFilmsUseCase.swift; sourceTree = "<group>"; };
		9A08BD10250743F300268128 /* NetworkHelper.swift */ = {isa = PBXFileReference; fileEncoding = 4; lastKnownFileType = sourcecode.swift; path = NetworkHelper.swift; sourceTree = "<group>"; };
		9A08BD11250743F300268128 /* FilmsRequest.swift */ = {isa = PBXFileReference; fileEncoding = 4; lastKnownFileType = sourcecode.swift; path = FilmsRequest.swift; sourceTree = "<group>"; };
		9A08BD182507566F00268128 /* FilmsListData.swift */ = {isa = PBXFileReference; lastKnownFileType = sourcecode.swift; path = FilmsListData.swift; sourceTree = "<group>"; };
		9A08BD1D25075D4C00268128 /* ContainerPresenter.swift */ = {isa = PBXFileReference; lastKnownFileType = sourcecode.swift; path = ContainerPresenter.swift; sourceTree = "<group>"; };
		9A08BD22250763DE00268128 /* FilmDetailsConfigurator.swift */ = {isa = PBXFileReference; lastKnownFileType = sourcecode.swift; path = FilmDetailsConfigurator.swift; sourceTree = "<group>"; };
		9A08BD262507644000268128 /* FilmDetailsPresenter.swift */ = {isa = PBXFileReference; lastKnownFileType = sourcecode.swift; path = FilmDetailsPresenter.swift; sourceTree = "<group>"; };
		9A13B1A32514B19200889884 /* FilmImageView.swift */ = {isa = PBXFileReference; lastKnownFileType = sourcecode.swift; path = FilmImageView.swift; sourceTree = "<group>"; };
		9A13B1A52514B26400889884 /* FilmInfoView.swift */ = {isa = PBXFileReference; lastKnownFileType = sourcecode.swift; path = FilmInfoView.swift; sourceTree = "<group>"; };
		9A13B1AB2514B59000889884 /* GenresView.swift */ = {isa = PBXFileReference; lastKnownFileType = sourcecode.swift; path = GenresView.swift; sourceTree = "<group>"; };
		9A13B1AE2515E2F900889884 /* GenreView.swift */ = {isa = PBXFileReference; lastKnownFileType = sourcecode.swift; path = GenreView.swift; sourceTree = "<group>"; };
		9A4AABD424F9325D009E1817 /* FilmsAppSUI.app */ = {isa = PBXFileReference; explicitFileType = wrapper.application; includeInIndex = 0; path = FilmsAppSUI.app; sourceTree = BUILT_PRODUCTS_DIR; };
		9A4AABD724F9325D009E1817 /* AppDelegate.swift */ = {isa = PBXFileReference; lastKnownFileType = sourcecode.swift; path = AppDelegate.swift; sourceTree = "<group>"; };
		9A4AABD924F9325D009E1817 /* SceneDelegate.swift */ = {isa = PBXFileReference; lastKnownFileType = sourcecode.swift; path = SceneDelegate.swift; sourceTree = "<group>"; };
		9A4AABDD24F93261009E1817 /* Assets.xcassets */ = {isa = PBXFileReference; lastKnownFileType = folder.assetcatalog; path = Assets.xcassets; sourceTree = "<group>"; };
		9A4AABE024F93261009E1817 /* Preview Assets.xcassets */ = {isa = PBXFileReference; lastKnownFileType = folder.assetcatalog; path = "Preview Assets.xcassets"; sourceTree = "<group>"; };
		9A4AABE324F93261009E1817 /* Base */ = {isa = PBXFileReference; lastKnownFileType = file.storyboard; name = Base; path = Base.lproj/LaunchScreen.storyboard; sourceTree = "<group>"; };
		9A4AABE524F93261009E1817 /* Info.plist */ = {isa = PBXFileReference; lastKnownFileType = text.plist.xml; path = Info.plist; sourceTree = "<group>"; };
		9A4AABF124F9339E009E1817 /* Text+Extensions.swift */ = {isa = PBXFileReference; lastKnownFileType = sourcecode.swift; path = "Text+Extensions.swift"; sourceTree = "<group>"; };
		9A4AABF324F9347A009E1817 /* Localizable.strings */ = {isa = PBXFileReference; lastKnownFileType = text.plist.strings; path = Localizable.strings; sourceTree = "<group>"; };
		9A4AAC0224F9397D009E1817 /* Film.swift */ = {isa = PBXFileReference; lastKnownFileType = sourcecode.swift; path = Film.swift; sourceTree = "<group>"; };
		9A4AAC0924F93DD3009E1817 /* FilmsListView.swift */ = {isa = PBXFileReference; lastKnownFileType = sourcecode.swift; path = FilmsListView.swift; sourceTree = "<group>"; };
		9A4AAC0C24F93E11009E1817 /* FilmCellView.swift */ = {isa = PBXFileReference; lastKnownFileType = sourcecode.swift; path = FilmCellView.swift; sourceTree = "<group>"; };
		9A4AAC0E24F93E2F009E1817 /* YearHeaderView.swift */ = {isa = PBXFileReference; lastKnownFileType = sourcecode.swift; path = YearHeaderView.swift; sourceTree = "<group>"; };
		9A4AAC1124F94025009E1817 /* FilmModel.swift */ = {isa = PBXFileReference; lastKnownFileType = sourcecode.swift; path = FilmModel.swift; sourceTree = "<group>"; };
		9A4C645F2509096900D6A67A /* FilmsListRouter.swift */ = {isa = PBXFileReference; lastKnownFileType = sourcecode.swift; path = FilmsListRouter.swift; sourceTree = "<group>"; };
		9A52663A251B9FD700C98DF6 /* FilmsTableView.swift */ = {isa = PBXFileReference; lastKnownFileType = sourcecode.swift; path = FilmsTableView.swift; sourceTree = "<group>"; };
		9A5FDD35251072E8000BE3D8 /* FilmDetailsData.swift */ = {isa = PBXFileReference; lastKnownFileType = sourcecode.swift; path = FilmDetailsData.swift; sourceTree = "<group>"; };
		9A5FDD37251075E0000BE3D8 /* FilmDetailsRouter.swift */ = {isa = PBXFileReference; lastKnownFileType = sourcecode.swift; path = FilmDetailsRouter.swift; sourceTree = "<group>"; };
		9A622EE12536DFC40056FEFB /* TestModulePresenter.swift */ = {isa = PBXFileReference; fileEncoding = 4; lastKnownFileType = sourcecode.swift; path = TestModulePresenter.swift; sourceTree = "<group>"; };
		9A622EE32536DFC40056FEFB /* TestModuleView.swift */ = {isa = PBXFileReference; fileEncoding = 4; lastKnownFileType = sourcecode.swift; path = TestModuleView.swift; sourceTree = "<group>"; };
		9A622EE52536DFC40056FEFB /* TestModuleConfigurator.swift */ = {isa = PBXFileReference; fileEncoding = 4; lastKnownFileType = sourcecode.swift; path = TestModuleConfigurator.swift; sourceTree = "<group>"; };
		9A622EE72536DFC40056FEFB /* TestModuleData.swift */ = {isa = PBXFileReference; fileEncoding = 4; lastKnownFileType = sourcecode.swift; path = TestModuleData.swift; sourceTree = "<group>"; };
		9A622EE92536DFC40056FEFB /* TestModuleRouter.swift */ = {isa = PBXFileReference; fileEncoding = 4; lastKnownFileType = sourcecode.swift; path = TestModuleRouter.swift; sourceTree = "<group>"; };
		9A622F0D2538638B0056FEFB /* FillSpinnerView.swift */ = {isa = PBXFileReference; lastKnownFileType = sourcecode.swift; path = FillSpinnerView.swift; sourceTree = "<group>"; };
		9A622F1925386D440056FEFB /* ErrorView.swift */ = {isa = PBXFileReference; lastKnownFileType = sourcecode.swift; path = ErrorView.swift; sourceTree = "<group>"; };
		9A68FEF625347E3600AD7B22 /* TabBarConfigurator.swift */ = {isa = PBXFileReference; lastKnownFileType = sourcecode.swift; path = TabBarConfigurator.swift; sourceTree = "<group>"; };
		9A68FF102534DC6800AD7B22 /* Container.swift */ = {isa = PBXFileReference; lastKnownFileType = sourcecode.swift; path = Container.swift; sourceTree = "<group>"; };
		9A741B6B252A11F600DD094E /* loading.json */ = {isa = PBXFileReference; fileEncoding = 4; lastKnownFileType = text.json; path = loading.json; sourceTree = "<group>"; };
		9A741B70252A136D00DD094E /* Array+Extensions.swift */ = {isa = PBXFileReference; lastKnownFileType = sourcecode.swift; path = "Array+Extensions.swift"; sourceTree = "<group>"; };
		9A91A779252CB333001A249A /* RouterTests.swift */ = {isa = PBXFileReference; lastKnownFileType = sourcecode.swift; path = RouterTests.swift; sourceTree = "<group>"; };
		9A92B2F425317FEA0018C68E /* Presentable.swift */ = {isa = PBXFileReference; lastKnownFileType = sourcecode.swift; path = Presentable.swift; sourceTree = "<group>"; };
		9A92B2F8253180110018C68E /* Presenter.swift */ = {isa = PBXFileReference; lastKnownFileType = sourcecode.swift; path = Presenter.swift; sourceTree = "<group>"; };
		9A92B2FC253180340018C68E /* Configurator.swift */ = {isa = PBXFileReference; lastKnownFileType = sourcecode.swift; path = Configurator.swift; sourceTree = "<group>"; };
		9A92B300253180520018C68E /* Configurable.swift */ = {isa = PBXFileReference; lastKnownFileType = sourcecode.swift; path = Configurable.swift; sourceTree = "<group>"; };
		9A92B3042531806A0018C68E /* Router.swift */ = {isa = PBXFileReference; lastKnownFileType = sourcecode.swift; path = Router.swift; sourceTree = "<group>"; };
		9A92B308253180850018C68E /* TabBarItem.swift */ = {isa = PBXFileReference; lastKnownFileType = sourcecode.swift; path = TabBarItem.swift; sourceTree = "<group>"; };
		9A92B3352531C3400018C68E /* TabBarItemImpl.swift */ = {isa = PBXFileReference; lastKnownFileType = sourcecode.swift; path = TabBarItemImpl.swift; sourceTree = "<group>"; };
		9AB122392519D46500A300D7 /* FilmsAppSUITests.xctest */ = {isa = PBXFileReference; explicitFileType = wrapper.cfbundle; includeInIndex = 0; path = FilmsAppSUITests.xctest; sourceTree = BUILT_PRODUCTS_DIR; };
		9AB1223D2519D46500A300D7 /* Info.plist */ = {isa = PBXFileReference; lastKnownFileType = text.plist.xml; path = Info.plist; sourceTree = "<group>"; };
		9ACDE0E4252A032500C4A7F3 /* LottieView.swift */ = {isa = PBXFileReference; lastKnownFileType = sourcecode.swift; path = LottieView.swift; sourceTree = "<group>"; };
		9EB6ED75D24A9F00113DFE30 /* TestingTabView.swift */ = {isa = PBXFileReference; includeInIndex = 1; lastKnownFileType = sourcecode.swift; path = TestingTabView.swift; sourceTree = "<group>"; };
		A19C8B90F47E7E0B5C428AAE /* PresentingRouter.swift */ = {isa = PBXFileReference; includeInIndex = 1; lastKnownFileType = sourcecode.swift; path = PresentingRouter.swift; sourceTree = "<group>"; };
		B9042CEBE7FEA453DDFC5ACC /* SplashScreenRouter.swift */ = {isa = PBXFileReference; includeInIndex = 1; lastKnownFileType = sourcecode.swift; path = SplashScreenRouter.swift; sourceTree = "<group>"; };
		BC6179B70EC5286EC16AD2DF /* PresentingConfigurator.swift */ = {isa = PBXFileReference; includeInIndex = 1; lastKnownFileType = sourcecode.swift; path = PresentingConfigurator.swift; sourceTree = "<group>"; };
		BE30E0AA3FDBB4022A65A5D8 /* PushingData.swift */ = {isa = PBXFileReference; includeInIndex = 1; lastKnownFileType = sourcecode.swift; path = PushingData.swift; sourceTree = "<group>"; };
		CEEDEE96E0581EA32810FCB5 /* PushingView.swift */ = {isa = PBXFileReference; includeInIndex = 1; lastKnownFileType = sourcecode.swift; path = PushingView.swift; sourceTree = "<group>"; };
		EAF83F35D4DFD020F85E53C7 /* PushingConfigurator.swift */ = {isa = PBXFileReference; includeInIndex = 1; lastKnownFileType = sourcecode.swift; path = PushingConfigurator.swift; sourceTree = "<group>"; };
		FAE163B4CB6CB9F7D5063D81 /* SplashScreenConfigurator.swift */ = {isa = PBXFileReference; includeInIndex = 1; lastKnownFileType = sourcecode.swift; path = SplashScreenConfigurator.swift; sourceTree = "<group>"; };
/* End PBXFileReference section */

/* Begin PBXFrameworksBuildPhase section */
		9A4AABD124F9325D009E1817 /* Frameworks */ = {
			isa = PBXFrameworksBuildPhase;
			buildActionMask = 2147483647;
			files = (
				9A08BCD5250268CE00268128 /* KingfisherSwiftUI in Frameworks */,
				9A08BD16250744BB00268128 /* Moya in Frameworks */,
				9ACDE0E0252A031700C4A7F3 /* Lottie in Frameworks */,
			);
			runOnlyForDeploymentPostprocessing = 0;
		};
		9AB122362519D46500A300D7 /* Frameworks */ = {
			isa = PBXFrameworksBuildPhase;
			buildActionMask = 2147483647;
			files = (
			);
			runOnlyForDeploymentPostprocessing = 0;
		};
/* End PBXFrameworksBuildPhase section */

/* Begin PBXGroup section */
		08544705ED2920E34CAF4630 /* View */ = {
			isa = PBXGroup;
			children = (
				9EB6ED75D24A9F00113DFE30 /* TestingTabView.swift */,
			);
			path = View;
			sourceTree = "<group>";
		};
		092291EF415EF4A0692ECEC4 /* Data */ = {
			isa = PBXGroup;
			children = (
				90DC9551965756F9C90ACF5C /* SplashScreenData.swift */,
			);
			path = Data;
			sourceTree = "<group>";
		};
		163FE8A9B2F934AC4248A847 /* Pushing */ = {
			isa = PBXGroup;
			children = (
				C4D2A41587A0E6059E82537E /* View */,
				D11D715FD530359FF2D0ECCF /* Presenter */,
				400E0CFD2A0AC74622650A3B /* Router */,
				4DD56330BA5C55985EE45681 /* Configurator */,
				A8BEAF4050ED061AA1A691EC /* Data */,
			);
			path = Pushing;
			sourceTree = "<group>";
		};
		2CFE4B506E3F83C1EEE818D4 /* Router */ = {
			isa = PBXGroup;
			children = (
				B9042CEBE7FEA453DDFC5ACC /* SplashScreenRouter.swift */,
			);
			path = Router;
			sourceTree = "<group>";
		};
		400E0CFD2A0AC74622650A3B /* Router */ = {
			isa = PBXGroup;
			children = (
				0D35DCADFCB5F972F4EA065C /* PushingRouter.swift */,
			);
			path = Router;
			sourceTree = "<group>";
		};
		4235387B0A57E97BA56EB9B9 /* Configurator */ = {
			isa = PBXGroup;
			children = (
				4C5FB2D56D42AE63ECACE7BA /* TestingTabConfigurator.swift */,
			);
			path = Configurator;
			sourceTree = "<group>";
		};
		4DD56330BA5C55985EE45681 /* Configurator */ = {
			isa = PBXGroup;
			children = (
				EAF83F35D4DFD020F85E53C7 /* PushingConfigurator.swift */,
			);
			path = Configurator;
			sourceTree = "<group>";
		};
		581C8E63F55D28CAD4F2C0F5 /* Presenting */ = {
			isa = PBXGroup;
			children = (
				B74DB15D51C4A927A3C708F0 /* View */,
				D8F2779EC8F61BEF109C3B76 /* Presenter */,
				719FBDCBF0F9C202D1C2EB45 /* Router */,
				79152388F201F9941594788E /* Configurator */,
				62CBA2812B646DD6C88687B2 /* Data */,
			);
			path = Presenting;
			sourceTree = "<group>";
		};
		62CBA2812B646DD6C88687B2 /* Data */ = {
			isa = PBXGroup;
			children = (
				88B49D20A835F9488E480EF6 /* PresentingData.swift */,
			);
			path = Data;
			sourceTree = "<group>";
		};
		633F956B4F79DAE81ED6621B /* Router */ = {
			isa = PBXGroup;
			children = (
				4BC7A7383BEB76F1A0DDC157 /* TestingTabRouter.swift */,
			);
			path = Router;
			sourceTree = "<group>";
		};
		6F06522E478534BEF8503971 /* TestingTab */ = {
			isa = PBXGroup;
			children = (
				08544705ED2920E34CAF4630 /* View */,
				DE76A9EA3880E47FA50E9155 /* Presenter */,
				633F956B4F79DAE81ED6621B /* Router */,
				4235387B0A57E97BA56EB9B9 /* Configurator */,
				FB131D2C8519857001C21AB9 /* Data */,
			);
			path = TestingTab;
			sourceTree = "<group>";
		};
		719FBDCBF0F9C202D1C2EB45 /* Router */ = {
			isa = PBXGroup;
			children = (
				A19C8B90F47E7E0B5C428AAE /* PresentingRouter.swift */,
			);
			path = Router;
			sourceTree = "<group>";
		};
		79152388F201F9941594788E /* Configurator */ = {
			isa = PBXGroup;
			children = (
				BC6179B70EC5286EC16AD2DF /* PresentingConfigurator.swift */,
			);
			path = Configurator;
			sourceTree = "<group>";
		};
		7B869F657B92CEEB8BF38A2A /* Presenter */ = {
			isa = PBXGroup;
			children = (
				14C8C10984D148CB925E34C3 /* SplashScreenPresenter.swift */,
			);
			path = Presenter;
			sourceTree = "<group>";
		};
		9A08BCC025024FA100268128 /* Network */ = {
			isa = PBXGroup;
			children = (
				9A68FDD62532EB5900AD7B22 /* Requests */,
				9A68FDD72532EB6600AD7B22 /* NetworkHelper */,
			);
			path = Network;
			sourceTree = "<group>";
		};
		9A08BCD825035B5B00268128 /* Models */ = {
			isa = PBXGroup;
			children = (
				9A13B1A12514B07700889884 /* ListModels */,
				9A13B1A22514B09800889884 /* Film */,
			);
			path = Models;
			sourceTree = "<group>";
		};
		9A08BCE22505ED4C00268128 /* NetworkImage */ = {
			isa = PBXGroup;
			children = (
				9A08BCD1250266E800268128 /* NetworkImage.swift */,
			);
			path = NetworkImage;
			sourceTree = "<group>";
		};
		9A08BCE32505F3EF00268128 /* CustomUIs */ = {
			isa = PBXGroup;
			children = (
				9A622F1825386D310056FEFB /* ErrorView */,
				9A2C20BF2529FD940090F0CD /* GenresView */,
				9A08BCE92506031500268128 /* SpinnerView */,
				9A08BCE22505ED4C00268128 /* NetworkImage */,
				9A08BD17250745FF00268128 /* ContainerView */,
				9ACDE0EC252A034700C4A7F3 /* LottieView */,
				9A622F13253863B60056FEFB /* FillSpinnerView */,
			);
			path = CustomUIs;
			sourceTree = "<group>";
		};
		9A08BCE92506031500268128 /* SpinnerView */ = {
			isa = PBXGroup;
			children = (
				9A08BCE72506030E00268128 /* SpinnerView.swift */,
			);
			path = SpinnerView;
			sourceTree = "<group>";
		};
		9A08BCEF250621F200268128 /* View */ = {
			isa = PBXGroup;
			children = (
				9A08BCED250621E600268128 /* View+Extensions.swift */,
			);
			path = View;
			sourceTree = "<group>";
		};
		9A08BCFC250660FC00268128 /* TabBarConfigurator */ = {
			isa = PBXGroup;
			children = (
				9A92B3352531C3400018C68E /* TabBarItemImpl.swift */,
				9A68FEF625347E3600AD7B22 /* TabBarConfigurator.swift */,
			);
			path = TabBarConfigurator;
			sourceTree = "<group>";
		};
		9A08BCFD2506624800268128 /* Configurator */ = {
			isa = PBXGroup;
			children = (
				9A08BD22250763DE00268128 /* FilmDetailsConfigurator.swift */,
			);
			path = Configurator;
			sourceTree = "<group>";
		};
		9A08BCFE2506625100268128 /* Presenter */ = {
			isa = PBXGroup;
			children = (
				9A08BD262507644000268128 /* FilmDetailsPresenter.swift */,
			);
			path = Presenter;
			sourceTree = "<group>";
		};
		9A08BCFF2506625900268128 /* Router */ = {
			isa = PBXGroup;
			children = (
				9A5FDD37251075E0000BE3D8 /* FilmDetailsRouter.swift */,
			);
			path = Router;
			sourceTree = "<group>";
		};
		9A08BD012506626F00268128 /* Presenter */ = {
			isa = PBXGroup;
			children = (
				9A08BD082506688200268128 /* FilmsListPresenter.swift */,
			);
			path = Presenter;
			sourceTree = "<group>";
		};
		9A08BD022506627600268128 /* Router */ = {
			isa = PBXGroup;
			children = (
				9A4C645F2509096900D6A67A /* FilmsListRouter.swift */,
			);
			path = Router;
			sourceTree = "<group>";
		};
		9A08BD032506627E00268128 /* Configurator */ = {
			isa = PBXGroup;
			children = (
				9A08BD042506637100268128 /* FilmsListConfigurator.swift */,
			);
			path = Configurator;
			sourceTree = "<group>";
		};
		9A08BD0C2507438900268128 /* UseCases */ = {
			isa = PBXGroup;
			children = (
				9A968AE1252209E600218122 /* GetFilmsUseCase */,
			);
			path = UseCases;
			sourceTree = "<group>";
		};
		9A08BD17250745FF00268128 /* ContainerView */ = {
			isa = PBXGroup;
			children = (
				9A08BD0A2506740800268128 /* ContainerView.swift */,
				9A08BD1D25075D4C00268128 /* ContainerPresenter.swift */,
			);
			path = ContainerView;
			sourceTree = "<group>";
		};
		9A08BD1A25075C0B00268128 /* Cells */ = {
			isa = PBXGroup;
			children = (
				9A4AAC0C24F93E11009E1817 /* FilmCellView.swift */,
			);
			path = Cells;
			sourceTree = "<group>";
		};
		9A08BD1B25075C1400268128 /* Headers */ = {
			isa = PBXGroup;
			children = (
				9A4AAC0E24F93E2F009E1817 /* YearHeaderView.swift */,
			);
			path = Headers;
			sourceTree = "<group>";
		};
		9A08BD1F25075D7A00268128 /* Protocols */ = {
			isa = PBXGroup;
			children = (
				9A92B2F425317FEA0018C68E /* Presentable.swift */,
				9A92B300253180520018C68E /* Configurable.swift */,
				9A92B2FC253180340018C68E /* Configurator.swift */,
				9A92B2F8253180110018C68E /* Presenter.swift */,
				9A92B3042531806A0018C68E /* Router.swift */,
				9A92B308253180850018C68E /* TabBarItem.swift */,
				9A68FF102534DC6800AD7B22 /* Container.swift */,
			);
			path = Protocols;
			sourceTree = "<group>";
		};
		9A13B1A12514B07700889884 /* ListModels */ = {
			isa = PBXGroup;
			children = (
				9A08BCCD2502585D00268128 /* ListModels.swift */,
			);
			path = ListModels;
			sourceTree = "<group>";
		};
		9A13B1A22514B09800889884 /* Film */ = {
			isa = PBXGroup;
			children = (
				9A4AAC1124F94025009E1817 /* FilmModel.swift */,
			);
			path = Film;
			sourceTree = "<group>";
		};
		9A13B1A72514B3DA00889884 /* Subviews */ = {
			isa = PBXGroup;
			children = (
				9A13B1A52514B26400889884 /* FilmInfoView.swift */,
				9A13B1A32514B19200889884 /* FilmImageView.swift */,
			);
			path = Subviews;
			sourceTree = "<group>";
		};
		9A2C20BF2529FD940090F0CD /* GenresView */ = {
			isa = PBXGroup;
			children = (
				9A13B1AE2515E2F900889884 /* GenreView.swift */,
				9A13B1AB2514B59000889884 /* GenresView.swift */,
			);
			path = GenresView;
			sourceTree = "<group>";
		};
		9A48B9A6251D001E00DF5EF8 /* Subviews */ = {
			isa = PBXGroup;
			children = (
				9A52663A251B9FD700C98DF6 /* FilmsTableView.swift */,
				9A08BD1A25075C0B00268128 /* Cells */,
				9A08BD1B25075C1400268128 /* Headers */,
			);
			path = Subviews;
			sourceTree = "<group>";
		};
		9A4AABCB24F9325D009E1817 = {
			isa = PBXGroup;
			children = (
				9A4AABD624F9325D009E1817 /* FilmsAppSUI */,
				9AB1223A2519D46500A300D7 /* FilmsAppSUITests */,
				9A4AABD524F9325D009E1817 /* Products */,
			);
			sourceTree = "<group>";
		};
		9A4AABD524F9325D009E1817 /* Products */ = {
			isa = PBXGroup;
			children = (
				9A4AABD424F9325D009E1817 /* FilmsAppSUI.app */,
				9AB122392519D46500A300D7 /* FilmsAppSUITests.xctest */,
			);
			name = Products;
			sourceTree = "<group>";
		};
		9A4AABD624F9325D009E1817 /* FilmsAppSUI */ = {
			isa = PBXGroup;
			children = (
				9A4AAC0824F93B72009E1817 /* Delegates */,
				9A08BD0C2507438900268128 /* UseCases */,
				9A4AAC1024F93FF1009E1817 /* Entities */,
				9A08BD1F25075D7A00268128 /* Protocols */,
				9A4AABEF24F932C6009E1817 /* Resources */,
				9A08BCD825035B5B00268128 /* Models */,
				9A08BCE32505F3EF00268128 /* CustomUIs */,
				9A4AABEE24F932BF009E1817 /* Utils */,
				9A4AABED24F932B8009E1817 /* Extensions */,
				9A4AABEB24F932A6009E1817 /* Modules */,
			);
			path = FilmsAppSUI;
			sourceTree = "<group>";
		};
		9A4AABDF24F93261009E1817 /* Preview Content */ = {
			isa = PBXGroup;
			children = (
				9A4AABE024F93261009E1817 /* Preview Assets.xcassets */,
			);
			path = "Preview Content";
			sourceTree = "<group>";
		};
		9A4AABEB24F932A6009E1817 /* Modules */ = {
			isa = PBXGroup;
			children = (
				9A4AABF624F934E8009E1817 /* FilmDetails */,
				9A4AABF524F934D2009E1817 /* FilmsList */,
				6F06522E478534BEF8503971 /* TestingTab */,
				581C8E63F55D28CAD4F2C0F5 /* Presenting */,
				163FE8A9B2F934AC4248A847 /* Pushing */,
				F267ED256CD16DA793F5ADD5 /* SplashScreen */,
			);
			path = Modules;
			sourceTree = "<group>";
		};
		9A4AABED24F932B8009E1817 /* Extensions */ = {
			isa = PBXGroup;
			children = (
				9A68FDDB2532EB9000AD7B22 /* Foundation */,
				9A68FDDA2532EB7E00AD7B22 /* SwiftUI */,
			);
			path = Extensions;
			sourceTree = "<group>";
		};
		9A4AABEE24F932BF009E1817 /* Utils */ = {
			isa = PBXGroup;
			children = (
				9A08BCFC250660FC00268128 /* TabBarConfigurator */,
				9A08BCC025024FA100268128 /* Network */,
			);
			path = Utils;
			sourceTree = "<group>";
		};
		9A4AABEF24F932C6009E1817 /* Resources */ = {
			isa = PBXGroup;
			children = (
				9ACDE0F3252A04FD00C4A7F3 /* Lottie */,
				9A4AABDF24F93261009E1817 /* Preview Content */,
				9A4AABE524F93261009E1817 /* Info.plist */,
				9A4AABDD24F93261009E1817 /* Assets.xcassets */,
				9A4AABE224F93261009E1817 /* LaunchScreen.storyboard */,
				9A4AABF324F9347A009E1817 /* Localizable.strings */,
			);
			path = Resources;
			sourceTree = "<group>";
		};
		9A4AABF024F9338C009E1817 /* Text */ = {
			isa = PBXGroup;
			children = (
				9A4AABF124F9339E009E1817 /* Text+Extensions.swift */,
			);
			path = Text;
			sourceTree = "<group>";
		};
		9A4AABF524F934D2009E1817 /* FilmsList */ = {
			isa = PBXGroup;
			children = (
				9A4C645E250905E700D6A67A /* Data */,
				9A08BD022506627600268128 /* Router */,
				9A08BD032506627E00268128 /* Configurator */,
				9A08BD012506626F00268128 /* Presenter */,
				9A4AABFB24F93546009E1817 /* View */,
			);
			path = FilmsList;
			sourceTree = "<group>";
		};
		9A4AABF624F934E8009E1817 /* FilmDetails */ = {
			isa = PBXGroup;
			children = (
				9A5FDD34251072DA000BE3D8 /* Data */,
				9A08BCFF2506625900268128 /* Router */,
				9A08BCFE2506625100268128 /* Presenter */,
				9A08BCFD2506624800268128 /* Configurator */,
				9A4AABF824F93531009E1817 /* View */,
			);
			path = FilmDetails;
			sourceTree = "<group>";
		};
		9A4AABF824F93531009E1817 /* View */ = {
			isa = PBXGroup;
			children = (
				9A13B1A72514B3DA00889884 /* Subviews */,
				9A08BCCF250266A600268128 /* FilmDetailsView.swift */,
			);
			path = View;
			sourceTree = "<group>";
		};
		9A4AABFB24F93546009E1817 /* View */ = {
			isa = PBXGroup;
			children = (
				9A526642251B9FE400C98DF6 /* Subviews */,
				9A4AAC0924F93DD3009E1817 /* FilmsListView.swift */,
			);
			path = View;
			sourceTree = "<group>";
		};
		9A4AAC0824F93B72009E1817 /* Delegates */ = {
			isa = PBXGroup;
			children = (
				9A4AABD724F9325D009E1817 /* AppDelegate.swift */,
				9A4AABD924F9325D009E1817 /* SceneDelegate.swift */,
			);
			path = Delegates;
			sourceTree = "<group>";
		};
		9A4AAC1024F93FF1009E1817 /* Entities */ = {
			isa = PBXGroup;
			children = (
				9A68FDD42532EADA00AD7B22 /* Films */,
			);
			path = Entities;
			sourceTree = "<group>";
		};
		9A4C645E250905E700D6A67A /* Data */ = {
			isa = PBXGroup;
			children = (
				9A08BD182507566F00268128 /* FilmsListData.swift */,
			);
			path = Data;
			sourceTree = "<group>";
		};
		9A526642251B9FE400C98DF6 /* Subviews */ = {
			isa = PBXGroup;
			children = (
				9A48B9A6251D001E00DF5EF8 /* Subviews */,
			);
			path = Subviews;
			sourceTree = "<group>";
		};
		9A5FDD34251072DA000BE3D8 /* Data */ = {
			isa = PBXGroup;
			children = (
				9A5FDD35251072E8000BE3D8 /* FilmDetailsData.swift */,
			);
			path = Data;
			sourceTree = "<group>";
		};
		9A5FDD4A25112986000BE3D8 /* Films */ = {
			isa = PBXGroup;
			children = (
				9A08BD11250743F300268128 /* FilmsRequest.swift */,
			);
			path = Films;
			sourceTree = "<group>";
		};
		9A622EDF2536DFC40056FEFB /* TestModule */ = {
			isa = PBXGroup;
			children = (
				9A622EE02536DFC40056FEFB /* Presenter */,
				9A622EE22536DFC40056FEFB /* View */,
				9A622EE42536DFC40056FEFB /* Configurator */,
				9A622EE62536DFC40056FEFB /* Data */,
				9A622EE82536DFC40056FEFB /* Router */,
			);
			path = TestModule;
			sourceTree = "<group>";
		};
		9A622EE02536DFC40056FEFB /* Presenter */ = {
			isa = PBXGroup;
			children = (
				9A622EE12536DFC40056FEFB /* TestModulePresenter.swift */,
			);
			path = Presenter;
			sourceTree = "<group>";
		};
		9A622EE22536DFC40056FEFB /* View */ = {
			isa = PBXGroup;
			children = (
				9A622EE32536DFC40056FEFB /* TestModuleView.swift */,
			);
			path = View;
			sourceTree = "<group>";
		};
		9A622EE42536DFC40056FEFB /* Configurator */ = {
			isa = PBXGroup;
			children = (
				9A622EE52536DFC40056FEFB /* TestModuleConfigurator.swift */,
			);
			path = Configurator;
			sourceTree = "<group>";
		};
		9A622EE62536DFC40056FEFB /* Data */ = {
			isa = PBXGroup;
			children = (
				9A622EE72536DFC40056FEFB /* TestModuleData.swift */,
			);
			path = Data;
			sourceTree = "<group>";
		};
		9A622EE82536DFC40056FEFB /* Router */ = {
			isa = PBXGroup;
			children = (
				9A622EE92536DFC40056FEFB /* TestModuleRouter.swift */,
			);
			path = Router;
			sourceTree = "<group>";
		};
		9A622F13253863B60056FEFB /* FillSpinnerView */ = {
			isa = PBXGroup;
			children = (
				9A622F0D2538638B0056FEFB /* FillSpinnerView.swift */,
			);
			path = FillSpinnerView;
			sourceTree = "<group>";
		};
		9A622F1825386D310056FEFB /* ErrorView */ = {
			isa = PBXGroup;
			children = (
				9A622F1925386D440056FEFB /* ErrorView.swift */,
			);
			path = ErrorView;
			sourceTree = "<group>";
		};
		9A68FDD42532EADA00AD7B22 /* Films */ = {
			isa = PBXGroup;
			children = (
				9A4AAC0224F9397D009E1817 /* Film.swift */,
			);
			path = Films;
			sourceTree = "<group>";
		};
		9A68FDD62532EB5900AD7B22 /* Requests */ = {
			isa = PBXGroup;
			children = (
				9A5FDD4A25112986000BE3D8 /* Films */,
			);
			path = Requests;
			sourceTree = "<group>";
		};
		9A68FDD72532EB6600AD7B22 /* NetworkHelper */ = {
			isa = PBXGroup;
			children = (
				9A08BD10250743F300268128 /* NetworkHelper.swift */,
			);
			path = NetworkHelper;
			sourceTree = "<group>";
		};
		9A68FDDA2532EB7E00AD7B22 /* SwiftUI */ = {
			isa = PBXGroup;
			children = (
				9A08BCEF250621F200268128 /* View */,
				9A4AABF024F9338C009E1817 /* Text */,
			);
			path = SwiftUI;
			sourceTree = "<group>";
		};
		9A68FDDB2532EB9000AD7B22 /* Foundation */ = {
			isa = PBXGroup;
			children = (
				9A741B75252A138100DD094E /* Array */,
			);
			path = Foundation;
			sourceTree = "<group>";
		};
		9A741B75252A138100DD094E /* Array */ = {
			isa = PBXGroup;
			children = (
				9A741B70252A136D00DD094E /* Array+Extensions.swift */,
			);
			path = Array;
			sourceTree = "<group>";
		};
		9A91A776252CB30A001A249A /* Module */ = {
			isa = PBXGroup;
			children = (
				9A91A779252CB333001A249A /* RouterTests.swift */,
			);
			path = Module;
			sourceTree = "<group>";
		};
		9A968AE1252209E600218122 /* GetFilmsUseCase */ = {
			isa = PBXGroup;
			children = (
				9A08BD0E250743E000268128 /* GetFilmsUseCase.swift */,
			);
			path = GetFilmsUseCase;
			sourceTree = "<group>";
		};
		9AB1223A2519D46500A300D7 /* FilmsAppSUITests */ = {
			isa = PBXGroup;
			children = (
				9A622EDF2536DFC40056FEFB /* TestModule */,
				9A91A776252CB30A001A249A /* Module */,
				9AB1223D2519D46500A300D7 /* Info.plist */,
			);
			path = FilmsAppSUITests;
			sourceTree = "<group>";
		};
		9ACDE0EC252A034700C4A7F3 /* LottieView */ = {
			isa = PBXGroup;
			children = (
				9ACDE0E4252A032500C4A7F3 /* LottieView.swift */,
			);
			path = LottieView;
			sourceTree = "<group>";
		};
		9ACDE0F3252A04FD00C4A7F3 /* Lottie */ = {
			isa = PBXGroup;
			children = (
				9A741B6B252A11F600DD094E /* loading.json */,
			);
			path = Lottie;
			sourceTree = "<group>";
		};
		A8BEAF4050ED061AA1A691EC /* Data */ = {
			isa = PBXGroup;
			children = (
				BE30E0AA3FDBB4022A65A5D8 /* PushingData.swift */,
			);
			path = Data;
			sourceTree = "<group>";
		};
		ACA7369C1F80F632B459463E /* Configurator */ = {
			isa = PBXGroup;
			children = (
				FAE163B4CB6CB9F7D5063D81 /* SplashScreenConfigurator.swift */,
			);
			path = Configurator;
			sourceTree = "<group>";
		};
		B74DB15D51C4A927A3C708F0 /* View */ = {
			isa = PBXGroup;
			children = (
				62ACE12092848B2837E6C2DA /* PresentingView.swift */,
			);
			path = View;
			sourceTree = "<group>";
		};
		C4D2A41587A0E6059E82537E /* View */ = {
			isa = PBXGroup;
			children = (
				CEEDEE96E0581EA32810FCB5 /* PushingView.swift */,
			);
			path = View;
			sourceTree = "<group>";
		};
		D11D715FD530359FF2D0ECCF /* Presenter */ = {
			isa = PBXGroup;
			children = (
				43F3D449EC16F46841D45E3F /* PushingPresenter.swift */,
			);
			path = Presenter;
			sourceTree = "<group>";
		};
		D8F2779EC8F61BEF109C3B76 /* Presenter */ = {
			isa = PBXGroup;
			children = (
				781392EE213215D5D2C8F236 /* PresentingPresenter.swift */,
			);
			path = Presenter;
			sourceTree = "<group>";
		};
		DE76A9EA3880E47FA50E9155 /* Presenter */ = {
			isa = PBXGroup;
			children = (
				14D83F3E2C4B79FCDF8EB28B /* TestingTabPresenter.swift */,
			);
			path = Presenter;
			sourceTree = "<group>";
		};
		EF091984161294FC541DA96D /* View */ = {
			isa = PBXGroup;
			children = (
				6FC4FADE8145A7CBBE4B7DD3 /* SplashScreenView.swift */,
			);
			path = View;
			sourceTree = "<group>";
		};
		F267ED256CD16DA793F5ADD5 /* SplashScreen */ = {
			isa = PBXGroup;
			children = (
				EF091984161294FC541DA96D /* View */,
				7B869F657B92CEEB8BF38A2A /* Presenter */,
				2CFE4B506E3F83C1EEE818D4 /* Router */,
				ACA7369C1F80F632B459463E /* Configurator */,
				092291EF415EF4A0692ECEC4 /* Data */,
			);
			path = SplashScreen;
			sourceTree = "<group>";
		};
		FB131D2C8519857001C21AB9 /* Data */ = {
			isa = PBXGroup;
			children = (
				782F23E198D6A7928F599AA2 /* TestingTabData.swift */,
			);
			path = Data;
			sourceTree = "<group>";
		};
/* End PBXGroup section */

/* Begin PBXNativeTarget section */
		9A4AABD324F9325D009E1817 /* FilmsAppSUI */ = {
			isa = PBXNativeTarget;
			buildConfigurationList = 9A4AABE824F93261009E1817 /* Build configuration list for PBXNativeTarget "FilmsAppSUI" */;
			buildPhases = (
				9A4AABD024F9325D009E1817 /* Sources */,
				9A4AABD124F9325D009E1817 /* Frameworks */,
				9A4AABD224F9325D009E1817 /* Resources */,
			);
			buildRules = (
			);
			dependencies = (
			);
			name = FilmsAppSUI;
			packageProductDependencies = (
				9A08BCD4250268CE00268128 /* KingfisherSwiftUI */,
				9A08BD15250744BB00268128 /* Moya */,
				9ACDE0DF252A031700C4A7F3 /* Lottie */,
			);
			productName = FilmsAppSUI;
			productReference = 9A4AABD424F9325D009E1817 /* FilmsAppSUI.app */;
			productType = "com.apple.product-type.application";
		};
		9AB122382519D46500A300D7 /* FilmsAppSUITests */ = {
			isa = PBXNativeTarget;
			buildConfigurationList = 9AB122402519D46500A300D7 /* Build configuration list for PBXNativeTarget "FilmsAppSUITests" */;
			buildPhases = (
				9AB122352519D46500A300D7 /* Sources */,
				9AB122362519D46500A300D7 /* Frameworks */,
				9AB122372519D46500A300D7 /* Resources */,
			);
			buildRules = (
			);
			dependencies = (
				9AB1223F2519D46500A300D7 /* PBXTargetDependency */,
			);
			name = FilmsAppSUITests;
			productName = FilmsAppSUITests;
			productReference = 9AB122392519D46500A300D7 /* FilmsAppSUITests.xctest */;
			productType = "com.apple.product-type.bundle.unit-test";
		};
/* End PBXNativeTarget section */

/* Begin PBXProject section */
		9A4AABCC24F9325D009E1817 /* Project object */ = {
			isa = PBXProject;
			attributes = {
				LastSwiftUpdateCheck = 1200;
				LastUpgradeCheck = 1200;
				ORGANIZATIONNAME = "Виталий Баник";
				TargetAttributes = {
					9A4AABD324F9325D009E1817 = {
						CreatedOnToolsVersion = 11.6;
					};
					9AB122382519D46500A300D7 = {
						CreatedOnToolsVersion = 12.0;
						TestTargetID = 9A4AABD324F9325D009E1817;
					};
				};
			};
			buildConfigurationList = 9A4AABCF24F9325D009E1817 /* Build configuration list for PBXProject "FilmsAppSUI" */;
			compatibilityVersion = "Xcode 9.3";
			developmentRegion = en;
			hasScannedForEncodings = 0;
			knownRegions = (
				en,
				Base,
			);
			mainGroup = 9A4AABCB24F9325D009E1817;
			packageReferences = (
				9A08BCD3250268CE00268128 /* XCRemoteSwiftPackageReference "Kingfisher" */,
				9A08BD14250744BB00268128 /* XCRemoteSwiftPackageReference "Moya" */,
				9ACDE0DE252A031700C4A7F3 /* XCRemoteSwiftPackageReference "lottie-ios" */,
			);
			productRefGroup = 9A4AABD524F9325D009E1817 /* Products */;
			projectDirPath = "";
			projectRoot = "";
			targets = (
				9A4AABD324F9325D009E1817 /* FilmsAppSUI */,
				9AB122382519D46500A300D7 /* FilmsAppSUITests */,
			);
		};
/* End PBXProject section */

/* Begin PBXResourcesBuildPhase section */
		9A4AABD224F9325D009E1817 /* Resources */ = {
			isa = PBXResourcesBuildPhase;
			buildActionMask = 2147483647;
			files = (
				9A4AABE424F93261009E1817 /* LaunchScreen.storyboard in Resources */,
				9A4AABF424F9347A009E1817 /* Localizable.strings in Resources */,
				9A4AABE124F93261009E1817 /* Preview Assets.xcassets in Resources */,
				9A4AABDE24F93261009E1817 /* Assets.xcassets in Resources */,
				9A741B6C252A11F600DD094E /* loading.json in Resources */,
			);
			runOnlyForDeploymentPostprocessing = 0;
		};
		9AB122372519D46500A300D7 /* Resources */ = {
			isa = PBXResourcesBuildPhase;
			buildActionMask = 2147483647;
			files = (
			);
			runOnlyForDeploymentPostprocessing = 0;
		};
/* End PBXResourcesBuildPhase section */

/* Begin PBXSourcesBuildPhase section */
		9A4AABD024F9325D009E1817 /* Sources */ = {
			isa = PBXSourcesBuildPhase;
			buildActionMask = 2147483647;
			files = (
				9A4AAC0F24F93E2F009E1817 /* YearHeaderView.swift in Sources */,
				9A92B309253180850018C68E /* TabBarItem.swift in Sources */,
				9A4C64602509096900D6A67A /* FilmsListRouter.swift in Sources */,
				9A08BCEE250621E600268128 /* View+Extensions.swift in Sources */,
				9A68FF112534DC6800AD7B22 /* Container.swift in Sources */,
				9A08BD052506637100268128 /* FilmsListConfigurator.swift in Sources */,
				9A52663B251B9FD700C98DF6 /* FilmsTableView.swift in Sources */,
				9A08BD0B2506740800268128 /* ContainerView.swift in Sources */,
				9A92B2FD253180340018C68E /* Configurator.swift in Sources */,
				9A4AAC1224F94025009E1817 /* FilmModel.swift in Sources */,
				9A4AABF224F9339E009E1817 /* Text+Extensions.swift in Sources */,
				9A13B1A42514B19200889884 /* FilmImageView.swift in Sources */,
				9A4AAC0D24F93E11009E1817 /* FilmCellView.swift in Sources */,
				9ACDE0E5252A032500C4A7F3 /* LottieView.swift in Sources */,
				9A08BCD2250266E800268128 /* NetworkImage.swift in Sources */,
				9A13B1A62514B26400889884 /* FilmInfoView.swift in Sources */,
				9A13B1AC2514B59000889884 /* GenresView.swift in Sources */,
				9A92B301253180520018C68E /* Configurable.swift in Sources */,
				9A4AABD824F9325D009E1817 /* AppDelegate.swift in Sources */,
				9A68FEF725347E3600AD7B22 /* TabBarConfigurator.swift in Sources */,
				9A08BD13250743F300268128 /* FilmsRequest.swift in Sources */,
				9A5FDD38251075E0000BE3D8 /* FilmDetailsRouter.swift in Sources */,
				9A08BD23250763DE00268128 /* FilmDetailsConfigurator.swift in Sources */,
				9A08BCE82506030E00268128 /* SpinnerView.swift in Sources */,
				9A622F1A25386D440056FEFB /* ErrorView.swift in Sources */,
				9A08BD0F250743E000268128 /* GetFilmsUseCase.swift in Sources */,
				9A13B1AF2515E2F900889884 /* GenreView.swift in Sources */,
				9A08BCD0250266A600268128 /* FilmDetailsView.swift in Sources */,
				9A08BD272507644000268128 /* FilmDetailsPresenter.swift in Sources */,
				9A08BD092506688200268128 /* FilmsListPresenter.swift in Sources */,
				9A4AABDA24F9325D009E1817 /* SceneDelegate.swift in Sources */,
				9A92B3362531C3400018C68E /* TabBarItemImpl.swift in Sources */,
				9A4AAC0A24F93DD3009E1817 /* FilmsListView.swift in Sources */,
				9A08BD1E25075D4C00268128 /* ContainerPresenter.swift in Sources */,
				9A5FDD36251072E8000BE3D8 /* FilmDetailsData.swift in Sources */,
				9A08BD192507566F00268128 /* FilmsListData.swift in Sources */,
				9A741B71252A136D00DD094E /* Array+Extensions.swift in Sources */,
				9A08BD12250743F300268128 /* NetworkHelper.swift in Sources */,
				9A08BCCE2502585D00268128 /* ListModels.swift in Sources */,
				9A4AAC0324F9397D009E1817 /* Film.swift in Sources */,
				9A92B2F9253180110018C68E /* Presenter.swift in Sources */,
				9A92B2F525317FEA0018C68E /* Presentable.swift in Sources */,
				9A92B3052531806A0018C68E /* Router.swift in Sources */,
				7249F7FEA8AECCFC15500E08 /* TestingTabView.swift in Sources */,
				B01B3FA01F4F3B8BCE395826 /* TestingTabPresenter.swift in Sources */,
				69B17AFA204C930E84708C4F /* TestingTabRouter.swift in Sources */,
				33CDD6EEF4359B1ECE3EF27D /* TestingTabConfigurator.swift in Sources */,
				7A43142D2F7A802175715521 /* TestingTabData.swift in Sources */,
				9A622F0E2538638C0056FEFB /* FillSpinnerView.swift in Sources */,
				B98BC6C77C49FAEF705D1112 /* PresentingView.swift in Sources */,
				6A0CAE158AAF6AF057202C38 /* PresentingPresenter.swift in Sources */,
				9A1E42C9E851828EDD90789A /* PresentingRouter.swift in Sources */,
				79BC03966361B1914FF0C021 /* PresentingConfigurator.swift in Sources */,
				4DB7EF11479D0CFB9010CD3B /* PresentingData.swift in Sources */,
				917C028EF4C6B83E9D4C0C5F /* PushingView.swift in Sources */,
				43D5B1B704BAD9CB6A16B38C /* PushingPresenter.swift in Sources */,
				47F08D81BAB0760E08A9C632 /* PushingRouter.swift in Sources */,
				BDD751362909B5494B3FA8F3 /* PushingConfigurator.swift in Sources */,
				9C87EDB2DD6885D673C9C611 /* PushingData.swift in Sources */,
				713FA1EC04012AE37AB9B4F6 /* SplashScreenView.swift in Sources */,
				E26BD22FC0353C507F92C7EF /* SplashScreenPresenter.swift in Sources */,
				585A579DE12A3676D115169C /* SplashScreenRouter.swift in Sources */,
				D10791041151747D4FAC1934 /* SplashScreenConfigurator.swift in Sources */,
				454497D89935D01A09A06FBC /* SplashScreenData.swift in Sources */,
			);
			runOnlyForDeploymentPostprocessing = 0;
		};
		9AB122352519D46500A300D7 /* Sources */ = {
			isa = PBXSourcesBuildPhase;
			buildActionMask = 2147483647;
			files = (
				9A622EEE2536DFC40056FEFB /* TestModuleRouter.swift in Sources */,
				9A622EEC2536DFC40056FEFB /* TestModuleConfigurator.swift in Sources */,
				9A622EEA2536DFC40056FEFB /* TestModulePresenter.swift in Sources */,
				9A91A77A252CB333001A249A /* RouterTests.swift in Sources */,
				9A622EED2536DFC40056FEFB /* TestModuleData.swift in Sources */,
				9A622EEB2536DFC40056FEFB /* TestModuleView.swift in Sources */,
			);
			runOnlyForDeploymentPostprocessing = 0;
		};
/* End PBXSourcesBuildPhase section */

/* Begin PBXTargetDependency section */
		9AB1223F2519D46500A300D7 /* PBXTargetDependency */ = {
			isa = PBXTargetDependency;
			target = 9A4AABD324F9325D009E1817 /* FilmsAppSUI */;
			targetProxy = 9AB1223E2519D46500A300D7 /* PBXContainerItemProxy */;
		};
/* End PBXTargetDependency section */

/* Begin PBXVariantGroup section */
		9A4AABE224F93261009E1817 /* LaunchScreen.storyboard */ = {
			isa = PBXVariantGroup;
			children = (
				9A4AABE324F93261009E1817 /* Base */,
			);
			name = LaunchScreen.storyboard;
			sourceTree = "<group>";
		};
/* End PBXVariantGroup section */

/* Begin XCBuildConfiguration section */
		9A4AABE624F93261009E1817 /* Debug */ = {
			isa = XCBuildConfiguration;
			buildSettings = {
				ALWAYS_SEARCH_USER_PATHS = NO;
				CLANG_ANALYZER_NONNULL = YES;
				CLANG_ANALYZER_NUMBER_OBJECT_CONVERSION = YES_AGGRESSIVE;
				CLANG_CXX_LANGUAGE_STANDARD = "gnu++14";
				CLANG_CXX_LIBRARY = "libc++";
				CLANG_ENABLE_MODULES = YES;
				CLANG_ENABLE_OBJC_ARC = YES;
				CLANG_ENABLE_OBJC_WEAK = YES;
				CLANG_WARN_BLOCK_CAPTURE_AUTORELEASING = YES;
				CLANG_WARN_BOOL_CONVERSION = YES;
				CLANG_WARN_COMMA = YES;
				CLANG_WARN_CONSTANT_CONVERSION = YES;
				CLANG_WARN_DEPRECATED_OBJC_IMPLEMENTATIONS = YES;
				CLANG_WARN_DIRECT_OBJC_ISA_USAGE = YES_ERROR;
				CLANG_WARN_DOCUMENTATION_COMMENTS = YES;
				CLANG_WARN_EMPTY_BODY = YES;
				CLANG_WARN_ENUM_CONVERSION = YES;
				CLANG_WARN_INFINITE_RECURSION = YES;
				CLANG_WARN_INT_CONVERSION = YES;
				CLANG_WARN_NON_LITERAL_NULL_CONVERSION = YES;
				CLANG_WARN_OBJC_IMPLICIT_RETAIN_SELF = YES;
				CLANG_WARN_OBJC_LITERAL_CONVERSION = YES;
				CLANG_WARN_OBJC_ROOT_CLASS = YES_ERROR;
				CLANG_WARN_QUOTED_INCLUDE_IN_FRAMEWORK_HEADER = YES;
				CLANG_WARN_RANGE_LOOP_ANALYSIS = YES;
				CLANG_WARN_STRICT_PROTOTYPES = YES;
				CLANG_WARN_SUSPICIOUS_MOVE = YES;
				CLANG_WARN_UNGUARDED_AVAILABILITY = YES_AGGRESSIVE;
				CLANG_WARN_UNREACHABLE_CODE = YES;
				CLANG_WARN__DUPLICATE_METHOD_MATCH = YES;
				COPY_PHASE_STRIP = NO;
				DEBUG_INFORMATION_FORMAT = dwarf;
				ENABLE_STRICT_OBJC_MSGSEND = YES;
				ENABLE_TESTABILITY = YES;
				GCC_C_LANGUAGE_STANDARD = gnu11;
				GCC_DYNAMIC_NO_PIC = NO;
				GCC_NO_COMMON_BLOCKS = YES;
				GCC_OPTIMIZATION_LEVEL = 0;
				GCC_PREPROCESSOR_DEFINITIONS = (
					"DEBUG=1",
					"$(inherited)",
				);
				GCC_WARN_64_TO_32_BIT_CONVERSION = YES;
				GCC_WARN_ABOUT_RETURN_TYPE = YES_ERROR;
				GCC_WARN_UNDECLARED_SELECTOR = YES;
				GCC_WARN_UNINITIALIZED_AUTOS = YES_AGGRESSIVE;
				GCC_WARN_UNUSED_FUNCTION = YES;
				GCC_WARN_UNUSED_VARIABLE = YES;
				IPHONEOS_DEPLOYMENT_TARGET = 13.0;
				MTL_ENABLE_DEBUG_INFO = INCLUDE_SOURCE;
				MTL_FAST_MATH = YES;
				ONLY_ACTIVE_ARCH = YES;
				SDKROOT = iphoneos;
				SWIFT_ACTIVE_COMPILATION_CONDITIONS = DEBUG;
				SWIFT_OPTIMIZATION_LEVEL = "-Onone";
			};
			name = Debug;
		};
		9A4AABE724F93261009E1817 /* Release */ = {
			isa = XCBuildConfiguration;
			buildSettings = {
				ALWAYS_SEARCH_USER_PATHS = NO;
				CLANG_ANALYZER_NONNULL = YES;
				CLANG_ANALYZER_NUMBER_OBJECT_CONVERSION = YES_AGGRESSIVE;
				CLANG_CXX_LANGUAGE_STANDARD = "gnu++14";
				CLANG_CXX_LIBRARY = "libc++";
				CLANG_ENABLE_MODULES = YES;
				CLANG_ENABLE_OBJC_ARC = YES;
				CLANG_ENABLE_OBJC_WEAK = YES;
				CLANG_WARN_BLOCK_CAPTURE_AUTORELEASING = YES;
				CLANG_WARN_BOOL_CONVERSION = YES;
				CLANG_WARN_COMMA = YES;
				CLANG_WARN_CONSTANT_CONVERSION = YES;
				CLANG_WARN_DEPRECATED_OBJC_IMPLEMENTATIONS = YES;
				CLANG_WARN_DIRECT_OBJC_ISA_USAGE = YES_ERROR;
				CLANG_WARN_DOCUMENTATION_COMMENTS = YES;
				CLANG_WARN_EMPTY_BODY = YES;
				CLANG_WARN_ENUM_CONVERSION = YES;
				CLANG_WARN_INFINITE_RECURSION = YES;
				CLANG_WARN_INT_CONVERSION = YES;
				CLANG_WARN_NON_LITERAL_NULL_CONVERSION = YES;
				CLANG_WARN_OBJC_IMPLICIT_RETAIN_SELF = YES;
				CLANG_WARN_OBJC_LITERAL_CONVERSION = YES;
				CLANG_WARN_OBJC_ROOT_CLASS = YES_ERROR;
				CLANG_WARN_QUOTED_INCLUDE_IN_FRAMEWORK_HEADER = YES;
				CLANG_WARN_RANGE_LOOP_ANALYSIS = YES;
				CLANG_WARN_STRICT_PROTOTYPES = YES;
				CLANG_WARN_SUSPICIOUS_MOVE = YES;
				CLANG_WARN_UNGUARDED_AVAILABILITY = YES_AGGRESSIVE;
				CLANG_WARN_UNREACHABLE_CODE = YES;
				CLANG_WARN__DUPLICATE_METHOD_MATCH = YES;
				COPY_PHASE_STRIP = NO;
				DEBUG_INFORMATION_FORMAT = "dwarf-with-dsym";
				ENABLE_NS_ASSERTIONS = NO;
				ENABLE_STRICT_OBJC_MSGSEND = YES;
				GCC_C_LANGUAGE_STANDARD = gnu11;
				GCC_NO_COMMON_BLOCKS = YES;
				GCC_WARN_64_TO_32_BIT_CONVERSION = YES;
				GCC_WARN_ABOUT_RETURN_TYPE = YES_ERROR;
				GCC_WARN_UNDECLARED_SELECTOR = YES;
				GCC_WARN_UNINITIALIZED_AUTOS = YES_AGGRESSIVE;
				GCC_WARN_UNUSED_FUNCTION = YES;
				GCC_WARN_UNUSED_VARIABLE = YES;
				IPHONEOS_DEPLOYMENT_TARGET = 13.0;
				MTL_ENABLE_DEBUG_INFO = NO;
				MTL_FAST_MATH = YES;
				SDKROOT = iphoneos;
				SWIFT_COMPILATION_MODE = wholemodule;
				SWIFT_OPTIMIZATION_LEVEL = "-O";
				VALIDATE_PRODUCT = YES;
			};
			name = Release;
		};
		9A4AABE924F93261009E1817 /* Debug */ = {
			isa = XCBuildConfiguration;
			buildSettings = {
				ASSETCATALOG_COMPILER_APPICON_NAME = AppIcon;
				CODE_SIGN_STYLE = Automatic;
				DEVELOPMENT_ASSET_PATHS = "\"FilmsAppSUI/Resources/Preview Content\"";
				DEVELOPMENT_TEAM = 4XJM4GSZPH;
				ENABLE_PREVIEWS = YES;
				INFOPLIST_FILE = FilmsAppSUI/Resources/Info.plist;
				IPHONEOS_DEPLOYMENT_TARGET = 13.0;
				LD_RUNPATH_SEARCH_PATHS = (
					"$(inherited)",
					"@executable_path/Frameworks",
				);
				PRODUCT_BUNDLE_IDENTIFIER = myApps.FilmsAppSUI;
				PRODUCT_NAME = "$(TARGET_NAME)";
				SWIFT_VERSION = 5.0;
				TARGETED_DEVICE_FAMILY = 1;
			};
			name = Debug;
		};
		9A4AABEA24F93261009E1817 /* Release */ = {
			isa = XCBuildConfiguration;
			buildSettings = {
				ASSETCATALOG_COMPILER_APPICON_NAME = AppIcon;
				CODE_SIGN_STYLE = Automatic;
				DEVELOPMENT_ASSET_PATHS = "\"FilmsAppSUI/Resources/Preview Content\"";
				DEVELOPMENT_TEAM = 4XJM4GSZPH;
				ENABLE_PREVIEWS = YES;
				INFOPLIST_FILE = FilmsAppSUI/Resources/Info.plist;
				IPHONEOS_DEPLOYMENT_TARGET = 13.0;
				LD_RUNPATH_SEARCH_PATHS = (
					"$(inherited)",
					"@executable_path/Frameworks",
				);
				PRODUCT_BUNDLE_IDENTIFIER = myApps.FilmsAppSUI;
				PRODUCT_NAME = "$(TARGET_NAME)";
				SWIFT_VERSION = 5.0;
				TARGETED_DEVICE_FAMILY = 1;
			};
			name = Release;
		};
		9AB122412519D46500A300D7 /* Debug */ = {
			isa = XCBuildConfiguration;
			buildSettings = {
				BUNDLE_LOADER = "$(TEST_HOST)";
				CODE_SIGN_STYLE = Automatic;
				DEVELOPMENT_TEAM = 4XJM4GSZPH;
				INFOPLIST_FILE = FilmsAppSUITests/Info.plist;
				IPHONEOS_DEPLOYMENT_TARGET = 13.0;
				LD_RUNPATH_SEARCH_PATHS = (
					"$(inherited)",
					"@executable_path/Frameworks",
					"@loader_path/Frameworks",
				);
				PRODUCT_BUNDLE_IDENTIFIER = myApps.FilmsAppSUITests;
				PRODUCT_NAME = "$(TARGET_NAME)";
				SWIFT_VERSION = 5.0;
				TARGETED_DEVICE_FAMILY = "1,2";
				TEST_HOST = "$(BUILT_PRODUCTS_DIR)/FilmsAppSUI.app/FilmsAppSUI";
			};
			name = Debug;
		};
		9AB122422519D46500A300D7 /* Release */ = {
			isa = XCBuildConfiguration;
			buildSettings = {
				BUNDLE_LOADER = "$(TEST_HOST)";
				CODE_SIGN_STYLE = Automatic;
				DEVELOPMENT_TEAM = 4XJM4GSZPH;
				INFOPLIST_FILE = FilmsAppSUITests/Info.plist;
				IPHONEOS_DEPLOYMENT_TARGET = 13.0;
				LD_RUNPATH_SEARCH_PATHS = (
					"$(inherited)",
					"@executable_path/Frameworks",
					"@loader_path/Frameworks",
				);
				PRODUCT_BUNDLE_IDENTIFIER = myApps.FilmsAppSUITests;
				PRODUCT_NAME = "$(TARGET_NAME)";
				SWIFT_VERSION = 5.0;
				TARGETED_DEVICE_FAMILY = "1,2";
				TEST_HOST = "$(BUILT_PRODUCTS_DIR)/FilmsAppSUI.app/FilmsAppSUI";
			};
			name = Release;
		};
/* End XCBuildConfiguration section */

/* Begin XCConfigurationList section */
		9A4AABCF24F9325D009E1817 /* Build configuration list for PBXProject "FilmsAppSUI" */ = {
			isa = XCConfigurationList;
			buildConfigurations = (
				9A4AABE624F93261009E1817 /* Debug */,
				9A4AABE724F93261009E1817 /* Release */,
			);
			defaultConfigurationIsVisible = 0;
			defaultConfigurationName = Release;
		};
		9A4AABE824F93261009E1817 /* Build configuration list for PBXNativeTarget "FilmsAppSUI" */ = {
			isa = XCConfigurationList;
			buildConfigurations = (
				9A4AABE924F93261009E1817 /* Debug */,
				9A4AABEA24F93261009E1817 /* Release */,
			);
			defaultConfigurationIsVisible = 0;
			defaultConfigurationName = Release;
		};
		9AB122402519D46500A300D7 /* Build configuration list for PBXNativeTarget "FilmsAppSUITests" */ = {
			isa = XCConfigurationList;
			buildConfigurations = (
				9AB122412519D46500A300D7 /* Debug */,
				9AB122422519D46500A300D7 /* Release */,
			);
			defaultConfigurationIsVisible = 0;
			defaultConfigurationName = Release;
		};
/* End XCConfigurationList section */

/* Begin XCRemoteSwiftPackageReference section */
		9A08BCD3250268CE00268128 /* XCRemoteSwiftPackageReference "Kingfisher" */ = {
			isa = XCRemoteSwiftPackageReference;
			repositoryURL = "https://github.com/onevcat/Kingfisher.git";
			requirement = {
				kind = upToNextMajorVersion;
				minimumVersion = 5.15.0;
			};
		};
		9A08BD14250744BB00268128 /* XCRemoteSwiftPackageReference "Moya" */ = {
			isa = XCRemoteSwiftPackageReference;
			repositoryURL = "https://github.com/Moya/Moya.git";
			requirement = {
				kind = upToNextMajorVersion;
				minimumVersion = 14.0.0;
			};
		};
		9ACDE0DE252A031700C4A7F3 /* XCRemoteSwiftPackageReference "lottie-ios" */ = {
			isa = XCRemoteSwiftPackageReference;
			repositoryURL = "https://github.com/airbnb/lottie-ios";
			requirement = {
				kind = upToNextMajorVersion;
				minimumVersion = 3.1.8;
			};
		};
/* End XCRemoteSwiftPackageReference section */

/* Begin XCSwiftPackageProductDependency section */
		9A08BCD4250268CE00268128 /* KingfisherSwiftUI */ = {
			isa = XCSwiftPackageProductDependency;
			package = 9A08BCD3250268CE00268128 /* XCRemoteSwiftPackageReference "Kingfisher" */;
			productName = KingfisherSwiftUI;
		};
		9A08BD15250744BB00268128 /* Moya */ = {
			isa = XCSwiftPackageProductDependency;
			package = 9A08BD14250744BB00268128 /* XCRemoteSwiftPackageReference "Moya" */;
			productName = Moya;
		};
		9ACDE0DF252A031700C4A7F3 /* Lottie */ = {
			isa = XCSwiftPackageProductDependency;
			package = 9ACDE0DE252A031700C4A7F3 /* XCRemoteSwiftPackageReference "lottie-ios" */;
			productName = Lottie;
		};
/* End XCSwiftPackageProductDependency section */
	};
	rootObject = 9A4AABCC24F9325D009E1817 /* Project object */;
}
