// !$*UTF8*$!
{
	archiveVersion = 1;
	classes = {
	};
	objectVersion = 52;
	objects = {

/* Begin PBXBuildFile section */
		9A08BCCE2502585D00268128 /* ListModels.swift in Sources */ = {isa = PBXBuildFile; fileRef = 9A08BCCD2502585D00268128 /* ListModels.swift */; };
		9A08BCD0250266A600268128 /* FilmDetailsView.swift in Sources */ = {isa = PBXBuildFile; fileRef = 9A08BCCF250266A600268128 /* FilmDetailsView.swift */; };
		9A08BCD2250266E800268128 /* NetworkImage.swift in Sources */ = {isa = PBXBuildFile; fileRef = 9A08BCD1250266E800268128 /* NetworkImage.swift */; };
		9A08BCD5250268CE00268128 /* KingfisherSwiftUI in Frameworks */ = {isa = PBXBuildFile; productRef = 9A08BCD4250268CE00268128 /* KingfisherSwiftUI */; };
		9A08BCE82506030E00268128 /* SpinnerView.swift in Sources */ = {isa = PBXBuildFile; fileRef = 9A08BCE72506030E00268128 /* SpinnerView.swift */; };
		9A08BCEE250621E600268128 /* View+Extensions.swift in Sources */ = {isa = PBXBuildFile; fileRef = 9A08BCED250621E600268128 /* View+Extensions.swift */; };
		9A08BCFB25065DDD00268128 /* Navigator.swift in Sources */ = {isa = PBXBuildFile; fileRef = 9A08BCF925065DDD00268128 /* Navigator.swift */; };
		9A08BD052506637100268128 /* FilmsListConfigurator.swift in Sources */ = {isa = PBXBuildFile; fileRef = 9A08BD042506637100268128 /* FilmsListConfigurator.swift */; };
		9A08BD092506688200268128 /* FilmsListPresenter.swift in Sources */ = {isa = PBXBuildFile; fileRef = 9A08BD082506688200268128 /* FilmsListPresenter.swift */; };
		9A08BD0B2506740800268128 /* ContainerView.swift in Sources */ = {isa = PBXBuildFile; fileRef = 9A08BD0A2506740800268128 /* ContainerView.swift */; };
		9A08BD0F250743E000268128 /* GetFilmsUseCase.swift in Sources */ = {isa = PBXBuildFile; fileRef = 9A08BD0E250743E000268128 /* GetFilmsUseCase.swift */; };
		9A08BD12250743F300268128 /* NetworkHelper.swift in Sources */ = {isa = PBXBuildFile; fileRef = 9A08BD10250743F300268128 /* NetworkHelper.swift */; };
		9A08BD13250743F300268128 /* FilmsRequest.swift in Sources */ = {isa = PBXBuildFile; fileRef = 9A08BD11250743F300268128 /* FilmsRequest.swift */; };
		9A08BD16250744BB00268128 /* Moya in Frameworks */ = {isa = PBXBuildFile; productRef = 9A08BD15250744BB00268128 /* Moya */; };
		9A08BD192507566F00268128 /* FilmsListData.swift in Sources */ = {isa = PBXBuildFile; fileRef = 9A08BD182507566F00268128 /* FilmsListData.swift */; };
		9A08BD1E25075D4C00268128 /* ContainerPresenter.swift in Sources */ = {isa = PBXBuildFile; fileRef = 9A08BD1D25075D4C00268128 /* ContainerPresenter.swift */; };
		9A08BD2125075D9100268128 /* Protocols.swift in Sources */ = {isa = PBXBuildFile; fileRef = 9A08BD2025075D9100268128 /* Protocols.swift */; };
		9A08BD23250763DE00268128 /* FilmDetailsConfigurator.swift in Sources */ = {isa = PBXBuildFile; fileRef = 9A08BD22250763DE00268128 /* FilmDetailsConfigurator.swift */; };
		9A08BD272507644000268128 /* FilmDetailsPresenter.swift in Sources */ = {isa = PBXBuildFile; fileRef = 9A08BD262507644000268128 /* FilmDetailsPresenter.swift */; };
		9A13B1A42514B19200889884 /* FilmImageView.swift in Sources */ = {isa = PBXBuildFile; fileRef = 9A13B1A32514B19200889884 /* FilmImageView.swift */; };
		9A13B1A62514B26400889884 /* FilmInfoView.swift in Sources */ = {isa = PBXBuildFile; fileRef = 9A13B1A52514B26400889884 /* FilmInfoView.swift */; };
		9A13B1AC2514B59000889884 /* FilmGenresView.swift in Sources */ = {isa = PBXBuildFile; fileRef = 9A13B1AB2514B59000889884 /* FilmGenresView.swift */; };
		9A13B1AF2515E2F900889884 /* FilmGenreView.swift in Sources */ = {isa = PBXBuildFile; fileRef = 9A13B1AE2515E2F900889884 /* FilmGenreView.swift */; };
		9A48B9A8251D005D00DF5EF8 /* FilterByGenresView.swift in Sources */ = {isa = PBXBuildFile; fileRef = 9A48B9A7251D005D00DF5EF8 /* FilterByGenresView.swift */; };
		9A4AABD824F9325D009E1817 /* AppDelegate.swift in Sources */ = {isa = PBXBuildFile; fileRef = 9A4AABD724F9325D009E1817 /* AppDelegate.swift */; };
		9A4AABDA24F9325D009E1817 /* SceneDelegate.swift in Sources */ = {isa = PBXBuildFile; fileRef = 9A4AABD924F9325D009E1817 /* SceneDelegate.swift */; };
		9A4AABDE24F93261009E1817 /* Assets.xcassets in Resources */ = {isa = PBXBuildFile; fileRef = 9A4AABDD24F93261009E1817 /* Assets.xcassets */; };
		9A4AABE124F93261009E1817 /* Preview Assets.xcassets in Resources */ = {isa = PBXBuildFile; fileRef = 9A4AABE024F93261009E1817 /* Preview Assets.xcassets */; };
		9A4AABE424F93261009E1817 /* LaunchScreen.storyboard in Resources */ = {isa = PBXBuildFile; fileRef = 9A4AABE224F93261009E1817 /* LaunchScreen.storyboard */; };
		9A4AABF224F9339E009E1817 /* Text+Extensions.swift in Sources */ = {isa = PBXBuildFile; fileRef = 9A4AABF124F9339E009E1817 /* Text+Extensions.swift */; };
		9A4AABF424F9347A009E1817 /* Localizable.strings in Resources */ = {isa = PBXBuildFile; fileRef = 9A4AABF324F9347A009E1817 /* Localizable.strings */; };
		9A4AAC0324F9397D009E1817 /* Film.swift in Sources */ = {isa = PBXBuildFile; fileRef = 9A4AAC0224F9397D009E1817 /* Film.swift */; };
		9A4AAC0A24F93DD3009E1817 /* FilmsListView.swift in Sources */ = {isa = PBXBuildFile; fileRef = 9A4AAC0924F93DD3009E1817 /* FilmsListView.swift */; };
		9A4AAC0D24F93E11009E1817 /* FilmCellView.swift in Sources */ = {isa = PBXBuildFile; fileRef = 9A4AAC0C24F93E11009E1817 /* FilmCellView.swift */; };
		9A4AAC0F24F93E2F009E1817 /* YearHeaderView.swift in Sources */ = {isa = PBXBuildFile; fileRef = 9A4AAC0E24F93E2F009E1817 /* YearHeaderView.swift */; };
		9A4AAC1224F94025009E1817 /* FilmModel.swift in Sources */ = {isa = PBXBuildFile; fileRef = 9A4AAC1124F94025009E1817 /* FilmModel.swift */; };
		9A4B6FDE251DF5C3009A7724 /* FilterButtonView.swift in Sources */ = {isa = PBXBuildFile; fileRef = 9A4B6FDD251DF5C3009A7724 /* FilterButtonView.swift */; };
		9A4C64602509096900D6A67A /* FilmsListRouter.swift in Sources */ = {isa = PBXBuildFile; fileRef = 9A4C645F2509096900D6A67A /* FilmsListRouter.swift */; };
		9A52663B251B9FD700C98DF6 /* FilmsTableView.swift in Sources */ = {isa = PBXBuildFile; fileRef = 9A52663A251B9FD700C98DF6 /* FilmsTableView.swift */; };
		9A5FDD36251072E8000BE3D8 /* FilmDetailsData.swift in Sources */ = {isa = PBXBuildFile; fileRef = 9A5FDD35251072E8000BE3D8 /* FilmDetailsData.swift */; };
		9A5FDD38251075E0000BE3D8 /* FilmDetailsRouter.swift in Sources */ = {isa = PBXBuildFile; fileRef = 9A5FDD37251075E0000BE3D8 /* FilmDetailsRouter.swift */; };
		9AB1223C2519D46500A300D7 /* FilmsAppSUITests.swift in Sources */ = {isa = PBXBuildFile; fileRef = 9AB1223B2519D46500A300D7 /* FilmsAppSUITests.swift */; };
		9AB1224C2519D47800A300D7 /* FilmsAppSUIUITests.swift in Sources */ = {isa = PBXBuildFile; fileRef = 9AB1224B2519D47800A300D7 /* FilmsAppSUIUITests.swift */; };
/* End PBXBuildFile section */

/* Begin PBXContainerItemProxy section */
		9AB1223E2519D46500A300D7 /* PBXContainerItemProxy */ = {
			isa = PBXContainerItemProxy;
			containerPortal = 9A4AABCC24F9325D009E1817 /* Project object */;
			proxyType = 1;
			remoteGlobalIDString = 9A4AABD324F9325D009E1817;
			remoteInfo = FilmsAppSUI;
		};
		9AB1224E2519D47800A300D7 /* PBXContainerItemProxy */ = {
			isa = PBXContainerItemProxy;
			containerPortal = 9A4AABCC24F9325D009E1817 /* Project object */;
			proxyType = 1;
			remoteGlobalIDString = 9A4AABD324F9325D009E1817;
			remoteInfo = FilmsAppSUI;
		};
/* End PBXContainerItemProxy section */

/* Begin PBXFileReference section */
		9A08BCCD2502585D00268128 /* ListModels.swift */ = {isa = PBXFileReference; lastKnownFileType = sourcecode.swift; path = ListModels.swift; sourceTree = "<group>"; };
		9A08BCCF250266A600268128 /* FilmDetailsView.swift */ = {isa = PBXFileReference; lastKnownFileType = sourcecode.swift; path = FilmDetailsView.swift; sourceTree = "<group>"; };
		9A08BCD1250266E800268128 /* NetworkImage.swift */ = {isa = PBXFileReference; lastKnownFileType = sourcecode.swift; path = NetworkImage.swift; sourceTree = "<group>"; };
		9A08BCE72506030E00268128 /* SpinnerView.swift */ = {isa = PBXFileReference; fileEncoding = 4; lastKnownFileType = sourcecode.swift; path = SpinnerView.swift; sourceTree = "<group>"; };
		9A08BCED250621E600268128 /* View+Extensions.swift */ = {isa = PBXFileReference; lastKnownFileType = sourcecode.swift; path = "View+Extensions.swift"; sourceTree = "<group>"; };
		9A08BCF925065DDD00268128 /* Navigator.swift */ = {isa = PBXFileReference; fileEncoding = 4; lastKnownFileType = sourcecode.swift; path = Navigator.swift; sourceTree = "<group>"; };
		9A08BD042506637100268128 /* FilmsListConfigurator.swift */ = {isa = PBXFileReference; lastKnownFileType = sourcecode.swift; path = FilmsListConfigurator.swift; sourceTree = "<group>"; };
		9A08BD082506688200268128 /* FilmsListPresenter.swift */ = {isa = PBXFileReference; lastKnownFileType = sourcecode.swift; path = FilmsListPresenter.swift; sourceTree = "<group>"; };
		9A08BD0A2506740800268128 /* ContainerView.swift */ = {isa = PBXFileReference; lastKnownFileType = sourcecode.swift; path = ContainerView.swift; sourceTree = "<group>"; };
		9A08BD0E250743E000268128 /* GetFilmsUseCase.swift */ = {isa = PBXFileReference; fileEncoding = 4; lastKnownFileType = sourcecode.swift; path = GetFilmsUseCase.swift; sourceTree = "<group>"; };
		9A08BD10250743F300268128 /* NetworkHelper.swift */ = {isa = PBXFileReference; fileEncoding = 4; lastKnownFileType = sourcecode.swift; path = NetworkHelper.swift; sourceTree = "<group>"; };
		9A08BD11250743F300268128 /* FilmsRequest.swift */ = {isa = PBXFileReference; fileEncoding = 4; lastKnownFileType = sourcecode.swift; path = FilmsRequest.swift; sourceTree = "<group>"; };
		9A08BD182507566F00268128 /* FilmsListData.swift */ = {isa = PBXFileReference; lastKnownFileType = sourcecode.swift; path = FilmsListData.swift; sourceTree = "<group>"; };
		9A08BD1D25075D4C00268128 /* ContainerPresenter.swift */ = {isa = PBXFileReference; lastKnownFileType = sourcecode.swift; path = ContainerPresenter.swift; sourceTree = "<group>"; };
		9A08BD2025075D9100268128 /* Protocols.swift */ = {isa = PBXFileReference; lastKnownFileType = sourcecode.swift; path = Protocols.swift; sourceTree = "<group>"; };
		9A08BD22250763DE00268128 /* FilmDetailsConfigurator.swift */ = {isa = PBXFileReference; lastKnownFileType = sourcecode.swift; path = FilmDetailsConfigurator.swift; sourceTree = "<group>"; };
		9A08BD262507644000268128 /* FilmDetailsPresenter.swift */ = {isa = PBXFileReference; lastKnownFileType = sourcecode.swift; path = FilmDetailsPresenter.swift; sourceTree = "<group>"; };
		9A13B1A32514B19200889884 /* FilmImageView.swift */ = {isa = PBXFileReference; lastKnownFileType = sourcecode.swift; path = FilmImageView.swift; sourceTree = "<group>"; };
		9A13B1A52514B26400889884 /* FilmInfoView.swift */ = {isa = PBXFileReference; lastKnownFileType = sourcecode.swift; path = FilmInfoView.swift; sourceTree = "<group>"; };
		9A13B1AB2514B59000889884 /* FilmGenresView.swift */ = {isa = PBXFileReference; lastKnownFileType = sourcecode.swift; path = FilmGenresView.swift; sourceTree = "<group>"; };
		9A13B1AE2515E2F900889884 /* FilmGenreView.swift */ = {isa = PBXFileReference; lastKnownFileType = sourcecode.swift; path = FilmGenreView.swift; sourceTree = "<group>"; };
		9A48B9A7251D005D00DF5EF8 /* FilterByGenresView.swift */ = {isa = PBXFileReference; lastKnownFileType = sourcecode.swift; path = FilterByGenresView.swift; sourceTree = "<group>"; };
		9A4AABD424F9325D009E1817 /* FilmsAppSUI.app */ = {isa = PBXFileReference; explicitFileType = wrapper.application; includeInIndex = 0; path = FilmsAppSUI.app; sourceTree = BUILT_PRODUCTS_DIR; };
		9A4AABD724F9325D009E1817 /* AppDelegate.swift */ = {isa = PBXFileReference; lastKnownFileType = sourcecode.swift; path = AppDelegate.swift; sourceTree = "<group>"; };
		9A4AABD924F9325D009E1817 /* SceneDelegate.swift */ = {isa = PBXFileReference; lastKnownFileType = sourcecode.swift; path = SceneDelegate.swift; sourceTree = "<group>"; };
		9A4AABDD24F93261009E1817 /* Assets.xcassets */ = {isa = PBXFileReference; lastKnownFileType = folder.assetcatalog; path = Assets.xcassets; sourceTree = "<group>"; };
		9A4AABE024F93261009E1817 /* Preview Assets.xcassets */ = {isa = PBXFileReference; lastKnownFileType = folder.assetcatalog; path = "Preview Assets.xcassets"; sourceTree = "<group>"; };
		9A4AABE324F93261009E1817 /* Base */ = {isa = PBXFileReference; lastKnownFileType = file.storyboard; name = Base; path = Base.lproj/LaunchScreen.storyboard; sourceTree = "<group>"; };
		9A4AABE524F93261009E1817 /* Info.plist */ = {isa = PBXFileReference; lastKnownFileType = text.plist.xml; path = Info.plist; sourceTree = "<group>"; };
		9A4AABF124F9339E009E1817 /* Text+Extensions.swift */ = {isa = PBXFileReference; lastKnownFileType = sourcecode.swift; path = "Text+Extensions.swift"; sourceTree = "<group>"; };
		9A4AABF324F9347A009E1817 /* Localizable.strings */ = {isa = PBXFileReference; lastKnownFileType = text.plist.strings; path = Localizable.strings; sourceTree = "<group>"; };
		9A4AAC0224F9397D009E1817 /* Film.swift */ = {isa = PBXFileReference; lastKnownFileType = sourcecode.swift; path = Film.swift; sourceTree = "<group>"; };
		9A4AAC0924F93DD3009E1817 /* FilmsListView.swift */ = {isa = PBXFileReference; lastKnownFileType = sourcecode.swift; path = FilmsListView.swift; sourceTree = "<group>"; };
		9A4AAC0C24F93E11009E1817 /* FilmCellView.swift */ = {isa = PBXFileReference; lastKnownFileType = sourcecode.swift; path = FilmCellView.swift; sourceTree = "<group>"; };
		9A4AAC0E24F93E2F009E1817 /* YearHeaderView.swift */ = {isa = PBXFileReference; lastKnownFileType = sourcecode.swift; path = YearHeaderView.swift; sourceTree = "<group>"; };
		9A4AAC1124F94025009E1817 /* FilmModel.swift */ = {isa = PBXFileReference; lastKnownFileType = sourcecode.swift; path = FilmModel.swift; sourceTree = "<group>"; };
		9A4B6FDD251DF5C3009A7724 /* FilterButtonView.swift */ = {isa = PBXFileReference; lastKnownFileType = sourcecode.swift; path = FilterButtonView.swift; sourceTree = "<group>"; };
		9A4C645F2509096900D6A67A /* FilmsListRouter.swift */ = {isa = PBXFileReference; lastKnownFileType = sourcecode.swift; path = FilmsListRouter.swift; sourceTree = "<group>"; };
		9A52663A251B9FD700C98DF6 /* FilmsTableView.swift */ = {isa = PBXFileReference; lastKnownFileType = sourcecode.swift; path = FilmsTableView.swift; sourceTree = "<group>"; };
		9A5FDD35251072E8000BE3D8 /* FilmDetailsData.swift */ = {isa = PBXFileReference; lastKnownFileType = sourcecode.swift; path = FilmDetailsData.swift; sourceTree = "<group>"; };
		9A5FDD37251075E0000BE3D8 /* FilmDetailsRouter.swift */ = {isa = PBXFileReference; lastKnownFileType = sourcecode.swift; path = FilmDetailsRouter.swift; sourceTree = "<group>"; };
		9AB122392519D46500A300D7 /* FilmsAppSUITests.xctest */ = {isa = PBXFileReference; explicitFileType = wrapper.cfbundle; includeInIndex = 0; path = FilmsAppSUITests.xctest; sourceTree = BUILT_PRODUCTS_DIR; };
		9AB1223B2519D46500A300D7 /* FilmsAppSUITests.swift */ = {isa = PBXFileReference; lastKnownFileType = sourcecode.swift; path = FilmsAppSUITests.swift; sourceTree = "<group>"; };
		9AB1223D2519D46500A300D7 /* Info.plist */ = {isa = PBXFileReference; lastKnownFileType = text.plist.xml; path = Info.plist; sourceTree = "<group>"; };
		9AB122492519D47800A300D7 /* FilmsAppSUIUITests.xctest */ = {isa = PBXFileReference; explicitFileType = wrapper.cfbundle; includeInIndex = 0; path = FilmsAppSUIUITests.xctest; sourceTree = BUILT_PRODUCTS_DIR; };
		9AB1224B2519D47800A300D7 /* FilmsAppSUIUITests.swift */ = {isa = PBXFileReference; lastKnownFileType = sourcecode.swift; path = FilmsAppSUIUITests.swift; sourceTree = "<group>"; };
		9AB1224D2519D47800A300D7 /* Info.plist */ = {isa = PBXFileReference; lastKnownFileType = text.plist.xml; path = Info.plist; sourceTree = "<group>"; };
/* End PBXFileReference section */

/* Begin PBXFrameworksBuildPhase section */
		9A4AABD124F9325D009E1817 /* Frameworks */ = {
			isa = PBXFrameworksBuildPhase;
			buildActionMask = 2147483647;
			files = (
				9A08BCD5250268CE00268128 /* KingfisherSwiftUI in Frameworks */,
				9A08BD16250744BB00268128 /* Moya in Frameworks */,
			);
			runOnlyForDeploymentPostprocessing = 0;
		};
		9AB122362519D46500A300D7 /* Frameworks */ = {
			isa = PBXFrameworksBuildPhase;
			buildActionMask = 2147483647;
			files = (
			);
			runOnlyForDeploymentPostprocessing = 0;
		};
		9AB122462519D47800A300D7 /* Frameworks */ = {
			isa = PBXFrameworksBuildPhase;
			buildActionMask = 2147483647;
			files = (
			);
			runOnlyForDeploymentPostprocessing = 0;
		};
/* End PBXFrameworksBuildPhase section */

/* Begin PBXGroup section */
		9A08BCC025024FA100268128 /* Network */ = {
			isa = PBXGroup;
			children = (
				9A5FDD4A25112986000BE3D8 /* Films */,
				9A08BD10250743F300268128 /* NetworkHelper.swift */,
			);
			path = Network;
			sourceTree = "<group>";
		};
		9A08BCD825035B5B00268128 /* Models */ = {
			isa = PBXGroup;
			children = (
				9A08BD1C25075C3600268128 /* Shared */,
			);
			path = Models;
			sourceTree = "<group>";
		};
		9A08BCE22505ED4C00268128 /* NetworkImage */ = {
			isa = PBXGroup;
			children = (
				9A08BCD1250266E800268128 /* NetworkImage.swift */,
			);
			path = NetworkImage;
			sourceTree = "<group>";
		};
		9A08BCE32505F3EF00268128 /* CustomUI */ = {
			isa = PBXGroup;
			children = (
				9A08BCE92506031500268128 /* SpinnerView */,
				9A08BCE22505ED4C00268128 /* NetworkImage */,
				9A08BD17250745FF00268128 /* ContainerView */,
			);
			path = CustomUI;
			sourceTree = "<group>";
		};
		9A08BCE92506031500268128 /* SpinnerView */ = {
			isa = PBXGroup;
			children = (
				9A08BCE72506030E00268128 /* SpinnerView.swift */,
			);
			path = SpinnerView;
			sourceTree = "<group>";
		};
		9A08BCEF250621F200268128 /* View */ = {
			isa = PBXGroup;
			children = (
				9A08BCED250621E600268128 /* View+Extensions.swift */,
			);
			path = View;
			sourceTree = "<group>";
		};
		9A08BCFC250660FC00268128 /* Navigator */ = {
			isa = PBXGroup;
			children = (
				9A08BCF925065DDD00268128 /* Navigator.swift */,
			);
			path = Navigator;
			sourceTree = "<group>";
		};
		9A08BCFD2506624800268128 /* Configurator */ = {
			isa = PBXGroup;
			children = (
				9A08BD22250763DE00268128 /* FilmDetailsConfigurator.swift */,
			);
			path = Configurator;
			sourceTree = "<group>";
		};
		9A08BCFE2506625100268128 /* Presenter */ = {
			isa = PBXGroup;
			children = (
				9A08BD262507644000268128 /* FilmDetailsPresenter.swift */,
			);
			path = Presenter;
			sourceTree = "<group>";
		};
		9A08BCFF2506625900268128 /* Router */ = {
			isa = PBXGroup;
			children = (
				9A5FDD37251075E0000BE3D8 /* FilmDetailsRouter.swift */,
			);
			path = Router;
			sourceTree = "<group>";
		};
		9A08BD012506626F00268128 /* Presenter */ = {
			isa = PBXGroup;
			children = (
				9A08BD082506688200268128 /* FilmsListPresenter.swift */,
			);
			path = Presenter;
			sourceTree = "<group>";
		};
		9A08BD022506627600268128 /* Router */ = {
			isa = PBXGroup;
			children = (
				9A4C645F2509096900D6A67A /* FilmsListRouter.swift */,
			);
			path = Router;
			sourceTree = "<group>";
		};
		9A08BD032506627E00268128 /* Configurator */ = {
			isa = PBXGroup;
			children = (
				9A08BD042506637100268128 /* FilmsListConfigurator.swift */,
			);
			path = Configurator;
			sourceTree = "<group>";
		};
		9A08BD0C2507438900268128 /* UseCases */ = {
			isa = PBXGroup;
			children = (
				9A08BD0D2507439200268128 /* GetFilmsUseCase */,
			);
			path = UseCases;
			sourceTree = "<group>";
		};
		9A08BD0D2507439200268128 /* GetFilmsUseCase */ = {
			isa = PBXGroup;
			children = (
				9A08BD0E250743E000268128 /* GetFilmsUseCase.swift */,
			);
			path = GetFilmsUseCase;
			sourceTree = "<group>";
		};
		9A08BD17250745FF00268128 /* ContainerView */ = {
			isa = PBXGroup;
			children = (
				9A08BD0A2506740800268128 /* ContainerView.swift */,
				9A08BD1D25075D4C00268128 /* ContainerPresenter.swift */,
			);
			path = ContainerView;
			sourceTree = "<group>";
		};
		9A08BD1A25075C0B00268128 /* Cells */ = {
			isa = PBXGroup;
			children = (
				9A4AAC0C24F93E11009E1817 /* FilmCellView.swift */,
			);
			path = Cells;
			sourceTree = "<group>";
		};
		9A08BD1B25075C1400268128 /* Headers */ = {
			isa = PBXGroup;
			children = (
				9A4AAC0E24F93E2F009E1817 /* YearHeaderView.swift */,
			);
			path = Headers;
			sourceTree = "<group>";
		};
		9A08BD1C25075C3600268128 /* Shared */ = {
			isa = PBXGroup;
			children = (
				9A13B1A22514B09800889884 /* Film */,
				9A13B1A12514B07700889884 /* ListModels */,
			);
			path = Shared;
			sourceTree = "<group>";
		};
		9A08BD1F25075D7A00268128 /* Protocols */ = {
			isa = PBXGroup;
			children = (
				9A08BD2025075D9100268128 /* Protocols.swift */,
			);
			path = Protocols;
			sourceTree = "<group>";
		};
		9A13B1A12514B07700889884 /* ListModels */ = {
			isa = PBXGroup;
			children = (
				9A08BCCD2502585D00268128 /* ListModels.swift */,
			);
			path = ListModels;
			sourceTree = "<group>";
		};
		9A13B1A22514B09800889884 /* Film */ = {
			isa = PBXGroup;
			children = (
				9A4AAC1124F94025009E1817 /* FilmModel.swift */,
			);
			path = Film;
			sourceTree = "<group>";
		};
		9A13B1A72514B3DA00889884 /* Subviews */ = {
			isa = PBXGroup;
			children = (
				9A13B1AE2515E2F900889884 /* FilmGenreView.swift */,
				9A13B1AB2514B59000889884 /* FilmGenresView.swift */,
				9A13B1A52514B26400889884 /* FilmInfoView.swift */,
				9A13B1A32514B19200889884 /* FilmImageView.swift */,
			);
			path = Subviews;
			sourceTree = "<group>";
		};
		9A48B9A6251D001E00DF5EF8 /* Subviews */ = {
			isa = PBXGroup;
			children = (
				9A4B6FDD251DF5C3009A7724 /* FilterButtonView.swift */,
				9A48B9A7251D005D00DF5EF8 /* FilterByGenresView.swift */,
				9A52663A251B9FD700C98DF6 /* FilmsTableView.swift */,
				9A08BD1A25075C0B00268128 /* Cells */,
				9A08BD1B25075C1400268128 /* Headers */,
			);
			path = Subviews;
			sourceTree = "<group>";
		};
		9A4AABCB24F9325D009E1817 = {
			isa = PBXGroup;
			children = (
				9A4AABD624F9325D009E1817 /* FilmsAppSUI */,
				9AB1223A2519D46500A300D7 /* FilmsAppSUITests */,
				9AB1224A2519D47800A300D7 /* FilmsAppSUIUITests */,
				9A4AABD524F9325D009E1817 /* Products */,
				9AB122312519D2E900A300D7 /* Frameworks */,
			);
			sourceTree = "<group>";
		};
		9A4AABD524F9325D009E1817 /* Products */ = {
			isa = PBXGroup;
			children = (
				9A4AABD424F9325D009E1817 /* FilmsAppSUI.app */,
				9AB122392519D46500A300D7 /* FilmsAppSUITests.xctest */,
				9AB122492519D47800A300D7 /* FilmsAppSUIUITests.xctest */,
			);
			name = Products;
			sourceTree = "<group>";
		};
		9A4AABD624F9325D009E1817 /* FilmsAppSUI */ = {
			isa = PBXGroup;
			children = (
				9A08BD0C2507438900268128 /* UseCases */,
				9A4AAC1024F93FF1009E1817 /* Entities */,
				9A4AAC0824F93B72009E1817 /* Delegates */,
				9A4AABEF24F932C6009E1817 /* Resources */,
				9A08BCD825035B5B00268128 /* Models */,
				9A08BCE32505F3EF00268128 /* CustomUI */,
				9A4AABEE24F932BF009E1817 /* Utils */,
				9A4AABED24F932B8009E1817 /* Extensions */,
				9A4AABEB24F932A6009E1817 /* Modules */,
			);
			path = FilmsAppSUI;
			sourceTree = "<group>";
		};
		9A4AABDF24F93261009E1817 /* Preview Content */ = {
			isa = PBXGroup;
			children = (
				9A4AABE024F93261009E1817 /* Preview Assets.xcassets */,
			);
			path = "Preview Content";
			sourceTree = "<group>";
		};
		9A4AABEB24F932A6009E1817 /* Modules */ = {
			isa = PBXGroup;
			children = (
				9A4AABF624F934E8009E1817 /* FilmDetails */,
				9A4AABF524F934D2009E1817 /* FilmsList */,
			);
			path = Modules;
			sourceTree = "<group>";
		};
		9A4AABED24F932B8009E1817 /* Extensions */ = {
			isa = PBXGroup;
			children = (
				9A4AABF024F9338C009E1817 /* Text */,
				9A08BCEF250621F200268128 /* View */,
			);
			path = Extensions;
			sourceTree = "<group>";
		};
		9A4AABEE24F932BF009E1817 /* Utils */ = {
			isa = PBXGroup;
			children = (
				9A08BD1F25075D7A00268128 /* Protocols */,
				9A08BCFC250660FC00268128 /* Navigator */,
				9A08BCC025024FA100268128 /* Network */,
			);
			path = Utils;
			sourceTree = "<group>";
		};
		9A4AABEF24F932C6009E1817 /* Resources */ = {
			isa = PBXGroup;
			children = (
				9A4AABDF24F93261009E1817 /* Preview Content */,
				9A4AABE524F93261009E1817 /* Info.plist */,
				9A4AABDD24F93261009E1817 /* Assets.xcassets */,
				9A4AABE224F93261009E1817 /* LaunchScreen.storyboard */,
				9A4AABF324F9347A009E1817 /* Localizable.strings */,
			);
			path = Resources;
			sourceTree = "<group>";
		};
		9A4AABF024F9338C009E1817 /* Text */ = {
			isa = PBXGroup;
			children = (
				9A4AABF124F9339E009E1817 /* Text+Extensions.swift */,
			);
			path = Text;
			sourceTree = "<group>";
		};
		9A4AABF524F934D2009E1817 /* FilmsList */ = {
			isa = PBXGroup;
			children = (
				9A4C645E250905E700D6A67A /* Data */,
				9A08BD022506627600268128 /* Router */,
				9A08BD032506627E00268128 /* Configurator */,
				9A08BD012506626F00268128 /* Presenter */,
				9A4AABFB24F93546009E1817 /* View */,
			);
			path = FilmsList;
			sourceTree = "<group>";
		};
		9A4AABF624F934E8009E1817 /* FilmDetails */ = {
			isa = PBXGroup;
			children = (
				9A5FDD34251072DA000BE3D8 /* Data */,
				9A08BCFF2506625900268128 /* Router */,
				9A08BCFE2506625100268128 /* Presenter */,
				9A08BCFD2506624800268128 /* Configurator */,
				9A4AABF824F93531009E1817 /* View */,
			);
			path = FilmDetails;
			sourceTree = "<group>";
		};
		9A4AABF824F93531009E1817 /* View */ = {
			isa = PBXGroup;
			children = (
				9A13B1A72514B3DA00889884 /* Subviews */,
				9A08BCCF250266A600268128 /* FilmDetailsView.swift */,
			);
			path = View;
			sourceTree = "<group>";
		};
		9A4AABFB24F93546009E1817 /* View */ = {
			isa = PBXGroup;
			children = (
				9A526642251B9FE400C98DF6 /* Subviews */,
				9A4AAC0924F93DD3009E1817 /* FilmsListView.swift */,
			);
			path = View;
			sourceTree = "<group>";
		};
		9A4AAC0824F93B72009E1817 /* Delegates */ = {
			isa = PBXGroup;
			children = (
				9A4AABD724F9325D009E1817 /* AppDelegate.swift */,
				9A4AABD924F9325D009E1817 /* SceneDelegate.swift */,
			);
			path = Delegates;
			sourceTree = "<group>";
		};
		9A4AAC1024F93FF1009E1817 /* Entities */ = {
			isa = PBXGroup;
			children = (
				9A4AAC0224F9397D009E1817 /* Film.swift */,
			);
			path = Entities;
			sourceTree = "<group>";
		};
		9A4C645E250905E700D6A67A /* Data */ = {
			isa = PBXGroup;
			children = (
				9A08BD182507566F00268128 /* FilmsListData.swift */,
			);
			path = Data;
			sourceTree = "<group>";
		};
		9A526642251B9FE400C98DF6 /* Subviews */ = {
			isa = PBXGroup;
			children = (
				9A48B9A6251D001E00DF5EF8 /* Subviews */,
			);
			path = Subviews;
			sourceTree = "<group>";
		};
		9A5FDD34251072DA000BE3D8 /* Data */ = {
			isa = PBXGroup;
			children = (
				9A5FDD35251072E8000BE3D8 /* FilmDetailsData.swift */,
			);
			path = Data;
			sourceTree = "<group>";
		};
		9A5FDD4A25112986000BE3D8 /* Films */ = {
			isa = PBXGroup;
			children = (
				9A08BD11250743F300268128 /* FilmsRequest.swift */,
			);
			path = Films;
			sourceTree = "<group>";
		};
		9AB122312519D2E900A300D7 /* Frameworks */ = {
			isa = PBXGroup;
			children = (
			);
			name = Frameworks;
			sourceTree = "<group>";
		};
		9AB1223A2519D46500A300D7 /* FilmsAppSUITests */ = {
			isa = PBXGroup;
			children = (
				9AB1223B2519D46500A300D7 /* FilmsAppSUITests.swift */,
				9AB1223D2519D46500A300D7 /* Info.plist */,
			);
			path = FilmsAppSUITests;
			sourceTree = "<group>";
		};
		9AB1224A2519D47800A300D7 /* FilmsAppSUIUITests */ = {
			isa = PBXGroup;
			children = (
				9AB1224B2519D47800A300D7 /* FilmsAppSUIUITests.swift */,
				9AB1224D2519D47800A300D7 /* Info.plist */,
			);
			path = FilmsAppSUIUITests;
			sourceTree = "<group>";
		};
/* End PBXGroup section */

/* Begin PBXNativeTarget section */
		9A4AABD324F9325D009E1817 /* FilmsAppSUI */ = {
			isa = PBXNativeTarget;
			buildConfigurationList = 9A4AABE824F93261009E1817 /* Build configuration list for PBXNativeTarget "FilmsAppSUI" */;
			buildPhases = (
				9A4AABD024F9325D009E1817 /* Sources */,
				9A4AABD124F9325D009E1817 /* Frameworks */,
				9A4AABD224F9325D009E1817 /* Resources */,
			);
			buildRules = (
			);
			dependencies = (
			);
			name = FilmsAppSUI;
			packageProductDependencies = (
				9A08BCD4250268CE00268128 /* KingfisherSwiftUI */,
				9A08BD15250744BB00268128 /* Moya */,
			);
			productName = FilmsAppSUI;
			productReference = 9A4AABD424F9325D009E1817 /* FilmsAppSUI.app */;
			productType = "com.apple.product-type.application";
		};
		9AB122382519D46500A300D7 /* FilmsAppSUITests */ = {
			isa = PBXNativeTarget;
			buildConfigurationList = 9AB122402519D46500A300D7 /* Build configuration list for PBXNativeTarget "FilmsAppSUITests" */;
			buildPhases = (
				9AB122352519D46500A300D7 /* Sources */,
				9AB122362519D46500A300D7 /* Frameworks */,
				9AB122372519D46500A300D7 /* Resources */,
			);
			buildRules = (
			);
			dependencies = (
				9AB1223F2519D46500A300D7 /* PBXTargetDependency */,
			);
			name = FilmsAppSUITests;
			productName = FilmsAppSUITests;
			productReference = 9AB122392519D46500A300D7 /* FilmsAppSUITests.xctest */;
			productType = "com.apple.product-type.bundle.unit-test";
		};
		9AB122482519D47800A300D7 /* FilmsAppSUIUITests */ = {
			isa = PBXNativeTarget;
			buildConfigurationList = 9AB122502519D47800A300D7 /* Build configuration list for PBXNativeTarget "FilmsAppSUIUITests" */;
			buildPhases = (
				9AB122452519D47800A300D7 /* Sources */,
				9AB122462519D47800A300D7 /* Frameworks */,
				9AB122472519D47800A300D7 /* Resources */,
			);
			buildRules = (
			);
			dependencies = (
				9AB1224F2519D47800A300D7 /* PBXTargetDependency */,
			);
			name = FilmsAppSUIUITests;
			productName = FilmsAppSUIUITests;
			productReference = 9AB122492519D47800A300D7 /* FilmsAppSUIUITests.xctest */;
			productType = "com.apple.product-type.bundle.ui-testing";
		};
/* End PBXNativeTarget section */

/* Begin PBXProject section */
		9A4AABCC24F9325D009E1817 /* Project object */ = {
			isa = PBXProject;
			attributes = {
				LastSwiftUpdateCheck = 1200;
				LastUpgradeCheck = 1200;
				ORGANIZATIONNAME = "Виталий Баник";
				TargetAttributes = {
					9A4AABD324F9325D009E1817 = {
						CreatedOnToolsVersion = 11.6;
					};
					9AB122382519D46500A300D7 = {
						CreatedOnToolsVersion = 12.0;
						TestTargetID = 9A4AABD324F9325D009E1817;
					};
					9AB122482519D47800A300D7 = {
						CreatedOnToolsVersion = 12.0;
						TestTargetID = 9A4AABD324F9325D009E1817;
					};
				};
			};
			buildConfigurationList = 9A4AABCF24F9325D009E1817 /* Build configuration list for PBXProject "FilmsAppSUI" */;
			compatibilityVersion = "Xcode 9.3";
			developmentRegion = en;
			hasScannedForEncodings = 0;
			knownRegions = (
				en,
				Base,
			);
			mainGroup = 9A4AABCB24F9325D009E1817;
			packageReferences = (
				9A08BCD3250268CE00268128 /* XCRemoteSwiftPackageReference "Kingfisher" */,
				9A08BD14250744BB00268128 /* XCRemoteSwiftPackageReference "Moya" */,
			);
			productRefGroup = 9A4AABD524F9325D009E1817 /* Products */;
			projectDirPath = "";
			projectRoot = "";
			targets = (
				9A4AABD324F9325D009E1817 /* FilmsAppSUI */,
				9AB122382519D46500A300D7 /* FilmsAppSUITests */,
				9AB122482519D47800A300D7 /* FilmsAppSUIUITests */,
			);
		};
/* End PBXProject section */

/* Begin PBXResourcesBuildPhase section */
		9A4AABD224F9325D009E1817 /* Resources */ = {
			isa = PBXResourcesBuildPhase;
			buildActionMask = 2147483647;
			files = (
				9A4AABE424F93261009E1817 /* LaunchScreen.storyboard in Resources */,
				9A4AABF424F9347A009E1817 /* Localizable.strings in Resources */,
				9A4AABE124F93261009E1817 /* Preview Assets.xcassets in Resources */,
				9A4AABDE24F93261009E1817 /* Assets.xcassets in Resources */,
			);
			runOnlyForDeploymentPostprocessing = 0;
		};
		9AB122372519D46500A300D7 /* Resources */ = {
			isa = PBXResourcesBuildPhase;
			buildActionMask = 2147483647;
			files = (
			);
			runOnlyForDeploymentPostprocessing = 0;
		};
		9AB122472519D47800A300D7 /* Resources */ = {
			isa = PBXResourcesBuildPhase;
			buildActionMask = 2147483647;
			files = (
			);
			runOnlyForDeploymentPostprocessing = 0;
		};
/* End PBXResourcesBuildPhase section */

/* Begin PBXSourcesBuildPhase section */
		9A4AABD024F9325D009E1817 /* Sources */ = {
			isa = PBXSourcesBuildPhase;
			buildActionMask = 2147483647;
			files = (
				9A4AAC0F24F93E2F009E1817 /* YearHeaderView.swift in Sources */,
				9A4C64602509096900D6A67A /* FilmsListRouter.swift in Sources */,
				9A08BCEE250621E600268128 /* View+Extensions.swift in Sources */,
				9A08BD052506637100268128 /* FilmsListConfigurator.swift in Sources */,
				9A52663B251B9FD700C98DF6 /* FilmsTableView.swift in Sources */,
				9A08BD0B2506740800268128 /* ContainerView.swift in Sources */,
				9A4AAC1224F94025009E1817 /* FilmModel.swift in Sources */,
				9A4AABF224F9339E009E1817 /* Text+Extensions.swift in Sources */,
				9A08BCFB25065DDD00268128 /* Navigator.swift in Sources */,
				9A13B1A42514B19200889884 /* FilmImageView.swift in Sources */,
				9A4AAC0D24F93E11009E1817 /* FilmCellView.swift in Sources */,
				9A48B9A8251D005D00DF5EF8 /* FilterByGenresView.swift in Sources */,
				9A08BCD2250266E800268128 /* NetworkImage.swift in Sources */,
				9A13B1A62514B26400889884 /* FilmInfoView.swift in Sources */,
				9A13B1AC2514B59000889884 /* FilmGenresView.swift in Sources */,
				9A4AABD824F9325D009E1817 /* AppDelegate.swift in Sources */,
				9A4B6FDE251DF5C3009A7724 /* FilterButtonView.swift in Sources */,
				9A08BD13250743F300268128 /* FilmsRequest.swift in Sources */,
				9A5FDD38251075E0000BE3D8 /* FilmDetailsRouter.swift in Sources */,
				9A08BD23250763DE00268128 /* FilmDetailsConfigurator.swift in Sources */,
				9A08BD2125075D9100268128 /* Protocols.swift in Sources */,
				9A08BCE82506030E00268128 /* SpinnerView.swift in Sources */,
				9A08BD0F250743E000268128 /* GetFilmsUseCase.swift in Sources */,
				9A13B1AF2515E2F900889884 /* FilmGenreView.swift in Sources */,
				9A08BCD0250266A600268128 /* FilmDetailsView.swift in Sources */,
				9A08BD272507644000268128 /* FilmDetailsPresenter.swift in Sources */,
				9A08BD092506688200268128 /* FilmsListPresenter.swift in Sources */,
				9A4AABDA24F9325D009E1817 /* SceneDelegate.swift in Sources */,
				9A4AAC0A24F93DD3009E1817 /* FilmsListView.swift in Sources */,
				9A08BD1E25075D4C00268128 /* ContainerPresenter.swift in Sources */,
				9A5FDD36251072E8000BE3D8 /* FilmDetailsData.swift in Sources */,
				9A08BD192507566F00268128 /* FilmsListData.swift in Sources */,
				9A08BD12250743F300268128 /* NetworkHelper.swift in Sources */,
				9A08BCCE2502585D00268128 /* ListModels.swift in Sources */,
				9A4AAC0324F9397D009E1817 /* Film.swift in Sources */,
			);
			runOnlyForDeploymentPostprocessing = 0;
		};
		9AB122352519D46500A300D7 /* Sources */ = {
			isa = PBXSourcesBuildPhase;
			buildActionMask = 2147483647;
			files = (
				9AB1223C2519D46500A300D7 /* FilmsAppSUITests.swift in Sources */,
			);
			runOnlyForDeploymentPostprocessing = 0;
		};
		9AB122452519D47800A300D7 /* Sources */ = {
			isa = PBXSourcesBuildPhase;
			buildActionMask = 2147483647;
			files = (
				9AB1224C2519D47800A300D7 /* FilmsAppSUIUITests.swift in Sources */,
			);
			runOnlyForDeploymentPostprocessing = 0;
		};
/* End PBXSourcesBuildPhase section */

/* Begin PBXTargetDependency section */
		9AB1223F2519D46500A300D7 /* PBXTargetDependency */ = {
			isa = PBXTargetDependency;
			target = 9A4AABD324F9325D009E1817 /* FilmsAppSUI */;
			targetProxy = 9AB1223E2519D46500A300D7 /* PBXContainerItemProxy */;
		};
		9AB1224F2519D47800A300D7 /* PBXTargetDependency */ = {
			isa = PBXTargetDependency;
			target = 9A4AABD324F9325D009E1817 /* FilmsAppSUI */;
			targetProxy = 9AB1224E2519D47800A300D7 /* PBXContainerItemProxy */;
		};
/* End PBXTargetDependency section */

/* Begin PBXVariantGroup section */
		9A4AABE224F93261009E1817 /* LaunchScreen.storyboard */ = {
			isa = PBXVariantGroup;
			children = (
				9A4AABE324F93261009E1817 /* Base */,
			);
			name = LaunchScreen.storyboard;
			sourceTree = "<group>";
		};
/* End PBXVariantGroup section */

/* Begin XCBuildConfiguration section */
		9A4AABE624F93261009E1817 /* Debug */ = {
			isa = XCBuildConfiguration;
			buildSettings = {
				ALWAYS_SEARCH_USER_PATHS = NO;
				CLANG_ANALYZER_NONNULL = YES;
				CLANG_ANALYZER_NUMBER_OBJECT_CONVERSION = YES_AGGRESSIVE;
				CLANG_CXX_LANGUAGE_STANDARD = "gnu++14";
				CLANG_CXX_LIBRARY = "libc++";
				CLANG_ENABLE_MODULES = YES;
				CLANG_ENABLE_OBJC_ARC = YES;
				CLANG_ENABLE_OBJC_WEAK = YES;
				CLANG_WARN_BLOCK_CAPTURE_AUTORELEASING = YES;
				CLANG_WARN_BOOL_CONVERSION = YES;
				CLANG_WARN_COMMA = YES;
				CLANG_WARN_CONSTANT_CONVERSION = YES;
				CLANG_WARN_DEPRECATED_OBJC_IMPLEMENTATIONS = YES;
				CLANG_WARN_DIRECT_OBJC_ISA_USAGE = YES_ERROR;
				CLANG_WARN_DOCUMENTATION_COMMENTS = YES;
				CLANG_WARN_EMPTY_BODY = YES;
				CLANG_WARN_ENUM_CONVERSION = YES;
				CLANG_WARN_INFINITE_RECURSION = YES;
				CLANG_WARN_INT_CONVERSION = YES;
				CLANG_WARN_NON_LITERAL_NULL_CONVERSION = YES;
				CLANG_WARN_OBJC_IMPLICIT_RETAIN_SELF = YES;
				CLANG_WARN_OBJC_LITERAL_CONVERSION = YES;
				CLANG_WARN_OBJC_ROOT_CLASS = YES_ERROR;
				CLANG_WARN_QUOTED_INCLUDE_IN_FRAMEWORK_HEADER = YES;
				CLANG_WARN_RANGE_LOOP_ANALYSIS = YES;
				CLANG_WARN_STRICT_PROTOTYPES = YES;
				CLANG_WARN_SUSPICIOUS_MOVE = YES;
				CLANG_WARN_UNGUARDED_AVAILABILITY = YES_AGGRESSIVE;
				CLANG_WARN_UNREACHABLE_CODE = YES;
				CLANG_WARN__DUPLICATE_METHOD_MATCH = YES;
				COPY_PHASE_STRIP = NO;
				DEBUG_INFORMATION_FORMAT = dwarf;
				ENABLE_STRICT_OBJC_MSGSEND = YES;
				ENABLE_TESTABILITY = YES;
				GCC_C_LANGUAGE_STANDARD = gnu11;
				GCC_DYNAMIC_NO_PIC = NO;
				GCC_NO_COMMON_BLOCKS = YES;
				GCC_OPTIMIZATION_LEVEL = 0;
				GCC_PREPROCESSOR_DEFINITIONS = (
					"DEBUG=1",
					"$(inherited)",
				);
				GCC_WARN_64_TO_32_BIT_CONVERSION = YES;
				GCC_WARN_ABOUT_RETURN_TYPE = YES_ERROR;
				GCC_WARN_UNDECLARED_SELECTOR = YES;
				GCC_WARN_UNINITIALIZED_AUTOS = YES_AGGRESSIVE;
				GCC_WARN_UNUSED_FUNCTION = YES;
				GCC_WARN_UNUSED_VARIABLE = YES;
				IPHONEOS_DEPLOYMENT_TARGET = 13.0;
				MTL_ENABLE_DEBUG_INFO = INCLUDE_SOURCE;
				MTL_FAST_MATH = YES;
				ONLY_ACTIVE_ARCH = YES;
				SDKROOT = iphoneos;
				SWIFT_ACTIVE_COMPILATION_CONDITIONS = DEBUG;
				SWIFT_OPTIMIZATION_LEVEL = "-Onone";
			};
			name = Debug;
		};
		9A4AABE724F93261009E1817 /* Release */ = {
			isa = XCBuildConfiguration;
			buildSettings = {
				ALWAYS_SEARCH_USER_PATHS = NO;
				CLANG_ANALYZER_NONNULL = YES;
				CLANG_ANALYZER_NUMBER_OBJECT_CONVERSION = YES_AGGRESSIVE;
				CLANG_CXX_LANGUAGE_STANDARD = "gnu++14";
				CLANG_CXX_LIBRARY = "libc++";
				CLANG_ENABLE_MODULES = YES;
				CLANG_ENABLE_OBJC_ARC = YES;
				CLANG_ENABLE_OBJC_WEAK = YES;
				CLANG_WARN_BLOCK_CAPTURE_AUTORELEASING = YES;
				CLANG_WARN_BOOL_CONVERSION = YES;
				CLANG_WARN_COMMA = YES;
				CLANG_WARN_CONSTANT_CONVERSION = YES;
				CLANG_WARN_DEPRECATED_OBJC_IMPLEMENTATIONS = YES;
				CLANG_WARN_DIRECT_OBJC_ISA_USAGE = YES_ERROR;
				CLANG_WARN_DOCUMENTATION_COMMENTS = YES;
				CLANG_WARN_EMPTY_BODY = YES;
				CLANG_WARN_ENUM_CONVERSION = YES;
				CLANG_WARN_INFINITE_RECURSION = YES;
				CLANG_WARN_INT_CONVERSION = YES;
				CLANG_WARN_NON_LITERAL_NULL_CONVERSION = YES;
				CLANG_WARN_OBJC_IMPLICIT_RETAIN_SELF = YES;
				CLANG_WARN_OBJC_LITERAL_CONVERSION = YES;
				CLANG_WARN_OBJC_ROOT_CLASS = YES_ERROR;
				CLANG_WARN_QUOTED_INCLUDE_IN_FRAMEWORK_HEADER = YES;
				CLANG_WARN_RANGE_LOOP_ANALYSIS = YES;
				CLANG_WARN_STRICT_PROTOTYPES = YES;
				CLANG_WARN_SUSPICIOUS_MOVE = YES;
				CLANG_WARN_UNGUARDED_AVAILABILITY = YES_AGGRESSIVE;
				CLANG_WARN_UNREACHABLE_CODE = YES;
				CLANG_WARN__DUPLICATE_METHOD_MATCH = YES;
				COPY_PHASE_STRIP = NO;
				DEBUG_INFORMATION_FORMAT = "dwarf-with-dsym";
				ENABLE_NS_ASSERTIONS = NO;
				ENABLE_STRICT_OBJC_MSGSEND = YES;
				GCC_C_LANGUAGE_STANDARD = gnu11;
				GCC_NO_COMMON_BLOCKS = YES;
				GCC_WARN_64_TO_32_BIT_CONVERSION = YES;
				GCC_WARN_ABOUT_RETURN_TYPE = YES_ERROR;
				GCC_WARN_UNDECLARED_SELECTOR = YES;
				GCC_WARN_UNINITIALIZED_AUTOS = YES_AGGRESSIVE;
				GCC_WARN_UNUSED_FUNCTION = YES;
				GCC_WARN_UNUSED_VARIABLE = YES;
				IPHONEOS_DEPLOYMENT_TARGET = 13.0;
				MTL_ENABLE_DEBUG_INFO = NO;
				MTL_FAST_MATH = YES;
				SDKROOT = iphoneos;
				SWIFT_COMPILATION_MODE = wholemodule;
				SWIFT_OPTIMIZATION_LEVEL = "-O";
				VALIDATE_PRODUCT = YES;
			};
			name = Release;
		};
		9A4AABE924F93261009E1817 /* Debug */ = {
			isa = XCBuildConfiguration;
			buildSettings = {
				ASSETCATALOG_COMPILER_APPICON_NAME = AppIcon;
				CODE_SIGN_STYLE = Automatic;
				DEVELOPMENT_ASSET_PATHS = "\"FilmsAppSUI/Resources/Preview Content\"";
				DEVELOPMENT_TEAM = 4XJM4GSZPH;
				ENABLE_PREVIEWS = YES;
				INFOPLIST_FILE = FilmsAppSUI/Resources/Info.plist;
				IPHONEOS_DEPLOYMENT_TARGET = 13.0;
				LD_RUNPATH_SEARCH_PATHS = (
					"$(inherited)",
					"@executable_path/Frameworks",
				);
				PRODUCT_BUNDLE_IDENTIFIER = myApps.FilmsAppSUI;
				PRODUCT_NAME = "$(TARGET_NAME)";
				SWIFT_VERSION = 5.0;
				TARGETED_DEVICE_FAMILY = 1;
			};
			name = Debug;
		};
		9A4AABEA24F93261009E1817 /* Release */ = {
			isa = XCBuildConfiguration;
			buildSettings = {
				ASSETCATALOG_COMPILER_APPICON_NAME = AppIcon;
				CODE_SIGN_STYLE = Automatic;
				DEVELOPMENT_ASSET_PATHS = "\"FilmsAppSUI/Resources/Preview Content\"";
				DEVELOPMENT_TEAM = 4XJM4GSZPH;
				ENABLE_PREVIEWS = YES;
				INFOPLIST_FILE = FilmsAppSUI/Resources/Info.plist;
				IPHONEOS_DEPLOYMENT_TARGET = 13.0;
				LD_RUNPATH_SEARCH_PATHS = (
					"$(inherited)",
					"@executable_path/Frameworks",
				);
				PRODUCT_BUNDLE_IDENTIFIER = myApps.FilmsAppSUI;
				PRODUCT_NAME = "$(TARGET_NAME)";
				SWIFT_VERSION = 5.0;
				TARGETED_DEVICE_FAMILY = 1;
			};
			name = Release;
		};
		9AB122412519D46500A300D7 /* Debug */ = {
			isa = XCBuildConfiguration;
			buildSettings = {
				BUNDLE_LOADER = "$(TEST_HOST)";
				CODE_SIGN_STYLE = Automatic;
				DEVELOPMENT_TEAM = 4XJM4GSZPH;
				INFOPLIST_FILE = FilmsAppSUITests/Info.plist;
				IPHONEOS_DEPLOYMENT_TARGET = 14.0;
				LD_RUNPATH_SEARCH_PATHS = (
					"$(inherited)",
					"@executable_path/Frameworks",
					"@loader_path/Frameworks",
				);
				PRODUCT_BUNDLE_IDENTIFIER = myApps.FilmsAppSUITests;
				PRODUCT_NAME = "$(TARGET_NAME)";
				SWIFT_VERSION = 5.0;
				TARGETED_DEVICE_FAMILY = "1,2";
				TEST_HOST = "$(BUILT_PRODUCTS_DIR)/FilmsAppSUI.app/FilmsAppSUI";
			};
			name = Debug;
		};
		9AB122422519D46500A300D7 /* Release */ = {
			isa = XCBuildConfiguration;
			buildSettings = {
				BUNDLE_LOADER = "$(TEST_HOST)";
				CODE_SIGN_STYLE = Automatic;
				DEVELOPMENT_TEAM = 4XJM4GSZPH;
				INFOPLIST_FILE = FilmsAppSUITests/Info.plist;
				IPHONEOS_DEPLOYMENT_TARGET = 14.0;
				LD_RUNPATH_SEARCH_PATHS = (
					"$(inherited)",
					"@executable_path/Frameworks",
					"@loader_path/Frameworks",
				);
				PRODUCT_BUNDLE_IDENTIFIER = myApps.FilmsAppSUITests;
				PRODUCT_NAME = "$(TARGET_NAME)";
				SWIFT_VERSION = 5.0;
				TARGETED_DEVICE_FAMILY = "1,2";
				TEST_HOST = "$(BUILT_PRODUCTS_DIR)/FilmsAppSUI.app/FilmsAppSUI";
			};
			name = Release;
		};
		9AB122512519D47800A300D7 /* Debug */ = {
			isa = XCBuildConfiguration;
			buildSettings = {
				CODE_SIGN_STYLE = Automatic;
				DEVELOPMENT_TEAM = 4XJM4GSZPH;
				INFOPLIST_FILE = FilmsAppSUIUITests/Info.plist;
				IPHONEOS_DEPLOYMENT_TARGET = 14.0;
				LD_RUNPATH_SEARCH_PATHS = (
					"$(inherited)",
					"@executable_path/Frameworks",
					"@loader_path/Frameworks",
				);
				PRODUCT_BUNDLE_IDENTIFIER = myApps.FilmsAppSUIUITests;
				PRODUCT_NAME = "$(TARGET_NAME)";
				SWIFT_VERSION = 5.0;
				TARGETED_DEVICE_FAMILY = "1,2";
				TEST_TARGET_NAME = FilmsAppSUI;
			};
			name = Debug;
		};
		9AB122522519D47800A300D7 /* Release */ = {
			isa = XCBuildConfiguration;
			buildSettings = {
				CODE_SIGN_STYLE = Automatic;
				DEVELOPMENT_TEAM = 4XJM4GSZPH;
				INFOPLIST_FILE = FilmsAppSUIUITests/Info.plist;
				IPHONEOS_DEPLOYMENT_TARGET = 14.0;
				LD_RUNPATH_SEARCH_PATHS = (
					"$(inherited)",
					"@executable_path/Frameworks",
					"@loader_path/Frameworks",
				);
				PRODUCT_BUNDLE_IDENTIFIER = myApps.FilmsAppSUIUITests;
				PRODUCT_NAME = "$(TARGET_NAME)";
				SWIFT_VERSION = 5.0;
				TARGETED_DEVICE_FAMILY = "1,2";
				TEST_TARGET_NAME = FilmsAppSUI;
			};
			name = Release;
		};
/* End XCBuildConfiguration section */

/* Begin XCConfigurationList section */
		9A4AABCF24F9325D009E1817 /* Build configuration list for PBXProject "FilmsAppSUI" */ = {
			isa = XCConfigurationList;
			buildConfigurations = (
				9A4AABE624F93261009E1817 /* Debug */,
				9A4AABE724F93261009E1817 /* Release */,
			);
			defaultConfigurationIsVisible = 0;
			defaultConfigurationName = Release;
		};
		9A4AABE824F93261009E1817 /* Build configuration list for PBXNativeTarget "FilmsAppSUI" */ = {
			isa = XCConfigurationList;
			buildConfigurations = (
				9A4AABE924F93261009E1817 /* Debug */,
				9A4AABEA24F93261009E1817 /* Release */,
			);
			defaultConfigurationIsVisible = 0;
			defaultConfigurationName = Release;
		};
		9AB122402519D46500A300D7 /* Build configuration list for PBXNativeTarget "FilmsAppSUITests" */ = {
			isa = XCConfigurationList;
			buildConfigurations = (
				9AB122412519D46500A300D7 /* Debug */,
				9AB122422519D46500A300D7 /* Release */,
			);
			defaultConfigurationIsVisible = 0;
			defaultConfigurationName = Release;
		};
		9AB122502519D47800A300D7 /* Build configuration list for PBXNativeTarget "FilmsAppSUIUITests" */ = {
			isa = XCConfigurationList;
			buildConfigurations = (
				9AB122512519D47800A300D7 /* Debug */,
				9AB122522519D47800A300D7 /* Release */,
			);
			defaultConfigurationIsVisible = 0;
			defaultConfigurationName = Release;
		};
/* End XCConfigurationList section */

/* Begin XCRemoteSwiftPackageReference section */
		9A08BCD3250268CE00268128 /* XCRemoteSwiftPackageReference "Kingfisher" */ = {
			isa = XCRemoteSwiftPackageReference;
			repositoryURL = "https://github.com/onevcat/Kingfisher.git";
			requirement = {
				kind = upToNextMajorVersion;
				minimumVersion = 5.15.0;
			};
		};
		9A08BD14250744BB00268128 /* XCRemoteSwiftPackageReference "Moya" */ = {
			isa = XCRemoteSwiftPackageReference;
			repositoryURL = "https://github.com/Moya/Moya.git";
			requirement = {
				kind = upToNextMajorVersion;
				minimumVersion = 14.0.0;
			};
		};
/* End XCRemoteSwiftPackageReference section */

/* Begin XCSwiftPackageProductDependency section */
		9A08BCD4250268CE00268128 /* KingfisherSwiftUI */ = {
			isa = XCSwiftPackageProductDependency;
			package = 9A08BCD3250268CE00268128 /* XCRemoteSwiftPackageReference "Kingfisher" */;
			productName = KingfisherSwiftUI;
		};
		9A08BD15250744BB00268128 /* Moya */ = {
			isa = XCSwiftPackageProductDependency;
			package = 9A08BD14250744BB00268128 /* XCRemoteSwiftPackageReference "Moya" */;
			productName = Moya;
		};
/* End XCSwiftPackageProductDependency section */
	};
	rootObject = 9A4AABCC24F9325D009E1817 /* Project object */;
}
