// !$*UTF8*$!
{
	archiveVersion = 1;
	classes = {
	};
	objectVersion = 52;
	objects = {

/* Begin PBXBuildFile section */
		1D76EFC73A16A48D5A0A545C /* TestModuleView.swift in Sources */ = {isa = PBXBuildFile; fileRef = C4F86DA045EB49100A6BB39A /* TestModuleView.swift */; };
		3D9B49393D5FEE9E4FCFEF44 /* TestPresentConfigurator.swift in Sources */ = {isa = PBXBuildFile; fileRef = AA3302BE2CC31BE87C1E0D4D /* TestPresentConfigurator.swift */; };
		5B2D6798617BFAA73E65B52E /* TestModuleConfigurator.swift in Sources */ = {isa = PBXBuildFile; fileRef = 87172CBF26BD43437DDC25F1 /* TestModuleConfigurator.swift */; };
		5F0DBB1F04E57EE3C33D9A6E /* TestPresentView.swift in Sources */ = {isa = PBXBuildFile; fileRef = 485167C0E7EC6F7D4418E8D8 /* TestPresentView.swift */; };
		732702B35379ECC08FF13BB3 /* TestView.swift in Sources */ = {isa = PBXBuildFile; fileRef = 996765FF4DE41E79EE1E79AD /* TestView.swift */; };
		80E7E258448C7467F94C61F6 /* TestData.swift in Sources */ = {isa = PBXBuildFile; fileRef = CF25A7E614EFA4E4BFD93263 /* TestData.swift */; };
		869166AAAC21A4D67F26E255 /* TestPresenter.swift in Sources */ = {isa = PBXBuildFile; fileRef = 57BE9F73313FFB922087DC2C /* TestPresenter.swift */; };
		8F0151D3A7BD6726EA164C13 /* TestModuleRouter.swift in Sources */ = {isa = PBXBuildFile; fileRef = 874B0F370644C964470C403D /* TestModuleRouter.swift */; };
		92F6E33B58D0FC9D5CC15186 /* TestPresentData.swift in Sources */ = {isa = PBXBuildFile; fileRef = 9DD8C9465149C3B8166ED6E6 /* TestPresentData.swift */; };
		9A08BCCE2502585D00268128 /* ListModels.swift in Sources */ = {isa = PBXBuildFile; fileRef = 9A08BCCD2502585D00268128 /* ListModels.swift */; };
		9A08BCD0250266A600268128 /* FilmDetailsView.swift in Sources */ = {isa = PBXBuildFile; fileRef = 9A08BCCF250266A600268128 /* FilmDetailsView.swift */; };
		9A08BCD2250266E800268128 /* NetworkImage.swift in Sources */ = {isa = PBXBuildFile; fileRef = 9A08BCD1250266E800268128 /* NetworkImage.swift */; };
		9A08BCD5250268CE00268128 /* KingfisherSwiftUI in Frameworks */ = {isa = PBXBuildFile; productRef = 9A08BCD4250268CE00268128 /* KingfisherSwiftUI */; };
		9A08BCE82506030E00268128 /* SpinnerView.swift in Sources */ = {isa = PBXBuildFile; fileRef = 9A08BCE72506030E00268128 /* SpinnerView.swift */; };
		9A08BCEE250621E600268128 /* View+Extensions.swift in Sources */ = {isa = PBXBuildFile; fileRef = 9A08BCED250621E600268128 /* View+Extensions.swift */; };
		9A08BCFB25065DDD00268128 /* NavigatorImpl.swift in Sources */ = {isa = PBXBuildFile; fileRef = 9A08BCF925065DDD00268128 /* NavigatorImpl.swift */; };
		9A08BD052506637100268128 /* FilmsListConfigurator.swift in Sources */ = {isa = PBXBuildFile; fileRef = 9A08BD042506637100268128 /* FilmsListConfigurator.swift */; };
		9A08BD092506688200268128 /* FilmsListPresenter.swift in Sources */ = {isa = PBXBuildFile; fileRef = 9A08BD082506688200268128 /* FilmsListPresenter.swift */; };
		9A08BD0B2506740800268128 /* ContainerView.swift in Sources */ = {isa = PBXBuildFile; fileRef = 9A08BD0A2506740800268128 /* ContainerView.swift */; };
		9A08BD0F250743E000268128 /* GetFilmsUseCase.swift in Sources */ = {isa = PBXBuildFile; fileRef = 9A08BD0E250743E000268128 /* GetFilmsUseCase.swift */; };
		9A08BD12250743F300268128 /* NetworkHelper.swift in Sources */ = {isa = PBXBuildFile; fileRef = 9A08BD10250743F300268128 /* NetworkHelper.swift */; };
		9A08BD13250743F300268128 /* FilmsRequest.swift in Sources */ = {isa = PBXBuildFile; fileRef = 9A08BD11250743F300268128 /* FilmsRequest.swift */; };
		9A08BD16250744BB00268128 /* Moya in Frameworks */ = {isa = PBXBuildFile; productRef = 9A08BD15250744BB00268128 /* Moya */; };
		9A08BD192507566F00268128 /* FilmsListData.swift in Sources */ = {isa = PBXBuildFile; fileRef = 9A08BD182507566F00268128 /* FilmsListData.swift */; };
		9A08BD1E25075D4C00268128 /* ContainerPresenter.swift in Sources */ = {isa = PBXBuildFile; fileRef = 9A08BD1D25075D4C00268128 /* ContainerPresenter.swift */; };
		9A08BD23250763DE00268128 /* FilmDetailsConfigurator.swift in Sources */ = {isa = PBXBuildFile; fileRef = 9A08BD22250763DE00268128 /* FilmDetailsConfigurator.swift */; };
		9A08BD272507644000268128 /* FilmDetailsPresenter.swift in Sources */ = {isa = PBXBuildFile; fileRef = 9A08BD262507644000268128 /* FilmDetailsPresenter.swift */; };
		9A13B1A42514B19200889884 /* FilmImageView.swift in Sources */ = {isa = PBXBuildFile; fileRef = 9A13B1A32514B19200889884 /* FilmImageView.swift */; };
		9A13B1A62514B26400889884 /* FilmInfoView.swift in Sources */ = {isa = PBXBuildFile; fileRef = 9A13B1A52514B26400889884 /* FilmInfoView.swift */; };
		9A13B1AC2514B59000889884 /* GenresView.swift in Sources */ = {isa = PBXBuildFile; fileRef = 9A13B1AB2514B59000889884 /* GenresView.swift */; };
		9A13B1AF2515E2F900889884 /* GenreView.swift in Sources */ = {isa = PBXBuildFile; fileRef = 9A13B1AE2515E2F900889884 /* GenreView.swift */; };
		9A4AABD824F9325D009E1817 /* AppDelegate.swift in Sources */ = {isa = PBXBuildFile; fileRef = 9A4AABD724F9325D009E1817 /* AppDelegate.swift */; };
		9A4AABDA24F9325D009E1817 /* SceneDelegate.swift in Sources */ = {isa = PBXBuildFile; fileRef = 9A4AABD924F9325D009E1817 /* SceneDelegate.swift */; };
		9A4AABDE24F93261009E1817 /* Assets.xcassets in Resources */ = {isa = PBXBuildFile; fileRef = 9A4AABDD24F93261009E1817 /* Assets.xcassets */; };
		9A4AABE124F93261009E1817 /* Preview Assets.xcassets in Resources */ = {isa = PBXBuildFile; fileRef = 9A4AABE024F93261009E1817 /* Preview Assets.xcassets */; };
		9A4AABE424F93261009E1817 /* LaunchScreen.storyboard in Resources */ = {isa = PBXBuildFile; fileRef = 9A4AABE224F93261009E1817 /* LaunchScreen.storyboard */; };
		9A4AABF224F9339E009E1817 /* Text+Extensions.swift in Sources */ = {isa = PBXBuildFile; fileRef = 9A4AABF124F9339E009E1817 /* Text+Extensions.swift */; };
		9A4AABF424F9347A009E1817 /* Localizable.strings in Resources */ = {isa = PBXBuildFile; fileRef = 9A4AABF324F9347A009E1817 /* Localizable.strings */; };
		9A4AAC0324F9397D009E1817 /* Film.swift in Sources */ = {isa = PBXBuildFile; fileRef = 9A4AAC0224F9397D009E1817 /* Film.swift */; };
		9A4AAC0A24F93DD3009E1817 /* FilmsListView.swift in Sources */ = {isa = PBXBuildFile; fileRef = 9A4AAC0924F93DD3009E1817 /* FilmsListView.swift */; };
		9A4AAC0D24F93E11009E1817 /* FilmCellView.swift in Sources */ = {isa = PBXBuildFile; fileRef = 9A4AAC0C24F93E11009E1817 /* FilmCellView.swift */; };
		9A4AAC0F24F93E2F009E1817 /* YearHeaderView.swift in Sources */ = {isa = PBXBuildFile; fileRef = 9A4AAC0E24F93E2F009E1817 /* YearHeaderView.swift */; };
		9A4AAC1224F94025009E1817 /* FilmModel.swift in Sources */ = {isa = PBXBuildFile; fileRef = 9A4AAC1124F94025009E1817 /* FilmModel.swift */; };
		9A4C64602509096900D6A67A /* FilmsListRouter.swift in Sources */ = {isa = PBXBuildFile; fileRef = 9A4C645F2509096900D6A67A /* FilmsListRouter.swift */; };
		9A52663B251B9FD700C98DF6 /* FilmsTableView.swift in Sources */ = {isa = PBXBuildFile; fileRef = 9A52663A251B9FD700C98DF6 /* FilmsTableView.swift */; };
		9A5FDD36251072E8000BE3D8 /* FilmDetailsData.swift in Sources */ = {isa = PBXBuildFile; fileRef = 9A5FDD35251072E8000BE3D8 /* FilmDetailsData.swift */; };
		9A5FDD38251075E0000BE3D8 /* FilmDetailsRouter.swift in Sources */ = {isa = PBXBuildFile; fileRef = 9A5FDD37251075E0000BE3D8 /* FilmDetailsRouter.swift */; };
		9A68FDBA2532C6CF00AD7B22 /* Utils.swift in Sources */ = {isa = PBXBuildFile; fileRef = 9A68FDB92532C6CF00AD7B22 /* Utils.swift */; };
		9A741B6C252A11F600DD094E /* loading.json in Resources */ = {isa = PBXBuildFile; fileRef = 9A741B6B252A11F600DD094E /* loading.json */; };
		9A741B71252A136D00DD094E /* Array+Extensions.swift in Sources */ = {isa = PBXBuildFile; fileRef = 9A741B70252A136D00DD094E /* Array+Extensions.swift */; };
		9A91A77A252CB333001A249A /* NavigatorTests.swift in Sources */ = {isa = PBXBuildFile; fileRef = 9A91A779252CB333001A249A /* NavigatorTests.swift */; };
		9A92B2F525317FEA0018C68E /* Presentable.swift in Sources */ = {isa = PBXBuildFile; fileRef = 9A92B2F425317FEA0018C68E /* Presentable.swift */; };
		9A92B2F9253180110018C68E /* Presenter.swift in Sources */ = {isa = PBXBuildFile; fileRef = 9A92B2F8253180110018C68E /* Presenter.swift */; };
		9A92B2FD253180340018C68E /* Configurator.swift in Sources */ = {isa = PBXBuildFile; fileRef = 9A92B2FC253180340018C68E /* Configurator.swift */; };
		9A92B301253180520018C68E /* Configurable.swift in Sources */ = {isa = PBXBuildFile; fileRef = 9A92B300253180520018C68E /* Configurable.swift */; };
		9A92B3052531806A0018C68E /* Router.swift in Sources */ = {isa = PBXBuildFile; fileRef = 9A92B3042531806A0018C68E /* Router.swift */; };
		9A92B309253180850018C68E /* TabBarItem.swift in Sources */ = {isa = PBXBuildFile; fileRef = 9A92B308253180850018C68E /* TabBarItem.swift */; };
		9A92B30F2531809C0018C68E /* Navigator.swift in Sources */ = {isa = PBXBuildFile; fileRef = 9A92B30E2531809C0018C68E /* Navigator.swift */; };
		9A92B3362531C3400018C68E /* TabBarItemImpl.swift in Sources */ = {isa = PBXBuildFile; fileRef = 9A92B3352531C3400018C68E /* TabBarItemImpl.swift */; };
		9ACDE0E0252A031700C4A7F3 /* Lottie in Frameworks */ = {isa = PBXBuildFile; productRef = 9ACDE0DF252A031700C4A7F3 /* Lottie */; };
		9ACDE0E5252A032500C4A7F3 /* LottieView.swift in Sources */ = {isa = PBXBuildFile; fileRef = 9ACDE0E4252A032500C4A7F3 /* LottieView.swift */; };
		9DACBF95EEC8229F2A09E317 /* TestModulePresenter.swift in Sources */ = {isa = PBXBuildFile; fileRef = 369CFA6F67671729AFFBB11E /* TestModulePresenter.swift */; };
		A086FD3755BEA0CD8F07547C /* TestConfigurator.swift in Sources */ = {isa = PBXBuildFile; fileRef = ED716C5794B199199586AA22 /* TestConfigurator.swift */; };
		B8FC8A53BD8D272127FDAF7D /* TestPresentPresenter.swift in Sources */ = {isa = PBXBuildFile; fileRef = A81CC147CF56C3DCF7C5019C /* TestPresentPresenter.swift */; };
		E027379C0190CFC51DF4E2DD /* TestRouter.swift in Sources */ = {isa = PBXBuildFile; fileRef = 1AA7FFC3E5F22B2A759B40D7 /* TestRouter.swift */; };
		ED19E7389342502A28A58DC4 /* TestModuleData.swift in Sources */ = {isa = PBXBuildFile; fileRef = F970A9AECA7B67505A86370A /* TestModuleData.swift */; };
		F500848AC897A770A1A063A6 /* TestPresentRouter.swift in Sources */ = {isa = PBXBuildFile; fileRef = 2F981DA9281A7C3544E62A7D /* TestPresentRouter.swift */; };
/* End PBXBuildFile section */

/* Begin PBXContainerItemProxy section */
		9AB1223E2519D46500A300D7 /* PBXContainerItemProxy */ = {
			isa = PBXContainerItemProxy;
			containerPortal = 9A4AABCC24F9325D009E1817 /* Project object */;
			proxyType = 1;
			remoteGlobalIDString = 9A4AABD324F9325D009E1817;
			remoteInfo = FilmsAppSUI;
		};
/* End PBXContainerItemProxy section */

/* Begin PBXFileReference section */
		1AA7FFC3E5F22B2A759B40D7 /* TestRouter.swift */ = {isa = PBXFileReference; includeInIndex = 1; lastKnownFileType = sourcecode.swift; path = TestRouter.swift; sourceTree = "<group>"; };
		2F981DA9281A7C3544E62A7D /* TestPresentRouter.swift */ = {isa = PBXFileReference; includeInIndex = 1; lastKnownFileType = sourcecode.swift; path = TestPresentRouter.swift; sourceTree = "<group>"; };
		369CFA6F67671729AFFBB11E /* TestModulePresenter.swift */ = {isa = PBXFileReference; includeInIndex = 1; lastKnownFileType = sourcecode.swift; path = TestModulePresenter.swift; sourceTree = "<group>"; };
		485167C0E7EC6F7D4418E8D8 /* TestPresentView.swift */ = {isa = PBXFileReference; includeInIndex = 1; lastKnownFileType = sourcecode.swift; path = TestPresentView.swift; sourceTree = "<group>"; };
		57BE9F73313FFB922087DC2C /* TestPresenter.swift */ = {isa = PBXFileReference; includeInIndex = 1; lastKnownFileType = sourcecode.swift; path = TestPresenter.swift; sourceTree = "<group>"; };
		87172CBF26BD43437DDC25F1 /* TestModuleConfigurator.swift */ = {isa = PBXFileReference; includeInIndex = 1; lastKnownFileType = sourcecode.swift; path = TestModuleConfigurator.swift; sourceTree = "<group>"; };
		874B0F370644C964470C403D /* TestModuleRouter.swift */ = {isa = PBXFileReference; includeInIndex = 1; lastKnownFileType = sourcecode.swift; path = TestModuleRouter.swift; sourceTree = "<group>"; };
		996765FF4DE41E79EE1E79AD /* TestView.swift */ = {isa = PBXFileReference; includeInIndex = 1; lastKnownFileType = sourcecode.swift; path = TestView.swift; sourceTree = "<group>"; };
		9A08BCCD2502585D00268128 /* ListModels.swift */ = {isa = PBXFileReference; lastKnownFileType = sourcecode.swift; path = ListModels.swift; sourceTree = "<group>"; };
		9A08BCCF250266A600268128 /* FilmDetailsView.swift */ = {isa = PBXFileReference; lastKnownFileType = sourcecode.swift; path = FilmDetailsView.swift; sourceTree = "<group>"; };
		9A08BCD1250266E800268128 /* NetworkImage.swift */ = {isa = PBXFileReference; lastKnownFileType = sourcecode.swift; path = NetworkImage.swift; sourceTree = "<group>"; };
		9A08BCE72506030E00268128 /* SpinnerView.swift */ = {isa = PBXFileReference; fileEncoding = 4; lastKnownFileType = sourcecode.swift; path = SpinnerView.swift; sourceTree = "<group>"; };
		9A08BCED250621E600268128 /* View+Extensions.swift */ = {isa = PBXFileReference; lastKnownFileType = sourcecode.swift; path = "View+Extensions.swift"; sourceTree = "<group>"; };
		9A08BCF925065DDD00268128 /* NavigatorImpl.swift */ = {isa = PBXFileReference; fileEncoding = 4; lastKnownFileType = sourcecode.swift; path = NavigatorImpl.swift; sourceTree = "<group>"; };
		9A08BD042506637100268128 /* FilmsListConfigurator.swift */ = {isa = PBXFileReference; lastKnownFileType = sourcecode.swift; path = FilmsListConfigurator.swift; sourceTree = "<group>"; };
		9A08BD082506688200268128 /* FilmsListPresenter.swift */ = {isa = PBXFileReference; lastKnownFileType = sourcecode.swift; path = FilmsListPresenter.swift; sourceTree = "<group>"; };
		9A08BD0A2506740800268128 /* ContainerView.swift */ = {isa = PBXFileReference; lastKnownFileType = sourcecode.swift; path = ContainerView.swift; sourceTree = "<group>"; };
		9A08BD0E250743E000268128 /* GetFilmsUseCase.swift */ = {isa = PBXFileReference; fileEncoding = 4; lastKnownFileType = sourcecode.swift; path = GetFilmsUseCase.swift; sourceTree = "<group>"; };
		9A08BD10250743F300268128 /* NetworkHelper.swift */ = {isa = PBXFileReference; fileEncoding = 4; lastKnownFileType = sourcecode.swift; path = NetworkHelper.swift; sourceTree = "<group>"; };
		9A08BD11250743F300268128 /* FilmsRequest.swift */ = {isa = PBXFileReference; fileEncoding = 4; lastKnownFileType = sourcecode.swift; path = FilmsRequest.swift; sourceTree = "<group>"; };
		9A08BD182507566F00268128 /* FilmsListData.swift */ = {isa = PBXFileReference; lastKnownFileType = sourcecode.swift; path = FilmsListData.swift; sourceTree = "<group>"; };
		9A08BD1D25075D4C00268128 /* ContainerPresenter.swift */ = {isa = PBXFileReference; lastKnownFileType = sourcecode.swift; path = ContainerPresenter.swift; sourceTree = "<group>"; };
		9A08BD22250763DE00268128 /* FilmDetailsConfigurator.swift */ = {isa = PBXFileReference; lastKnownFileType = sourcecode.swift; path = FilmDetailsConfigurator.swift; sourceTree = "<group>"; };
		9A08BD262507644000268128 /* FilmDetailsPresenter.swift */ = {isa = PBXFileReference; lastKnownFileType = sourcecode.swift; path = FilmDetailsPresenter.swift; sourceTree = "<group>"; };
		9A13B1A32514B19200889884 /* FilmImageView.swift */ = {isa = PBXFileReference; lastKnownFileType = sourcecode.swift; path = FilmImageView.swift; sourceTree = "<group>"; };
		9A13B1A52514B26400889884 /* FilmInfoView.swift */ = {isa = PBXFileReference; lastKnownFileType = sourcecode.swift; path = FilmInfoView.swift; sourceTree = "<group>"; };
		9A13B1AB2514B59000889884 /* GenresView.swift */ = {isa = PBXFileReference; lastKnownFileType = sourcecode.swift; path = GenresView.swift; sourceTree = "<group>"; };
		9A13B1AE2515E2F900889884 /* GenreView.swift */ = {isa = PBXFileReference; lastKnownFileType = sourcecode.swift; path = GenreView.swift; sourceTree = "<group>"; };
		9A4AABD424F9325D009E1817 /* FilmsAppSUI.app */ = {isa = PBXFileReference; explicitFileType = wrapper.application; includeInIndex = 0; path = FilmsAppSUI.app; sourceTree = BUILT_PRODUCTS_DIR; };
		9A4AABD724F9325D009E1817 /* AppDelegate.swift */ = {isa = PBXFileReference; lastKnownFileType = sourcecode.swift; path = AppDelegate.swift; sourceTree = "<group>"; };
		9A4AABD924F9325D009E1817 /* SceneDelegate.swift */ = {isa = PBXFileReference; lastKnownFileType = sourcecode.swift; path = SceneDelegate.swift; sourceTree = "<group>"; };
		9A4AABDD24F93261009E1817 /* Assets.xcassets */ = {isa = PBXFileReference; lastKnownFileType = folder.assetcatalog; path = Assets.xcassets; sourceTree = "<group>"; };
		9A4AABE024F93261009E1817 /* Preview Assets.xcassets */ = {isa = PBXFileReference; lastKnownFileType = folder.assetcatalog; path = "Preview Assets.xcassets"; sourceTree = "<group>"; };
		9A4AABE324F93261009E1817 /* Base */ = {isa = PBXFileReference; lastKnownFileType = file.storyboard; name = Base; path = Base.lproj/LaunchScreen.storyboard; sourceTree = "<group>"; };
		9A4AABE524F93261009E1817 /* Info.plist */ = {isa = PBXFileReference; lastKnownFileType = text.plist.xml; path = Info.plist; sourceTree = "<group>"; };
		9A4AABF124F9339E009E1817 /* Text+Extensions.swift */ = {isa = PBXFileReference; lastKnownFileType = sourcecode.swift; path = "Text+Extensions.swift"; sourceTree = "<group>"; };
		9A4AABF324F9347A009E1817 /* Localizable.strings */ = {isa = PBXFileReference; lastKnownFileType = text.plist.strings; path = Localizable.strings; sourceTree = "<group>"; };
		9A4AAC0224F9397D009E1817 /* Film.swift */ = {isa = PBXFileReference; lastKnownFileType = sourcecode.swift; path = Film.swift; sourceTree = "<group>"; };
		9A4AAC0924F93DD3009E1817 /* FilmsListView.swift */ = {isa = PBXFileReference; lastKnownFileType = sourcecode.swift; path = FilmsListView.swift; sourceTree = "<group>"; };
		9A4AAC0C24F93E11009E1817 /* FilmCellView.swift */ = {isa = PBXFileReference; lastKnownFileType = sourcecode.swift; path = FilmCellView.swift; sourceTree = "<group>"; };
		9A4AAC0E24F93E2F009E1817 /* YearHeaderView.swift */ = {isa = PBXFileReference; lastKnownFileType = sourcecode.swift; path = YearHeaderView.swift; sourceTree = "<group>"; };
		9A4AAC1124F94025009E1817 /* FilmModel.swift */ = {isa = PBXFileReference; lastKnownFileType = sourcecode.swift; path = FilmModel.swift; sourceTree = "<group>"; };
		9A4C645F2509096900D6A67A /* FilmsListRouter.swift */ = {isa = PBXFileReference; lastKnownFileType = sourcecode.swift; path = FilmsListRouter.swift; sourceTree = "<group>"; };
		9A52663A251B9FD700C98DF6 /* FilmsTableView.swift */ = {isa = PBXFileReference; lastKnownFileType = sourcecode.swift; path = FilmsTableView.swift; sourceTree = "<group>"; };
		9A5FDD35251072E8000BE3D8 /* FilmDetailsData.swift */ = {isa = PBXFileReference; lastKnownFileType = sourcecode.swift; path = FilmDetailsData.swift; sourceTree = "<group>"; };
		9A5FDD37251075E0000BE3D8 /* FilmDetailsRouter.swift */ = {isa = PBXFileReference; lastKnownFileType = sourcecode.swift; path = FilmDetailsRouter.swift; sourceTree = "<group>"; };
		9A68FDB92532C6CF00AD7B22 /* Utils.swift */ = {isa = PBXFileReference; lastKnownFileType = sourcecode.swift; path = Utils.swift; sourceTree = "<group>"; };
		9A741B6B252A11F600DD094E /* loading.json */ = {isa = PBXFileReference; fileEncoding = 4; lastKnownFileType = text.json; path = loading.json; sourceTree = "<group>"; };
		9A741B70252A136D00DD094E /* Array+Extensions.swift */ = {isa = PBXFileReference; lastKnownFileType = sourcecode.swift; path = "Array+Extensions.swift"; sourceTree = "<group>"; };
		9A91A779252CB333001A249A /* NavigatorTests.swift */ = {isa = PBXFileReference; lastKnownFileType = sourcecode.swift; path = NavigatorTests.swift; sourceTree = "<group>"; };
		9A92B2F425317FEA0018C68E /* Presentable.swift */ = {isa = PBXFileReference; lastKnownFileType = sourcecode.swift; path = Presentable.swift; sourceTree = "<group>"; };
		9A92B2F8253180110018C68E /* Presenter.swift */ = {isa = PBXFileReference; lastKnownFileType = sourcecode.swift; path = Presenter.swift; sourceTree = "<group>"; };
		9A92B2FC253180340018C68E /* Configurator.swift */ = {isa = PBXFileReference; lastKnownFileType = sourcecode.swift; path = Configurator.swift; sourceTree = "<group>"; };
		9A92B300253180520018C68E /* Configurable.swift */ = {isa = PBXFileReference; lastKnownFileType = sourcecode.swift; path = Configurable.swift; sourceTree = "<group>"; };
		9A92B3042531806A0018C68E /* Router.swift */ = {isa = PBXFileReference; lastKnownFileType = sourcecode.swift; path = Router.swift; sourceTree = "<group>"; };
		9A92B308253180850018C68E /* TabBarItem.swift */ = {isa = PBXFileReference; lastKnownFileType = sourcecode.swift; path = TabBarItem.swift; sourceTree = "<group>"; };
		9A92B30E2531809C0018C68E /* Navigator.swift */ = {isa = PBXFileReference; lastKnownFileType = sourcecode.swift; path = Navigator.swift; sourceTree = "<group>"; };
		9A92B3352531C3400018C68E /* TabBarItemImpl.swift */ = {isa = PBXFileReference; lastKnownFileType = sourcecode.swift; path = TabBarItemImpl.swift; sourceTree = "<group>"; };
		9AB122392519D46500A300D7 /* FilmsAppSUITests.xctest */ = {isa = PBXFileReference; explicitFileType = wrapper.cfbundle; includeInIndex = 0; path = FilmsAppSUITests.xctest; sourceTree = BUILT_PRODUCTS_DIR; };
		9AB1223D2519D46500A300D7 /* Info.plist */ = {isa = PBXFileReference; lastKnownFileType = text.plist.xml; path = Info.plist; sourceTree = "<group>"; };
		9ACDE0E4252A032500C4A7F3 /* LottieView.swift */ = {isa = PBXFileReference; lastKnownFileType = sourcecode.swift; path = LottieView.swift; sourceTree = "<group>"; };
		9DD8C9465149C3B8166ED6E6 /* TestPresentData.swift */ = {isa = PBXFileReference; includeInIndex = 1; lastKnownFileType = sourcecode.swift; path = TestPresentData.swift; sourceTree = "<group>"; };
		A81CC147CF56C3DCF7C5019C /* TestPresentPresenter.swift */ = {isa = PBXFileReference; includeInIndex = 1; lastKnownFileType = sourcecode.swift; path = TestPresentPresenter.swift; sourceTree = "<group>"; };
		AA3302BE2CC31BE87C1E0D4D /* TestPresentConfigurator.swift */ = {isa = PBXFileReference; includeInIndex = 1; lastKnownFileType = sourcecode.swift; path = TestPresentConfigurator.swift; sourceTree = "<group>"; };
		C4F86DA045EB49100A6BB39A /* TestModuleView.swift */ = {isa = PBXFileReference; includeInIndex = 1; lastKnownFileType = sourcecode.swift; path = TestModuleView.swift; sourceTree = "<group>"; };
		CF25A7E614EFA4E4BFD93263 /* TestData.swift */ = {isa = PBXFileReference; includeInIndex = 1; lastKnownFileType = sourcecode.swift; path = TestData.swift; sourceTree = "<group>"; };
		ED716C5794B199199586AA22 /* TestConfigurator.swift */ = {isa = PBXFileReference; includeInIndex = 1; lastKnownFileType = sourcecode.swift; path = TestConfigurator.swift; sourceTree = "<group>"; };
		F970A9AECA7B67505A86370A /* TestModuleData.swift */ = {isa = PBXFileReference; includeInIndex = 1; lastKnownFileType = sourcecode.swift; path = TestModuleData.swift; sourceTree = "<group>"; };
/* End PBXFileReference section */

/* Begin PBXFrameworksBuildPhase section */
		9A4AABD124F9325D009E1817 /* Frameworks */ = {
			isa = PBXFrameworksBuildPhase;
			buildActionMask = 2147483647;
			files = (
				9A08BCD5250268CE00268128 /* KingfisherSwiftUI in Frameworks */,
				9A08BD16250744BB00268128 /* Moya in Frameworks */,
				9ACDE0E0252A031700C4A7F3 /* Lottie in Frameworks */,
			);
			runOnlyForDeploymentPostprocessing = 0;
		};
		9AB122362519D46500A300D7 /* Frameworks */ = {
			isa = PBXFrameworksBuildPhase;
			buildActionMask = 2147483647;
			files = (
			);
			runOnlyForDeploymentPostprocessing = 0;
		};
/* End PBXFrameworksBuildPhase section */

/* Begin PBXGroup section */
		00234F6B3C39B9734EA751A5 /* Presenter */ = {
			isa = PBXGroup;
			children = (
				369CFA6F67671729AFFBB11E /* TestModulePresenter.swift */,
			);
			path = Presenter;
			sourceTree = "<group>";
		};
		0DC20EB37C9D3341BB68D7E0 /* View */ = {
			isa = PBXGroup;
			children = (
				996765FF4DE41E79EE1E79AD /* TestView.swift */,
			);
			path = View;
			sourceTree = "<group>";
		};
		0FBC10975B73EC8A1D76824A /* Presenter */ = {
			isa = PBXGroup;
			children = (
				A81CC147CF56C3DCF7C5019C /* TestPresentPresenter.swift */,
			);
			path = Presenter;
			sourceTree = "<group>";
		};
		4FAE7513166ECD3EBC5DE069 /* TestModule */ = {
			isa = PBXGroup;
			children = (
				5E1E2555BD471834EF652887 /* View */,
				00234F6B3C39B9734EA751A5 /* Presenter */,
				E128086F4F009B671E3960C7 /* Router */,
				C7021351EB3879403EA773BD /* Configurator */,
				67500F35375266165E916144 /* Data */,
			);
			name = TestModule;
			path = NavigatorTests/TestModule;
			sourceTree = "<group>";
		};
		51F68E979CBA6F3C4ACD767B /* View */ = {
			isa = PBXGroup;
			children = (
				485167C0E7EC6F7D4418E8D8 /* TestPresentView.swift */,
			);
			path = View;
			sourceTree = "<group>";
		};
		5B7E00DC127DBB4D8FCD0C04 /* TestPresent */ = {
			isa = PBXGroup;
			children = (
				51F68E979CBA6F3C4ACD767B /* View */,
				0FBC10975B73EC8A1D76824A /* Presenter */,
				7C159C156E18A2667416F5F6 /* Router */,
				B224FB5475D66B19135D478F /* Configurator */,
				D501A141F3E5DA003E731854 /* Data */,
			);
			path = TestPresent;
			sourceTree = "<group>";
		};
		5E1E2555BD471834EF652887 /* View */ = {
			isa = PBXGroup;
			children = (
				C4F86DA045EB49100A6BB39A /* TestModuleView.swift */,
			);
			path = View;
			sourceTree = "<group>";
		};
		61F3C013D0FE8838D95BA167 /* Presenter */ = {
			isa = PBXGroup;
			children = (
				57BE9F73313FFB922087DC2C /* TestPresenter.swift */,
			);
			path = Presenter;
			sourceTree = "<group>";
		};
		67500F35375266165E916144 /* Data */ = {
			isa = PBXGroup;
			children = (
				F970A9AECA7B67505A86370A /* TestModuleData.swift */,
			);
			path = Data;
			sourceTree = "<group>";
		};
		7C159C156E18A2667416F5F6 /* Router */ = {
			isa = PBXGroup;
			children = (
				2F981DA9281A7C3544E62A7D /* TestPresentRouter.swift */,
			);
			path = Router;
			sourceTree = "<group>";
		};
		8285E6C1491951A84F1DA3D1 /* Configurator */ = {
			isa = PBXGroup;
			children = (
				ED716C5794B199199586AA22 /* TestConfigurator.swift */,
			);
			path = Configurator;
			sourceTree = "<group>";
		};
		9A08BCC025024FA100268128 /* Network */ = {
			isa = PBXGroup;
			children = (
				9A68FDD62532EB5900AD7B22 /* Requests */,
				9A68FDD72532EB6600AD7B22 /* NetworkHelper */,
			);
			path = Network;
			sourceTree = "<group>";
		};
		9A08BCD825035B5B00268128 /* Models */ = {
			isa = PBXGroup;
			children = (
				9A13B1A12514B07700889884 /* ListModels */,
				9A13B1A22514B09800889884 /* Film */,
			);
			path = Models;
			sourceTree = "<group>";
		};
		9A08BCE22505ED4C00268128 /* NetworkImage */ = {
			isa = PBXGroup;
			children = (
				9A08BCD1250266E800268128 /* NetworkImage.swift */,
			);
			path = NetworkImage;
			sourceTree = "<group>";
		};
		9A08BCE32505F3EF00268128 /* CustomUIs */ = {
			isa = PBXGroup;
			children = (
				9A2C20BF2529FD940090F0CD /* GenresView */,
				9A08BCE92506031500268128 /* SpinnerView */,
				9A08BCE22505ED4C00268128 /* NetworkImage */,
				9A08BD17250745FF00268128 /* ContainerView */,
				9ACDE0EC252A034700C4A7F3 /* LottieView */,
			);
			path = CustomUIs;
			sourceTree = "<group>";
		};
		9A08BCE92506031500268128 /* SpinnerView */ = {
			isa = PBXGroup;
			children = (
				9A08BCE72506030E00268128 /* SpinnerView.swift */,
			);
			path = SpinnerView;
			sourceTree = "<group>";
		};
		9A08BCEF250621F200268128 /* View */ = {
			isa = PBXGroup;
			children = (
				9A08BCED250621E600268128 /* View+Extensions.swift */,
			);
			path = View;
			sourceTree = "<group>";
		};
		9A08BCFC250660FC00268128 /* Navigation */ = {
			isa = PBXGroup;
			children = (
				9A08BCF925065DDD00268128 /* NavigatorImpl.swift */,
				9A92B3352531C3400018C68E /* TabBarItemImpl.swift */,
			);
			path = Navigation;
			sourceTree = "<group>";
		};
		9A08BCFD2506624800268128 /* Configurator */ = {
			isa = PBXGroup;
			children = (
				9A08BD22250763DE00268128 /* FilmDetailsConfigurator.swift */,
			);
			path = Configurator;
			sourceTree = "<group>";
		};
		9A08BCFE2506625100268128 /* Presenter */ = {
			isa = PBXGroup;
			children = (
				9A08BD262507644000268128 /* FilmDetailsPresenter.swift */,
			);
			path = Presenter;
			sourceTree = "<group>";
		};
		9A08BCFF2506625900268128 /* Router */ = {
			isa = PBXGroup;
			children = (
				9A5FDD37251075E0000BE3D8 /* FilmDetailsRouter.swift */,
			);
			path = Router;
			sourceTree = "<group>";
		};
		9A08BD012506626F00268128 /* Presenter */ = {
			isa = PBXGroup;
			children = (
				9A08BD082506688200268128 /* FilmsListPresenter.swift */,
			);
			path = Presenter;
			sourceTree = "<group>";
		};
		9A08BD022506627600268128 /* Router */ = {
			isa = PBXGroup;
			children = (
				9A4C645F2509096900D6A67A /* FilmsListRouter.swift */,
			);
			path = Router;
			sourceTree = "<group>";
		};
		9A08BD032506627E00268128 /* Configurator */ = {
			isa = PBXGroup;
			children = (
				9A08BD042506637100268128 /* FilmsListConfigurator.swift */,
			);
			path = Configurator;
			sourceTree = "<group>";
		};
		9A08BD0C2507438900268128 /* UseCases */ = {
			isa = PBXGroup;
			children = (
				9A968AE1252209E600218122 /* GetFilmsUseCase */,
			);
			path = UseCases;
			sourceTree = "<group>";
		};
		9A08BD17250745FF00268128 /* ContainerView */ = {
			isa = PBXGroup;
			children = (
				9A08BD0A2506740800268128 /* ContainerView.swift */,
				9A08BD1D25075D4C00268128 /* ContainerPresenter.swift */,
			);
			path = ContainerView;
			sourceTree = "<group>";
		};
		9A08BD1A25075C0B00268128 /* Cells */ = {
			isa = PBXGroup;
			children = (
				9A4AAC0C24F93E11009E1817 /* FilmCellView.swift */,
			);
			path = Cells;
			sourceTree = "<group>";
		};
		9A08BD1B25075C1400268128 /* Headers */ = {
			isa = PBXGroup;
			children = (
				9A4AAC0E24F93E2F009E1817 /* YearHeaderView.swift */,
			);
			path = Headers;
			sourceTree = "<group>";
		};
		9A08BD1F25075D7A00268128 /* Protocols */ = {
			isa = PBXGroup;
			children = (
				9A92B2F425317FEA0018C68E /* Presentable.swift */,
				9A92B300253180520018C68E /* Configurable.swift */,
				9A92B2FC253180340018C68E /* Configurator.swift */,
				9A92B2F8253180110018C68E /* Presenter.swift */,
				9A92B3042531806A0018C68E /* Router.swift */,
				9A92B308253180850018C68E /* TabBarItem.swift */,
				9A92B30E2531809C0018C68E /* Navigator.swift */,
			);
			path = Protocols;
			sourceTree = "<group>";
		};
		9A13B1A12514B07700889884 /* ListModels */ = {
			isa = PBXGroup;
			children = (
				9A08BCCD2502585D00268128 /* ListModels.swift */,
			);
			path = ListModels;
			sourceTree = "<group>";
		};
		9A13B1A22514B09800889884 /* Film */ = {
			isa = PBXGroup;
			children = (
				9A4AAC1124F94025009E1817 /* FilmModel.swift */,
			);
			path = Film;
			sourceTree = "<group>";
		};
		9A13B1A72514B3DA00889884 /* Subviews */ = {
			isa = PBXGroup;
			children = (
				9A13B1A52514B26400889884 /* FilmInfoView.swift */,
				9A13B1A32514B19200889884 /* FilmImageView.swift */,
			);
			path = Subviews;
			sourceTree = "<group>";
		};
		9A2C20BF2529FD940090F0CD /* GenresView */ = {
			isa = PBXGroup;
			children = (
				9A13B1AE2515E2F900889884 /* GenreView.swift */,
				9A13B1AB2514B59000889884 /* GenresView.swift */,
			);
			path = GenresView;
			sourceTree = "<group>";
		};
		9A48B9A6251D001E00DF5EF8 /* Subviews */ = {
			isa = PBXGroup;
			children = (
				9A52663A251B9FD700C98DF6 /* FilmsTableView.swift */,
				9A08BD1A25075C0B00268128 /* Cells */,
				9A08BD1B25075C1400268128 /* Headers */,
			);
			path = Subviews;
			sourceTree = "<group>";
		};
		9A4AABCB24F9325D009E1817 = {
			isa = PBXGroup;
			children = (
				9A4AABD624F9325D009E1817 /* FilmsAppSUI */,
				9AB1223A2519D46500A300D7 /* FilmsAppSUITests */,
				9A4AABD524F9325D009E1817 /* Products */,
			);
			sourceTree = "<group>";
		};
		9A4AABD524F9325D009E1817 /* Products */ = {
			isa = PBXGroup;
			children = (
				9A4AABD424F9325D009E1817 /* FilmsAppSUI.app */,
				9AB122392519D46500A300D7 /* FilmsAppSUITests.xctest */,
			);
			name = Products;
			sourceTree = "<group>";
		};
		9A4AABD624F9325D009E1817 /* FilmsAppSUI */ = {
			isa = PBXGroup;
			children = (
				9A4AAC0824F93B72009E1817 /* Delegates */,
				9A08BD0C2507438900268128 /* UseCases */,
				9A4AAC1024F93FF1009E1817 /* Entities */,
				9A08BD1F25075D7A00268128 /* Protocols */,
				9A4AABEF24F932C6009E1817 /* Resources */,
				9A08BCD825035B5B00268128 /* Models */,
				9A08BCE32505F3EF00268128 /* CustomUIs */,
				9A4AABEE24F932BF009E1817 /* Utils */,
				9A4AABED24F932B8009E1817 /* Extensions */,
				9A4AABEB24F932A6009E1817 /* Modules */,
			);
			path = FilmsAppSUI;
			sourceTree = "<group>";
		};
		9A4AABDF24F93261009E1817 /* Preview Content */ = {
			isa = PBXGroup;
			children = (
				9A4AABE024F93261009E1817 /* Preview Assets.xcassets */,
			);
			path = "Preview Content";
			sourceTree = "<group>";
		};
		9A4AABEB24F932A6009E1817 /* Modules */ = {
			isa = PBXGroup;
			children = (
				9A4AABF624F934E8009E1817 /* FilmDetails */,
				9A4AABF524F934D2009E1817 /* FilmsList */,
				D5BD807728E957BE3CB763BF /* Test */,
				5B7E00DC127DBB4D8FCD0C04 /* TestPresent */,
			);
			path = Modules;
			sourceTree = "<group>";
		};
		9A4AABED24F932B8009E1817 /* Extensions */ = {
			isa = PBXGroup;
			children = (
				9A68FDDB2532EB9000AD7B22 /* Foundation */,
				9A68FDDA2532EB7E00AD7B22 /* SwiftUI */,
			);
			path = Extensions;
			sourceTree = "<group>";
		};
		9A4AABEE24F932BF009E1817 /* Utils */ = {
			isa = PBXGroup;
			children = (
				9A68FDBF2532CB5C00AD7B22 /* Utils */,
				9A08BCFC250660FC00268128 /* Navigation */,
				9A08BCC025024FA100268128 /* Network */,
			);
			path = Utils;
			sourceTree = "<group>";
		};
		9A4AABEF24F932C6009E1817 /* Resources */ = {
			isa = PBXGroup;
			children = (
				9ACDE0F3252A04FD00C4A7F3 /* Lottie */,
				9A4AABDF24F93261009E1817 /* Preview Content */,
				9A4AABE524F93261009E1817 /* Info.plist */,
				9A4AABDD24F93261009E1817 /* Assets.xcassets */,
				9A4AABE224F93261009E1817 /* LaunchScreen.storyboard */,
				9A4AABF324F9347A009E1817 /* Localizable.strings */,
			);
			path = Resources;
			sourceTree = "<group>";
		};
		9A4AABF024F9338C009E1817 /* Text */ = {
			isa = PBXGroup;
			children = (
				9A4AABF124F9339E009E1817 /* Text+Extensions.swift */,
			);
			path = Text;
			sourceTree = "<group>";
		};
		9A4AABF524F934D2009E1817 /* FilmsList */ = {
			isa = PBXGroup;
			children = (
				9A4C645E250905E700D6A67A /* Data */,
				9A08BD022506627600268128 /* Router */,
				9A08BD032506627E00268128 /* Configurator */,
				9A08BD012506626F00268128 /* Presenter */,
				9A4AABFB24F93546009E1817 /* View */,
			);
			path = FilmsList;
			sourceTree = "<group>";
		};
		9A4AABF624F934E8009E1817 /* FilmDetails */ = {
			isa = PBXGroup;
			children = (
				9A5FDD34251072DA000BE3D8 /* Data */,
				9A08BCFF2506625900268128 /* Router */,
				9A08BCFE2506625100268128 /* Presenter */,
				9A08BCFD2506624800268128 /* Configurator */,
				9A4AABF824F93531009E1817 /* View */,
			);
			path = FilmDetails;
			sourceTree = "<group>";
		};
		9A4AABF824F93531009E1817 /* View */ = {
			isa = PBXGroup;
			children = (
				9A13B1A72514B3DA00889884 /* Subviews */,
				9A08BCCF250266A600268128 /* FilmDetailsView.swift */,
			);
			path = View;
			sourceTree = "<group>";
		};
		9A4AABFB24F93546009E1817 /* View */ = {
			isa = PBXGroup;
			children = (
				9A526642251B9FE400C98DF6 /* Subviews */,
				9A4AAC0924F93DD3009E1817 /* FilmsListView.swift */,
			);
			path = View;
			sourceTree = "<group>";
		};
		9A4AAC0824F93B72009E1817 /* Delegates */ = {
			isa = PBXGroup;
			children = (
				9A4AABD724F9325D009E1817 /* AppDelegate.swift */,
				9A4AABD924F9325D009E1817 /* SceneDelegate.swift */,
			);
			path = Delegates;
			sourceTree = "<group>";
		};
		9A4AAC1024F93FF1009E1817 /* Entities */ = {
			isa = PBXGroup;
			children = (
				9A68FDD42532EADA00AD7B22 /* Films */,
			);
			path = Entities;
			sourceTree = "<group>";
		};
		9A4C645E250905E700D6A67A /* Data */ = {
			isa = PBXGroup;
			children = (
				9A08BD182507566F00268128 /* FilmsListData.swift */,
			);
			path = Data;
			sourceTree = "<group>";
		};
		9A526642251B9FE400C98DF6 /* Subviews */ = {
			isa = PBXGroup;
			children = (
				9A48B9A6251D001E00DF5EF8 /* Subviews */,
			);
			path = Subviews;
			sourceTree = "<group>";
		};
		9A5FDD34251072DA000BE3D8 /* Data */ = {
			isa = PBXGroup;
			children = (
				9A5FDD35251072E8000BE3D8 /* FilmDetailsData.swift */,
			);
			path = Data;
			sourceTree = "<group>";
		};
		9A5FDD4A25112986000BE3D8 /* Films */ = {
			isa = PBXGroup;
			children = (
				9A08BD11250743F300268128 /* FilmsRequest.swift */,
			);
			path = Films;
			sourceTree = "<group>";
		};
		9A68FDBF2532CB5C00AD7B22 /* Utils */ = {
			isa = PBXGroup;
			children = (
				9A68FDB92532C6CF00AD7B22 /* Utils.swift */,
			);
			path = Utils;
			sourceTree = "<group>";
		};
		9A68FDD42532EADA00AD7B22 /* Films */ = {
			isa = PBXGroup;
			children = (
				9A4AAC0224F9397D009E1817 /* Film.swift */,
			);
			path = Films;
			sourceTree = "<group>";
		};
		9A68FDD62532EB5900AD7B22 /* Requests */ = {
			isa = PBXGroup;
			children = (
				9A5FDD4A25112986000BE3D8 /* Films */,
			);
			path = Requests;
			sourceTree = "<group>";
		};
		9A68FDD72532EB6600AD7B22 /* NetworkHelper */ = {
			isa = PBXGroup;
			children = (
				9A08BD10250743F300268128 /* NetworkHelper.swift */,
			);
			path = NetworkHelper;
			sourceTree = "<group>";
		};
		9A68FDDA2532EB7E00AD7B22 /* SwiftUI */ = {
			isa = PBXGroup;
			children = (
				9A08BCEF250621F200268128 /* View */,
				9A4AABF024F9338C009E1817 /* Text */,
			);
			path = SwiftUI;
			sourceTree = "<group>";
		};
		9A68FDDB2532EB9000AD7B22 /* Foundation */ = {
			isa = PBXGroup;
			children = (
				9A741B75252A138100DD094E /* Array */,
			);
			path = Foundation;
			sourceTree = "<group>";
		};
		9A741B75252A138100DD094E /* Array */ = {
			isa = PBXGroup;
			children = (
				9A741B70252A136D00DD094E /* Array+Extensions.swift */,
			);
			path = Array;
			sourceTree = "<group>";
		};
		9A91A776252CB30A001A249A /* NavigatorTests */ = {
			isa = PBXGroup;
			children = (
				9A91A779252CB333001A249A /* NavigatorTests.swift */,
			);
			path = NavigatorTests;
			sourceTree = "<group>";
		};
		9A968AE1252209E600218122 /* GetFilmsUseCase */ = {
			isa = PBXGroup;
			children = (
				9A08BD0E250743E000268128 /* GetFilmsUseCase.swift */,
			);
			path = GetFilmsUseCase;
			sourceTree = "<group>";
		};
		9AB1223A2519D46500A300D7 /* FilmsAppSUITests */ = {
			isa = PBXGroup;
			children = (
				4FAE7513166ECD3EBC5DE069 /* TestModule */,
				9A91A776252CB30A001A249A /* NavigatorTests */,
				9AB1223D2519D46500A300D7 /* Info.plist */,
			);
			path = FilmsAppSUITests;
			sourceTree = "<group>";
		};
		9ACDE0EC252A034700C4A7F3 /* LottieView */ = {
			isa = PBXGroup;
			children = (
				9ACDE0E4252A032500C4A7F3 /* LottieView.swift */,
			);
			path = LottieView;
			sourceTree = "<group>";
		};
		9ACDE0F3252A04FD00C4A7F3 /* Lottie */ = {
			isa = PBXGroup;
			children = (
				9A741B6B252A11F600DD094E /* loading.json */,
			);
			path = Lottie;
			sourceTree = "<group>";
		};
		9D384064CF24EDEE16798AA3 /* Data */ = {
			isa = PBXGroup;
			children = (
				CF25A7E614EFA4E4BFD93263 /* TestData.swift */,
			);
			path = Data;
			sourceTree = "<group>";
		};
		AA6F6C7FF9C180D4405063FB /* Router */ = {
			isa = PBXGroup;
			children = (
				1AA7FFC3E5F22B2A759B40D7 /* TestRouter.swift */,
			);
			path = Router;
			sourceTree = "<group>";
		};
		B224FB5475D66B19135D478F /* Configurator */ = {
			isa = PBXGroup;
			children = (
				AA3302BE2CC31BE87C1E0D4D /* TestPresentConfigurator.swift */,
			);
			path = Configurator;
			sourceTree = "<group>";
		};
		C7021351EB3879403EA773BD /* Configurator */ = {
			isa = PBXGroup;
			children = (
				87172CBF26BD43437DDC25F1 /* TestModuleConfigurator.swift */,
			);
			path = Configurator;
			sourceTree = "<group>";
		};
		D501A141F3E5DA003E731854 /* Data */ = {
			isa = PBXGroup;
			children = (
				9DD8C9465149C3B8166ED6E6 /* TestPresentData.swift */,
			);
			path = Data;
			sourceTree = "<group>";
		};
		D5BD807728E957BE3CB763BF /* Test */ = {
			isa = PBXGroup;
			children = (
				0DC20EB37C9D3341BB68D7E0 /* View */,
				61F3C013D0FE8838D95BA167 /* Presenter */,
				AA6F6C7FF9C180D4405063FB /* Router */,
				8285E6C1491951A84F1DA3D1 /* Configurator */,
				9D384064CF24EDEE16798AA3 /* Data */,
			);
			path = Test;
			sourceTree = "<group>";
		};
		E128086F4F009B671E3960C7 /* Router */ = {
			isa = PBXGroup;
			children = (
				874B0F370644C964470C403D /* TestModuleRouter.swift */,
			);
			path = Router;
			sourceTree = "<group>";
		};
/* End PBXGroup section */

/* Begin PBXNativeTarget section */
		9A4AABD324F9325D009E1817 /* FilmsAppSUI */ = {
			isa = PBXNativeTarget;
			buildConfigurationList = 9A4AABE824F93261009E1817 /* Build configuration list for PBXNativeTarget "FilmsAppSUI" */;
			buildPhases = (
				9A4AABD024F9325D009E1817 /* Sources */,
				9A4AABD124F9325D009E1817 /* Frameworks */,
				9A4AABD224F9325D009E1817 /* Resources */,
			);
			buildRules = (
			);
			dependencies = (
			);
			name = FilmsAppSUI;
			packageProductDependencies = (
				9A08BCD4250268CE00268128 /* KingfisherSwiftUI */,
				9A08BD15250744BB00268128 /* Moya */,
				9ACDE0DF252A031700C4A7F3 /* Lottie */,
			);
			productName = FilmsAppSUI;
			productReference = 9A4AABD424F9325D009E1817 /* FilmsAppSUI.app */;
			productType = "com.apple.product-type.application";
		};
		9AB122382519D46500A300D7 /* FilmsAppSUITests */ = {
			isa = PBXNativeTarget;
			buildConfigurationList = 9AB122402519D46500A300D7 /* Build configuration list for PBXNativeTarget "FilmsAppSUITests" */;
			buildPhases = (
				9AB122352519D46500A300D7 /* Sources */,
				9AB122362519D46500A300D7 /* Frameworks */,
				9AB122372519D46500A300D7 /* Resources */,
			);
			buildRules = (
			);
			dependencies = (
				9AB1223F2519D46500A300D7 /* PBXTargetDependency */,
			);
			name = FilmsAppSUITests;
			productName = FilmsAppSUITests;
			productReference = 9AB122392519D46500A300D7 /* FilmsAppSUITests.xctest */;
			productType = "com.apple.product-type.bundle.unit-test";
		};
/* End PBXNativeTarget section */

/* Begin PBXProject section */
		9A4AABCC24F9325D009E1817 /* Project object */ = {
			isa = PBXProject;
			attributes = {
				LastSwiftUpdateCheck = 1200;
				LastUpgradeCheck = 1200;
				ORGANIZATIONNAME = "Виталий Баник";
				TargetAttributes = {
					9A4AABD324F9325D009E1817 = {
						CreatedOnToolsVersion = 11.6;
					};
					9AB122382519D46500A300D7 = {
						CreatedOnToolsVersion = 12.0;
						TestTargetID = 9A4AABD324F9325D009E1817;
					};
				};
			};
			buildConfigurationList = 9A4AABCF24F9325D009E1817 /* Build configuration list for PBXProject "FilmsAppSUI" */;
			compatibilityVersion = "Xcode 9.3";
			developmentRegion = en;
			hasScannedForEncodings = 0;
			knownRegions = (
				en,
				Base,
			);
			mainGroup = 9A4AABCB24F9325D009E1817;
			packageReferences = (
				9A08BCD3250268CE00268128 /* XCRemoteSwiftPackageReference "Kingfisher" */,
				9A08BD14250744BB00268128 /* XCRemoteSwiftPackageReference "Moya" */,
				9ACDE0DE252A031700C4A7F3 /* XCRemoteSwiftPackageReference "lottie-ios" */,
			);
			productRefGroup = 9A4AABD524F9325D009E1817 /* Products */;
			projectDirPath = "";
			projectRoot = "";
			targets = (
				9A4AABD324F9325D009E1817 /* FilmsAppSUI */,
				9AB122382519D46500A300D7 /* FilmsAppSUITests */,
			);
		};
/* End PBXProject section */

/* Begin PBXResourcesBuildPhase section */
		9A4AABD224F9325D009E1817 /* Resources */ = {
			isa = PBXResourcesBuildPhase;
			buildActionMask = 2147483647;
			files = (
				9A4AABE424F93261009E1817 /* LaunchScreen.storyboard in Resources */,
				9A4AABF424F9347A009E1817 /* Localizable.strings in Resources */,
				9A4AABE124F93261009E1817 /* Preview Assets.xcassets in Resources */,
				9A4AABDE24F93261009E1817 /* Assets.xcassets in Resources */,
				9A741B6C252A11F600DD094E /* loading.json in Resources */,
			);
			runOnlyForDeploymentPostprocessing = 0;
		};
		9AB122372519D46500A300D7 /* Resources */ = {
			isa = PBXResourcesBuildPhase;
			buildActionMask = 2147483647;
			files = (
			);
			runOnlyForDeploymentPostprocessing = 0;
		};
/* End PBXResourcesBuildPhase section */

/* Begin PBXSourcesBuildPhase section */
		9A4AABD024F9325D009E1817 /* Sources */ = {
			isa = PBXSourcesBuildPhase;
			buildActionMask = 2147483647;
			files = (
				9A4AAC0F24F93E2F009E1817 /* YearHeaderView.swift in Sources */,
				9A92B309253180850018C68E /* TabBarItem.swift in Sources */,
				9A4C64602509096900D6A67A /* FilmsListRouter.swift in Sources */,
				9A08BCEE250621E600268128 /* View+Extensions.swift in Sources */,
				9A08BD052506637100268128 /* FilmsListConfigurator.swift in Sources */,
				9A52663B251B9FD700C98DF6 /* FilmsTableView.swift in Sources */,
				9A08BD0B2506740800268128 /* ContainerView.swift in Sources */,
				9A92B2FD253180340018C68E /* Configurator.swift in Sources */,
				9A4AAC1224F94025009E1817 /* FilmModel.swift in Sources */,
				9A4AABF224F9339E009E1817 /* Text+Extensions.swift in Sources */,
				9A08BCFB25065DDD00268128 /* NavigatorImpl.swift in Sources */,
				9A13B1A42514B19200889884 /* FilmImageView.swift in Sources */,
				9A4AAC0D24F93E11009E1817 /* FilmCellView.swift in Sources */,
				9ACDE0E5252A032500C4A7F3 /* LottieView.swift in Sources */,
				9A08BCD2250266E800268128 /* NetworkImage.swift in Sources */,
				9A13B1A62514B26400889884 /* FilmInfoView.swift in Sources */,
				9A13B1AC2514B59000889884 /* GenresView.swift in Sources */,
				9A92B301253180520018C68E /* Configurable.swift in Sources */,
				9A4AABD824F9325D009E1817 /* AppDelegate.swift in Sources */,
				9A08BD13250743F300268128 /* FilmsRequest.swift in Sources */,
				9A5FDD38251075E0000BE3D8 /* FilmDetailsRouter.swift in Sources */,
				9A08BD23250763DE00268128 /* FilmDetailsConfigurator.swift in Sources */,
				9A08BCE82506030E00268128 /* SpinnerView.swift in Sources */,
				9A92B30F2531809C0018C68E /* Navigator.swift in Sources */,
				9A08BD0F250743E000268128 /* GetFilmsUseCase.swift in Sources */,
				9A13B1AF2515E2F900889884 /* GenreView.swift in Sources */,
				9A08BCD0250266A600268128 /* FilmDetailsView.swift in Sources */,
				9A08BD272507644000268128 /* FilmDetailsPresenter.swift in Sources */,
				9A08BD092506688200268128 /* FilmsListPresenter.swift in Sources */,
				9A4AABDA24F9325D009E1817 /* SceneDelegate.swift in Sources */,
				9A92B3362531C3400018C68E /* TabBarItemImpl.swift in Sources */,
				9A4AAC0A24F93DD3009E1817 /* FilmsListView.swift in Sources */,
				9A08BD1E25075D4C00268128 /* ContainerPresenter.swift in Sources */,
				9A5FDD36251072E8000BE3D8 /* FilmDetailsData.swift in Sources */,
				9A08BD192507566F00268128 /* FilmsListData.swift in Sources */,
				9A741B71252A136D00DD094E /* Array+Extensions.swift in Sources */,
				9A08BD12250743F300268128 /* NetworkHelper.swift in Sources */,
				9A08BCCE2502585D00268128 /* ListModels.swift in Sources */,
				9A4AAC0324F9397D009E1817 /* Film.swift in Sources */,
				9A92B2F9253180110018C68E /* Presenter.swift in Sources */,
				732702B35379ECC08FF13BB3 /* TestView.swift in Sources */,
				9A92B2F525317FEA0018C68E /* Presentable.swift in Sources */,
				869166AAAC21A4D67F26E255 /* TestPresenter.swift in Sources */,
				E027379C0190CFC51DF4E2DD /* TestRouter.swift in Sources */,
				A086FD3755BEA0CD8F07547C /* TestConfigurator.swift in Sources */,
				80E7E258448C7467F94C61F6 /* TestData.swift in Sources */,
				5F0DBB1F04E57EE3C33D9A6E /* TestPresentView.swift in Sources */,
				B8FC8A53BD8D272127FDAF7D /* TestPresentPresenter.swift in Sources */,
				F500848AC897A770A1A063A6 /* TestPresentRouter.swift in Sources */,
				9A92B3052531806A0018C68E /* Router.swift in Sources */,
				3D9B49393D5FEE9E4FCFEF44 /* TestPresentConfigurator.swift in Sources */,
				92F6E33B58D0FC9D5CC15186 /* TestPresentData.swift in Sources */,
				1D76EFC73A16A48D5A0A545C /* TestModuleView.swift in Sources */,
				9DACBF95EEC8229F2A09E317 /* TestModulePresenter.swift in Sources */,
				8F0151D3A7BD6726EA164C13 /* TestModuleRouter.swift in Sources */,
				5B2D6798617BFAA73E65B52E /* TestModuleConfigurator.swift in Sources */,
				ED19E7389342502A28A58DC4 /* TestModuleData.swift in Sources */,
				9A68FDBA2532C6CF00AD7B22 /* Utils.swift in Sources */,
			);
			runOnlyForDeploymentPostprocessing = 0;
		};
		9AB122352519D46500A300D7 /* Sources */ = {
			isa = PBXSourcesBuildPhase;
			buildActionMask = 2147483647;
			files = (
				9A91A77A252CB333001A249A /* NavigatorTests.swift in Sources */,
			);
			runOnlyForDeploymentPostprocessing = 0;
		};
/* End PBXSourcesBuildPhase section */

/* Begin PBXTargetDependency section */
		9AB1223F2519D46500A300D7 /* PBXTargetDependency */ = {
			isa = PBXTargetDependency;
			target = 9A4AABD324F9325D009E1817 /* FilmsAppSUI */;
			targetProxy = 9AB1223E2519D46500A300D7 /* PBXContainerItemProxy */;
		};
/* End PBXTargetDependency section */

/* Begin PBXVariantGroup section */
		9A4AABE224F93261009E1817 /* LaunchScreen.storyboard */ = {
			isa = PBXVariantGroup;
			children = (
				9A4AABE324F93261009E1817 /* Base */,
			);
			name = LaunchScreen.storyboard;
			sourceTree = "<group>";
		};
/* End PBXVariantGroup section */

/* Begin XCBuildConfiguration section */
		9A4AABE624F93261009E1817 /* Debug */ = {
			isa = XCBuildConfiguration;
			buildSettings = {
				ALWAYS_SEARCH_USER_PATHS = NO;
				CLANG_ANALYZER_NONNULL = YES;
				CLANG_ANALYZER_NUMBER_OBJECT_CONVERSION = YES_AGGRESSIVE;
				CLANG_CXX_LANGUAGE_STANDARD = "gnu++14";
				CLANG_CXX_LIBRARY = "libc++";
				CLANG_ENABLE_MODULES = YES;
				CLANG_ENABLE_OBJC_ARC = YES;
				CLANG_ENABLE_OBJC_WEAK = YES;
				CLANG_WARN_BLOCK_CAPTURE_AUTORELEASING = YES;
				CLANG_WARN_BOOL_CONVERSION = YES;
				CLANG_WARN_COMMA = YES;
				CLANG_WARN_CONSTANT_CONVERSION = YES;
				CLANG_WARN_DEPRECATED_OBJC_IMPLEMENTATIONS = YES;
				CLANG_WARN_DIRECT_OBJC_ISA_USAGE = YES_ERROR;
				CLANG_WARN_DOCUMENTATION_COMMENTS = YES;
				CLANG_WARN_EMPTY_BODY = YES;
				CLANG_WARN_ENUM_CONVERSION = YES;
				CLANG_WARN_INFINITE_RECURSION = YES;
				CLANG_WARN_INT_CONVERSION = YES;
				CLANG_WARN_NON_LITERAL_NULL_CONVERSION = YES;
				CLANG_WARN_OBJC_IMPLICIT_RETAIN_SELF = YES;
				CLANG_WARN_OBJC_LITERAL_CONVERSION = YES;
				CLANG_WARN_OBJC_ROOT_CLASS = YES_ERROR;
				CLANG_WARN_QUOTED_INCLUDE_IN_FRAMEWORK_HEADER = YES;
				CLANG_WARN_RANGE_LOOP_ANALYSIS = YES;
				CLANG_WARN_STRICT_PROTOTYPES = YES;
				CLANG_WARN_SUSPICIOUS_MOVE = YES;
				CLANG_WARN_UNGUARDED_AVAILABILITY = YES_AGGRESSIVE;
				CLANG_WARN_UNREACHABLE_CODE = YES;
				CLANG_WARN__DUPLICATE_METHOD_MATCH = YES;
				COPY_PHASE_STRIP = NO;
				DEBUG_INFORMATION_FORMAT = dwarf;
				ENABLE_STRICT_OBJC_MSGSEND = YES;
				ENABLE_TESTABILITY = YES;
				GCC_C_LANGUAGE_STANDARD = gnu11;
				GCC_DYNAMIC_NO_PIC = NO;
				GCC_NO_COMMON_BLOCKS = YES;
				GCC_OPTIMIZATION_LEVEL = 0;
				GCC_PREPROCESSOR_DEFINITIONS = (
					"DEBUG=1",
					"$(inherited)",
				);
				GCC_WARN_64_TO_32_BIT_CONVERSION = YES;
				GCC_WARN_ABOUT_RETURN_TYPE = YES_ERROR;
				GCC_WARN_UNDECLARED_SELECTOR = YES;
				GCC_WARN_UNINITIALIZED_AUTOS = YES_AGGRESSIVE;
				GCC_WARN_UNUSED_FUNCTION = YES;
				GCC_WARN_UNUSED_VARIABLE = YES;
				IPHONEOS_DEPLOYMENT_TARGET = 13.0;
				MTL_ENABLE_DEBUG_INFO = INCLUDE_SOURCE;
				MTL_FAST_MATH = YES;
				ONLY_ACTIVE_ARCH = YES;
				SDKROOT = iphoneos;
				SWIFT_ACTIVE_COMPILATION_CONDITIONS = DEBUG;
				SWIFT_OPTIMIZATION_LEVEL = "-Onone";
			};
			name = Debug;
		};
		9A4AABE724F93261009E1817 /* Release */ = {
			isa = XCBuildConfiguration;
			buildSettings = {
				ALWAYS_SEARCH_USER_PATHS = NO;
				CLANG_ANALYZER_NONNULL = YES;
				CLANG_ANALYZER_NUMBER_OBJECT_CONVERSION = YES_AGGRESSIVE;
				CLANG_CXX_LANGUAGE_STANDARD = "gnu++14";
				CLANG_CXX_LIBRARY = "libc++";
				CLANG_ENABLE_MODULES = YES;
				CLANG_ENABLE_OBJC_ARC = YES;
				CLANG_ENABLE_OBJC_WEAK = YES;
				CLANG_WARN_BLOCK_CAPTURE_AUTORELEASING = YES;
				CLANG_WARN_BOOL_CONVERSION = YES;
				CLANG_WARN_COMMA = YES;
				CLANG_WARN_CONSTANT_CONVERSION = YES;
				CLANG_WARN_DEPRECATED_OBJC_IMPLEMENTATIONS = YES;
				CLANG_WARN_DIRECT_OBJC_ISA_USAGE = YES_ERROR;
				CLANG_WARN_DOCUMENTATION_COMMENTS = YES;
				CLANG_WARN_EMPTY_BODY = YES;
				CLANG_WARN_ENUM_CONVERSION = YES;
				CLANG_WARN_INFINITE_RECURSION = YES;
				CLANG_WARN_INT_CONVERSION = YES;
				CLANG_WARN_NON_LITERAL_NULL_CONVERSION = YES;
				CLANG_WARN_OBJC_IMPLICIT_RETAIN_SELF = YES;
				CLANG_WARN_OBJC_LITERAL_CONVERSION = YES;
				CLANG_WARN_OBJC_ROOT_CLASS = YES_ERROR;
				CLANG_WARN_QUOTED_INCLUDE_IN_FRAMEWORK_HEADER = YES;
				CLANG_WARN_RANGE_LOOP_ANALYSIS = YES;
				CLANG_WARN_STRICT_PROTOTYPES = YES;
				CLANG_WARN_SUSPICIOUS_MOVE = YES;
				CLANG_WARN_UNGUARDED_AVAILABILITY = YES_AGGRESSIVE;
				CLANG_WARN_UNREACHABLE_CODE = YES;
				CLANG_WARN__DUPLICATE_METHOD_MATCH = YES;
				COPY_PHASE_STRIP = NO;
				DEBUG_INFORMATION_FORMAT = "dwarf-with-dsym";
				ENABLE_NS_ASSERTIONS = NO;
				ENABLE_STRICT_OBJC_MSGSEND = YES;
				GCC_C_LANGUAGE_STANDARD = gnu11;
				GCC_NO_COMMON_BLOCKS = YES;
				GCC_WARN_64_TO_32_BIT_CONVERSION = YES;
				GCC_WARN_ABOUT_RETURN_TYPE = YES_ERROR;
				GCC_WARN_UNDECLARED_SELECTOR = YES;
				GCC_WARN_UNINITIALIZED_AUTOS = YES_AGGRESSIVE;
				GCC_WARN_UNUSED_FUNCTION = YES;
				GCC_WARN_UNUSED_VARIABLE = YES;
				IPHONEOS_DEPLOYMENT_TARGET = 13.0;
				MTL_ENABLE_DEBUG_INFO = NO;
				MTL_FAST_MATH = YES;
				SDKROOT = iphoneos;
				SWIFT_COMPILATION_MODE = wholemodule;
				SWIFT_OPTIMIZATION_LEVEL = "-O";
				VALIDATE_PRODUCT = YES;
			};
			name = Release;
		};
		9A4AABE924F93261009E1817 /* Debug */ = {
			isa = XCBuildConfiguration;
			buildSettings = {
				ASSETCATALOG_COMPILER_APPICON_NAME = AppIcon;
				CODE_SIGN_STYLE = Automatic;
				DEVELOPMENT_ASSET_PATHS = "\"FilmsAppSUI/Resources/Preview Content\"";
				DEVELOPMENT_TEAM = 4XJM4GSZPH;
				ENABLE_PREVIEWS = YES;
				INFOPLIST_FILE = FilmsAppSUI/Resources/Info.plist;
				IPHONEOS_DEPLOYMENT_TARGET = 13.0;
				LD_RUNPATH_SEARCH_PATHS = (
					"$(inherited)",
					"@executable_path/Frameworks",
				);
				PRODUCT_BUNDLE_IDENTIFIER = myApps.FilmsAppSUI;
				PRODUCT_NAME = "$(TARGET_NAME)";
				SWIFT_VERSION = 5.0;
				TARGETED_DEVICE_FAMILY = 1;
			};
			name = Debug;
		};
		9A4AABEA24F93261009E1817 /* Release */ = {
			isa = XCBuildConfiguration;
			buildSettings = {
				ASSETCATALOG_COMPILER_APPICON_NAME = AppIcon;
				CODE_SIGN_STYLE = Automatic;
				DEVELOPMENT_ASSET_PATHS = "\"FilmsAppSUI/Resources/Preview Content\"";
				DEVELOPMENT_TEAM = 4XJM4GSZPH;
				ENABLE_PREVIEWS = YES;
				INFOPLIST_FILE = FilmsAppSUI/Resources/Info.plist;
				IPHONEOS_DEPLOYMENT_TARGET = 13.0;
				LD_RUNPATH_SEARCH_PATHS = (
					"$(inherited)",
					"@executable_path/Frameworks",
				);
				PRODUCT_BUNDLE_IDENTIFIER = myApps.FilmsAppSUI;
				PRODUCT_NAME = "$(TARGET_NAME)";
				SWIFT_VERSION = 5.0;
				TARGETED_DEVICE_FAMILY = 1;
			};
			name = Release;
		};
		9AB122412519D46500A300D7 /* Debug */ = {
			isa = XCBuildConfiguration;
			buildSettings = {
				BUNDLE_LOADER = "$(TEST_HOST)";
				CODE_SIGN_STYLE = Automatic;
				DEVELOPMENT_TEAM = 4XJM4GSZPH;
				INFOPLIST_FILE = FilmsAppSUITests/Info.plist;
				IPHONEOS_DEPLOYMENT_TARGET = 14.0;
				LD_RUNPATH_SEARCH_PATHS = (
					"$(inherited)",
					"@executable_path/Frameworks",
					"@loader_path/Frameworks",
				);
				PRODUCT_BUNDLE_IDENTIFIER = myApps.FilmsAppSUITests;
				PRODUCT_NAME = "$(TARGET_NAME)";
				SWIFT_VERSION = 5.0;
				TARGETED_DEVICE_FAMILY = "1,2";
				TEST_HOST = "$(BUILT_PRODUCTS_DIR)/FilmsAppSUI.app/FilmsAppSUI";
			};
			name = Debug;
		};
		9AB122422519D46500A300D7 /* Release */ = {
			isa = XCBuildConfiguration;
			buildSettings = {
				BUNDLE_LOADER = "$(TEST_HOST)";
				CODE_SIGN_STYLE = Automatic;
				DEVELOPMENT_TEAM = 4XJM4GSZPH;
				INFOPLIST_FILE = FilmsAppSUITests/Info.plist;
				IPHONEOS_DEPLOYMENT_TARGET = 14.0;
				LD_RUNPATH_SEARCH_PATHS = (
					"$(inherited)",
					"@executable_path/Frameworks",
					"@loader_path/Frameworks",
				);
				PRODUCT_BUNDLE_IDENTIFIER = myApps.FilmsAppSUITests;
				PRODUCT_NAME = "$(TARGET_NAME)";
				SWIFT_VERSION = 5.0;
				TARGETED_DEVICE_FAMILY = "1,2";
				TEST_HOST = "$(BUILT_PRODUCTS_DIR)/FilmsAppSUI.app/FilmsAppSUI";
			};
			name = Release;
		};
/* End XCBuildConfiguration section */

/* Begin XCConfigurationList section */
		9A4AABCF24F9325D009E1817 /* Build configuration list for PBXProject "FilmsAppSUI" */ = {
			isa = XCConfigurationList;
			buildConfigurations = (
				9A4AABE624F93261009E1817 /* Debug */,
				9A4AABE724F93261009E1817 /* Release */,
			);
			defaultConfigurationIsVisible = 0;
			defaultConfigurationName = Release;
		};
		9A4AABE824F93261009E1817 /* Build configuration list for PBXNativeTarget "FilmsAppSUI" */ = {
			isa = XCConfigurationList;
			buildConfigurations = (
				9A4AABE924F93261009E1817 /* Debug */,
				9A4AABEA24F93261009E1817 /* Release */,
			);
			defaultConfigurationIsVisible = 0;
			defaultConfigurationName = Release;
		};
		9AB122402519D46500A300D7 /* Build configuration list for PBXNativeTarget "FilmsAppSUITests" */ = {
			isa = XCConfigurationList;
			buildConfigurations = (
				9AB122412519D46500A300D7 /* Debug */,
				9AB122422519D46500A300D7 /* Release */,
			);
			defaultConfigurationIsVisible = 0;
			defaultConfigurationName = Release;
		};
/* End XCConfigurationList section */

/* Begin XCRemoteSwiftPackageReference section */
		9A08BCD3250268CE00268128 /* XCRemoteSwiftPackageReference "Kingfisher" */ = {
			isa = XCRemoteSwiftPackageReference;
			repositoryURL = "https://github.com/onevcat/Kingfisher.git";
			requirement = {
				kind = upToNextMajorVersion;
				minimumVersion = 5.15.0;
			};
		};
		9A08BD14250744BB00268128 /* XCRemoteSwiftPackageReference "Moya" */ = {
			isa = XCRemoteSwiftPackageReference;
			repositoryURL = "https://github.com/Moya/Moya.git";
			requirement = {
				kind = upToNextMajorVersion;
				minimumVersion = 14.0.0;
			};
		};
		9ACDE0DE252A031700C4A7F3 /* XCRemoteSwiftPackageReference "lottie-ios" */ = {
			isa = XCRemoteSwiftPackageReference;
			repositoryURL = "https://github.com/airbnb/lottie-ios";
			requirement = {
				kind = upToNextMajorVersion;
				minimumVersion = 3.1.8;
			};
		};
/* End XCRemoteSwiftPackageReference section */

/* Begin XCSwiftPackageProductDependency section */
		9A08BCD4250268CE00268128 /* KingfisherSwiftUI */ = {
			isa = XCSwiftPackageProductDependency;
			package = 9A08BCD3250268CE00268128 /* XCRemoteSwiftPackageReference "Kingfisher" */;
			productName = KingfisherSwiftUI;
		};
		9A08BD15250744BB00268128 /* Moya */ = {
			isa = XCSwiftPackageProductDependency;
			package = 9A08BD14250744BB00268128 /* XCRemoteSwiftPackageReference "Moya" */;
			productName = Moya;
		};
		9ACDE0DF252A031700C4A7F3 /* Lottie */ = {
			isa = XCSwiftPackageProductDependency;
			package = 9ACDE0DE252A031700C4A7F3 /* XCRemoteSwiftPackageReference "lottie-ios" */;
			productName = Lottie;
		};
/* End XCSwiftPackageProductDependency section */
	};
	rootObject = 9A4AABCC24F9325D009E1817 /* Project object */;
}
